Microsoft Visual Studio Solution File, Format Version 12.00
# Visual Studio Version 16
VisualStudioVersion = 16.0.28917.181
MinimumVisualStudioVersion = 10.0.40219.1
Project("{2150E333-8FDC-42A3-9474-1A3956D46DE8}") = "src", "src", "{F1B4AAEF-9162-4DFA-8B62-4069FC914839}"
EndProject
Project("{2150E333-8FDC-42A3-9474-1A3956D46DE8}") = "KissU.Hosts", "KissU.Hosts", "{B4367C3C-5645-40C3-953C-466D82432072}"
EndProject
Project("{2150E333-8FDC-42A3-9474-1A3956D46DE8}") = "KissU.Applications", "KissU.Applications", "{C1026A33-6D55-42E1-91C5-1B2AEC36CA56}"
EndProject
Project("{9A19103F-16F7-4668-BE54-9A1E7A4F7556}") = "KissU.AdminConsole", "src\KissU.Applications\KissU.AdminConsole\KissU.AdminConsole.csproj", "{FBC03913-23B0-4A50-A8E7-4804A2FDAC09}"
EndProject
Project("{2150E333-8FDC-42A3-9474-1A3956D46DE8}") = "test", "test", "{E3E518B5-6245-411E-BBB0-9421D5085890}"
EndProject
Project("{2150E333-8FDC-42A3-9474-1A3956D46DE8}") = "Solution Items", "Solution Items", "{799314DF-9314-4D56-88FB-0875A6D9FA01}"
	ProjectSection(SolutionItems) = preProject
		.env = .env
		DockerfileSolutionRestore.ps1 = DockerfileSolutionRestore.ps1
		DockerfileSolutionRestore.txt = DockerfileSolutionRestore.txt
		NuGet.config = NuGet.config
	EndProjectSection
EndProject
Project("{E53339B2-1760-4266-BCC7-CA923CBCF16C}") = "docker-compose", "docker-compose.dcproj", "{117D3803-8937-4A28-B296-46BBF945FD7B}"
EndProject
Project("{2150E333-8FDC-42A3-9474-1A3956D46DE8}") = "KissU.Moduls", "KissU.Moduls", "{EBA864A3-39C4-4279-A823-35BA7EF2469A}"
EndProject
Project("{9A19103F-16F7-4668-BE54-9A1E7A4F7556}") = "KissU.Modules.BookStore.Domain", "src\KissU.Modules\KissU.Modules.BookStore\src\KissU.Modules.BookStore.Domain\KissU.Modules.BookStore.Domain.csproj", "{65AC1CC0-6973-4A72-AFE2-9B3016F490D9}"
EndProject
Project("{9A19103F-16F7-4668-BE54-9A1E7A4F7556}") = "KissU.Modules.BookStore.Application.Contracts", "src\KissU.Modules\KissU.Modules.BookStore\src\KissU.Modules.BookStore.Application.Contracts\KissU.Modules.BookStore.Application.Contracts.csproj", "{11737128-2080-4606-A376-5817E8993F23}"
EndProject
Project("{9A19103F-16F7-4668-BE54-9A1E7A4F7556}") = "KissU.Modules.BookStore.Application", "src\KissU.Modules\KissU.Modules.BookStore\src\KissU.Modules.BookStore.Application\KissU.Modules.BookStore.Application.csproj", "{3256C859-E509-4EB7-BC2D-97174509F775}"
EndProject
Project("{9A19103F-16F7-4668-BE54-9A1E7A4F7556}") = "KissU.Modules.BookStore.Domain.Shared", "src\KissU.Modules\KissU.Modules.BookStore\src\KissU.Modules.BookStore.Domain.Shared\KissU.Modules.BookStore.Domain.Shared.csproj", "{15E0BE89-99B4-4DC5-9129-7F3B4A3F10DC}"
EndProject
Project("{9A19103F-16F7-4668-BE54-9A1E7A4F7556}") = "KissU.Modules.BookStore.EntityFrameworkCore", "src\KissU.Modules\KissU.Modules.BookStore\src\KissU.Modules.BookStore.EntityFrameworkCore\KissU.Modules.BookStore.EntityFrameworkCore.csproj", "{D7864EA2-4E32-4858-B77A-DA63DEF9B059}"
EndProject
Project("{2150E333-8FDC-42A3-9474-1A3956D46DE8}") = "src", "src", "{1D34F083-4723-4647-8B3D-AA9727CA29CB}"
EndProject
Project("{2150E333-8FDC-42A3-9474-1A3956D46DE8}") = "KissU.Modules.BookStore", "KissU.Modules.BookStore", "{BF84573E-E924-4BB4-A11A-FD6460A6BE9B}"
EndProject
Project("{2150E333-8FDC-42A3-9474-1A3956D46DE8}") = "KissU.Modules.AdminConsole", "KissU.Modules.AdminConsole", "{EF35C8F2-A4AB-4192-9670-70FDCD1DDF4A}"
EndProject
Project("{2150E333-8FDC-42A3-9474-1A3956D46DE8}") = "KissU.Modules.GreatWall", "KissU.Modules.GreatWall", "{5D3F268F-BB9A-4998-8397-038BFF2414AB}"
EndProject
Project("{2150E333-8FDC-42A3-9474-1A3956D46DE8}") = "KissU.Modules.IdentityServer", "KissU.Modules.IdentityServer", "{968CAE3C-C6AA-4216-A7D5-35ED4B76BC81}"
EndProject
Project("{2150E333-8FDC-42A3-9474-1A3956D46DE8}") = "KissU.Modules.Sample", "KissU.Modules.Sample", "{B8356EAF-814D-42E0-8749-E79FBFDB2325}"
EndProject
Project("{2150E333-8FDC-42A3-9474-1A3956D46DE8}") = "test", "test", "{5D487DC6-2953-46AA-A458-66AD5152E946}"
EndProject
Project("{2150E333-8FDC-42A3-9474-1A3956D46DE8}") = "src", "src", "{B5F8886E-F687-4B54-8919-B70EFB79435A}"
EndProject
Project("{2150E333-8FDC-42A3-9474-1A3956D46DE8}") = "src", "src", "{60FA31BF-D9D4-4215-A7E3-A3068504F828}"
EndProject
Project("{2150E333-8FDC-42A3-9474-1A3956D46DE8}") = "src", "src", "{FD143243-F931-4DCF-BD88-5EECC179F68C}"
EndProject
Project("{2150E333-8FDC-42A3-9474-1A3956D46DE8}") = "src", "src", "{81D1D261-8B65-4A8B-B5EC-DA641001AE90}"
EndProject
Project("{2150E333-8FDC-42A3-9474-1A3956D46DE8}") = "test", "test", "{CAC5ECA3-96A2-42AF-98E8-22C068B2DF5C}"
EndProject
Project("{2150E333-8FDC-42A3-9474-1A3956D46DE8}") = "test", "test", "{D5FBF759-A1DC-46E7-AF16-399BA70894BE}"
EndProject
Project("{2150E333-8FDC-42A3-9474-1A3956D46DE8}") = "test", "test", "{DD551340-F47E-495C-90FA-975C32942218}"
EndProject
Project("{2150E333-8FDC-42A3-9474-1A3956D46DE8}") = "test", "test", "{07A6C010-4327-4C81-8688-B2399F8D45BE}"
EndProject
Project("{9A19103F-16F7-4668-BE54-9A1E7A4F7556}") = "KissU.Modules.SampleA.Service", "src\KissU.Modules\KissU.Modules.Sample\src\KissU.Modules.SampleA.Service\KissU.Modules.SampleA.Service.csproj", "{7543E343-E930-43A5-A738-A8D85BB6E951}"
EndProject
Project("{9A19103F-16F7-4668-BE54-9A1E7A4F7556}") = "KissU.Modules.SampleA.Service.Contracts", "src\KissU.Modules\KissU.Modules.Sample\src\KissU.Modules.SampleA.Service.Contracts\KissU.Modules.SampleA.Service.Contracts.csproj", "{AC9516AB-56AD-4D81-B53A-CCE2D640B564}"
EndProject
Project("{9A19103F-16F7-4668-BE54-9A1E7A4F7556}") = "KissU.Modules.SampleB.Service", "src\KissU.Modules\KissU.Modules.Sample\src\KissU.Modules.SampleB.Service\KissU.Modules.SampleB.Service.csproj", "{9B809F3E-5912-4518-9769-4510DCA238E4}"
EndProject
Project("{9A19103F-16F7-4668-BE54-9A1E7A4F7556}") = "KissU.Modules.SampleB.Service.Contracts", "src\KissU.Modules\KissU.Modules.Sample\src\KissU.Modules.SampleB.Service.Contracts\KissU.Modules.SampleB.Service.Contracts.csproj", "{AC3A4B16-E84B-4F7F-9F89-EE6648F329C8}"
EndProject
Project("{9A19103F-16F7-4668-BE54-9A1E7A4F7556}") = "KissU.Modules.IdentityServer.Application", "src\KissU.Modules\KissU.Modules.IdentityServer\src\KissU.Modules.IdentityServer.Application\KissU.Modules.IdentityServer.Application.csproj", "{4060F4DE-CAAA-4E61-B4DE-6D4094513724}"
EndProject
Project("{9A19103F-16F7-4668-BE54-9A1E7A4F7556}") = "KissU.Modules.IdentityServer.Application.Contracts", "src\KissU.Modules\KissU.Modules.IdentityServer\src\KissU.Modules.IdentityServer.Application.Contracts\KissU.Modules.IdentityServer.Application.Contracts.csproj", "{A9BCDE67-029D-4C96-A1A6-F3AE884391AB}"
EndProject
Project("{9A19103F-16F7-4668-BE54-9A1E7A4F7556}") = "KissU.Modules.IdentityServer.Data", "src\KissU.Modules\KissU.Modules.IdentityServer\src\KissU.Modules.IdentityServer.Data\KissU.Modules.IdentityServer.Data.csproj", "{8CB88448-14A1-4218-9E69-CDE061B87638}"
EndProject
Project("{9A19103F-16F7-4668-BE54-9A1E7A4F7556}") = "KissU.Modules.IdentityServer.DbMigrator", "src\KissU.Modules\KissU.Modules.IdentityServer\src\KissU.Modules.IdentityServer.DbMigrator\KissU.Modules.IdentityServer.DbMigrator.csproj", "{93A5F0D7-D9AC-411A-9FFB-A91E817C9028}"
EndProject
Project("{9A19103F-16F7-4668-BE54-9A1E7A4F7556}") = "KissU.Modules.IdentityServer.Domain", "src\KissU.Modules\KissU.Modules.IdentityServer\src\KissU.Modules.IdentityServer.Domain\KissU.Modules.IdentityServer.Domain.csproj", "{0FA33120-7634-42AF-85B5-F6C2734ECB19}"
EndProject
Project("{9A19103F-16F7-4668-BE54-9A1E7A4F7556}") = "KissU.Modules.IdentityServer.Service", "src\KissU.Modules\KissU.Modules.IdentityServer\src\KissU.Modules.IdentityServer.Service\KissU.Modules.IdentityServer.Service.csproj", "{A5197CE9-61D4-47D9-9D2D-71905EDDA2F8}"
EndProject
Project("{9A19103F-16F7-4668-BE54-9A1E7A4F7556}") = "KissU.Modules.IdentityServer.Domain.Shared", "src\KissU.Modules\KissU.Modules.IdentityServer\src\KissU.Modules.IdentityServer.Domain.Shared\KissU.Modules.IdentityServer.Domain.Shared.csproj", "{C0809ED9-2FC4-481D-8763-F904F59F01C5}"
EndProject
Project("{9A19103F-16F7-4668-BE54-9A1E7A4F7556}") = "KissU.Modules.IdentityServer.Service.Contracts", "src\KissU.Modules\KissU.Modules.IdentityServer\src\KissU.Modules.IdentityServer.Service.Contracts\KissU.Modules.IdentityServer.Service.Contracts.csproj", "{D696E182-B0E2-4AB4-8C37-4F5265106057}"
EndProject
Project("{9A19103F-16F7-4668-BE54-9A1E7A4F7556}") = "KissU.Modules.AdminConsole.Service", "src\KissU.Modules\KissU.Modules.AdminConsole\src\KissU.Modules.AdminConsole.Service\KissU.Modules.AdminConsole.Service.csproj", "{9DF8BCB3-C70F-412F-A1D8-1CDEA44B0A92}"
EndProject
Project("{9A19103F-16F7-4668-BE54-9A1E7A4F7556}") = "KissU.Modules.AdminConsole.Service.Contracts", "src\KissU.Modules\KissU.Modules.AdminConsole\src\KissU.Modules.AdminConsole.Service.Contracts\KissU.Modules.AdminConsole.Service.Contracts.csproj", "{5EA4ABD9-008B-4780-837C-527EA45715C7}"
EndProject
Project("{9A19103F-16F7-4668-BE54-9A1E7A4F7556}") = "KissU.Modules.GreatWall.Application", "src\KissU.Modules\KissU.Modules.GreatWall\src\KissU.Modules.GreatWall.Application\KissU.Modules.GreatWall.Application.csproj", "{8E05CC3A-5C81-4B0A-80DA-25C0BA877CF8}"
EndProject
Project("{9A19103F-16F7-4668-BE54-9A1E7A4F7556}") = "KissU.Modules.GreatWall.Application.Contracts", "src\KissU.Modules\KissU.Modules.GreatWall\src\KissU.Modules.GreatWall.Application.Contracts\KissU.Modules.GreatWall.Application.Contracts.csproj", "{8ADDE7A2-F7EC-4EF0-B2E5-A9087B455BF5}"
EndProject
Project("{9A19103F-16F7-4668-BE54-9A1E7A4F7556}") = "KissU.Modules.GreatWall.Data", "src\KissU.Modules\KissU.Modules.GreatWall\src\KissU.Modules.GreatWall.Data\KissU.Modules.GreatWall.Data.csproj", "{B17C8162-B2C3-46F7-BF14-4E7DFA9F70F7}"
EndProject
Project("{9A19103F-16F7-4668-BE54-9A1E7A4F7556}") = "KissU.Modules.GreatWall.DbMigrator", "src\KissU.Modules\KissU.Modules.GreatWall\src\KissU.Modules.GreatWall.DbMigrator\KissU.Modules.GreatWall.DbMigrator.csproj", "{178A18AE-5E4E-4B27-85C7-A1593E8CBE7B}"
EndProject
Project("{9A19103F-16F7-4668-BE54-9A1E7A4F7556}") = "KissU.Modules.GreatWall.Domain", "src\KissU.Modules\KissU.Modules.GreatWall\src\KissU.Modules.GreatWall.Domain\KissU.Modules.GreatWall.Domain.csproj", "{9D9D3CC8-E197-4239-97D1-8A02AF54B925}"
EndProject
Project("{9A19103F-16F7-4668-BE54-9A1E7A4F7556}") = "KissU.Modules.GreatWall.Domain.Shared", "src\KissU.Modules\KissU.Modules.GreatWall\src\KissU.Modules.GreatWall.Domain.Shared\KissU.Modules.GreatWall.Domain.Shared.csproj", "{2E0689FB-A6FB-41E3-8896-528673B6E73A}"
EndProject
Project("{9A19103F-16F7-4668-BE54-9A1E7A4F7556}") = "KissU.Modules.GreatWall.Service", "src\KissU.Modules\KissU.Modules.GreatWall\src\KissU.Modules.GreatWall.Service\KissU.Modules.GreatWall.Service.csproj", "{2ED36C31-41A7-408C-B5AC-5410BB58D589}"
EndProject
Project("{9A19103F-16F7-4668-BE54-9A1E7A4F7556}") = "KissU.Modules.GreatWall.Service.Contracts", "src\KissU.Modules\KissU.Modules.GreatWall\src\KissU.Modules.GreatWall.Service.Contracts\KissU.Modules.GreatWall.Service.Contracts.csproj", "{8B6A0256-D359-4F9A-A6BE-10FC18554B7F}"
EndProject
Project("{9A19103F-16F7-4668-BE54-9A1E7A4F7556}") = "KissU.Modules.BookStore.Application.Tests", "src\KissU.Modules\KissU.Modules.BookStore\test\KissU.Modules.BookStore.Application.Tests\KissU.Modules.BookStore.Application.Tests.csproj", "{875F3E66-96D3-4AC4-B471-FB3F21772517}"
EndProject
Project("{9A19103F-16F7-4668-BE54-9A1E7A4F7556}") = "KissU.Modules.BookStore.Domain.Tests", "src\KissU.Modules\KissU.Modules.BookStore\test\KissU.Modules.BookStore.Domain.Tests\KissU.Modules.BookStore.Domain.Tests.csproj", "{E6030D3C-68D8-45E2-B032-65DD93EC56DF}"
EndProject
Project("{9A19103F-16F7-4668-BE54-9A1E7A4F7556}") = "KissU.Modules.BookStore.EntityFrameworkCore.Tests", "src\KissU.Modules\KissU.Modules.BookStore\test\KissU.Modules.BookStore.EntityFrameworkCore.Tests\KissU.Modules.BookStore.EntityFrameworkCore.Tests.csproj", "{A1F502F2-E373-433D-B1DC-7B66D2DD4201}"
EndProject
Project("{9A19103F-16F7-4668-BE54-9A1E7A4F7556}") = "KissU.Modules.BookStore.TestBase", "src\KissU.Modules\KissU.Modules.BookStore\test\KissU.Modules.BookStore.TestBase\KissU.Modules.BookStore.TestBase.csproj", "{56FDA402-3B5A-4E0E-A295-2C6864A98A7E}"
EndProject
Project("{9A19103F-16F7-4668-BE54-9A1E7A4F7556}") = "KissU.Client", "src\KissU.Applications\KissU.Client\KissU.Client.csproj", "{7DCFF6A7-4C79-42E2-AC2A-5CFD8B0BC87B}"
EndProject
Project("{9A19103F-16F7-4668-BE54-9A1E7A4F7556}") = "KissU.Web", "src\KissU.Applications\KissU.Web\KissU.Web.csproj", "{0A5F4457-1120-4645-80AB-D6B5B81F6BC8}"
EndProject
Project("{9A19103F-16F7-4668-BE54-9A1E7A4F7556}") = "KissU.Identity", "src\KissU.Applications\KissU.Identity\KissU.Identity.csproj", "{22D08287-B94C-49F6-AA2F-D7FF608B1601}"
EndProject
Project("{9A19103F-16F7-4668-BE54-9A1E7A4F7556}") = "KissU.Modules.BookStore.DbMigrator", "src\KissU.Modules\KissU.Modules.BookStore\src\KissU.Modules.BookStore.DbMigrator\KissU.Modules.BookStore.DbMigrator.csproj", "{14A955D2-DCD7-4A42-BC0C-0AF3ACE08C78}"
EndProject
Project("{9A19103F-16F7-4668-BE54-9A1E7A4F7556}") = "KissU.Modules.BookStore.EntityFrameworkCore.DbMigrations", "src\KissU.Modules\KissU.Modules.BookStore\src\KissU.Modules.BookStore.EntityFrameworkCore.DbMigrations\KissU.Modules.BookStore.EntityFrameworkCore.DbMigrations.csproj", "{772BCAA7-DD5A-485D-9D5F-BD7E34EC6E27}"
EndProject
Project("{2150E333-8FDC-42A3-9474-1A3956D46DE8}") = "KissU.Modules.Identity", "KissU.Modules.Identity", "{CD47BD54-73E8-429E-90D4-D130E0D6F12D}"
EndProject
Project("{9A19103F-16F7-4668-BE54-9A1E7A4F7556}") = "Volo.Abp.Identity.Application", "src\KissU.Modules\KissU.Modules.Identity\src\Volo.Abp.Identity.Application\Volo.Abp.Identity.Application.csproj", "{B9477F7F-C627-46BE-88A2-41BBF2C5FCE0}"
EndProject
Project("{9A19103F-16F7-4668-BE54-9A1E7A4F7556}") = "Volo.Abp.Identity.Application.Contracts", "src\KissU.Modules\KissU.Modules.Identity\src\Volo.Abp.Identity.Application.Contracts\Volo.Abp.Identity.Application.Contracts.csproj", "{DEF5ECFF-1385-465A-B0E1-14919DF93994}"
EndProject
Project("{9A19103F-16F7-4668-BE54-9A1E7A4F7556}") = "Volo.Abp.Identity.AspNetCore", "src\KissU.Modules\KissU.Modules.Identity\src\Volo.Abp.Identity.AspNetCore\Volo.Abp.Identity.AspNetCore.csproj", "{80A5EA5C-8DBD-4684-8BC1-4A867E169AE0}"
EndProject
Project("{9A19103F-16F7-4668-BE54-9A1E7A4F7556}") = "Volo.Abp.Identity.Domain", "src\KissU.Modules\KissU.Modules.Identity\src\Volo.Abp.Identity.Domain\Volo.Abp.Identity.Domain.csproj", "{E62EA20D-32B8-4214-BA46-438C43271077}"
EndProject
Project("{9A19103F-16F7-4668-BE54-9A1E7A4F7556}") = "Volo.Abp.Identity.Domain.Shared", "src\KissU.Modules\KissU.Modules.Identity\src\Volo.Abp.Identity.Domain.Shared\Volo.Abp.Identity.Domain.Shared.csproj", "{67A585E3-B50C-48C1-A61B-440FBDE02CDC}"
EndProject
Project("{9A19103F-16F7-4668-BE54-9A1E7A4F7556}") = "Volo.Abp.Identity.EntityFrameworkCore", "src\KissU.Modules\KissU.Modules.Identity\src\Volo.Abp.Identity.EntityFrameworkCore\Volo.Abp.Identity.EntityFrameworkCore.csproj", "{AD439C17-7375-4427-BEBB-890A717A3A69}"
EndProject
Project("{9A19103F-16F7-4668-BE54-9A1E7A4F7556}") = "Volo.Abp.Identity.HttpApi", "src\KissU.Modules\KissU.Modules.Identity\src\Volo.Abp.Identity.HttpApi\Volo.Abp.Identity.HttpApi.csproj", "{A8ADC837-A74E-4DF2-BBAC-A0DAF875A989}"
EndProject
Project("{2150E333-8FDC-42A3-9474-1A3956D46DE8}") = "KissU.Modules.Users", "KissU.Modules.Users", "{D25E2AA4-18F8-45BE-BA39-C7014B0FD884}"
EndProject
Project("{9A19103F-16F7-4668-BE54-9A1E7A4F7556}") = "Volo.Abp.Users.Domain.Shared", "src\KissU.Modules\KissU.Modules.Users\src\Volo.Abp.Users.Domain.Shared\Volo.Abp.Users.Domain.Shared.csproj", "{7760DC15-F7D0-4380-8704-22931B4A0F2C}"
EndProject
Project("{9A19103F-16F7-4668-BE54-9A1E7A4F7556}") = "Volo.Abp.Users.Domain", "src\KissU.Modules\KissU.Modules.Users\src\Volo.Abp.Users.Domain\Volo.Abp.Users.Domain.csproj", "{14F56C6E-3D30-43CA-9751-84B4F37BAF12}"
EndProject
Project("{9A19103F-16F7-4668-BE54-9A1E7A4F7556}") = "Volo.Abp.Users.Abstractions", "src\KissU.Modules\KissU.Modules.Users\src\Volo.Abp.Users.Abstractions\Volo.Abp.Users.Abstractions.csproj", "{0BB92E25-884E-4292-BC13-7FE9A635B219}"
EndProject
Project("{9A19103F-16F7-4668-BE54-9A1E7A4F7556}") = "Volo.Abp.Users.EntityFrameworkCore", "src\KissU.Modules\KissU.Modules.Users\src\Volo.Abp.Users.EntityFrameworkCore\Volo.Abp.Users.EntityFrameworkCore.csproj", "{DA067D4E-E17D-4361-9A46-D874DFBE2410}"
EndProject
Project("{2150E333-8FDC-42A3-9474-1A3956D46DE8}") = "src", "src", "{644FBB28-44AD-4FE2-9111-B0DD63B845E1}"
EndProject
Project("{2150E333-8FDC-42A3-9474-1A3956D46DE8}") = "test", "test", "{7C773681-028A-4555-8126-D6EBE9776E1E}"
EndProject
Project("{2150E333-8FDC-42A3-9474-1A3956D46DE8}") = "KissU.Modules.PermissionManagement", "KissU.Modules.PermissionManagement", "{69EB30B4-C687-4624-AB71-19FDF63C4AD6}"
EndProject
Project("{9A19103F-16F7-4668-BE54-9A1E7A4F7556}") = "Volo.Abp.PermissionManagement.Domain", "src\KissU.Modules\KissU.Modules.PermissionManagement\src\Volo.Abp.PermissionManagement.Domain\Volo.Abp.PermissionManagement.Domain.csproj", "{61B119E6-72C2-4888-9615-116E123669F7}"
EndProject
Project("{9A19103F-16F7-4668-BE54-9A1E7A4F7556}") = "Volo.Abp.PermissionManagement.Application.Contracts", "src\KissU.Modules\KissU.Modules.PermissionManagement\src\Volo.Abp.PermissionManagement.Application.Contracts\Volo.Abp.PermissionManagement.Application.Contracts.csproj", "{D0A60375-01CE-448E-B7A0-2DBE4A95C61C}"
EndProject
Project("{9A19103F-16F7-4668-BE54-9A1E7A4F7556}") = "Volo.Abp.PermissionManagement.Application", "src\KissU.Modules\KissU.Modules.PermissionManagement\src\Volo.Abp.PermissionManagement.Application\Volo.Abp.PermissionManagement.Application.csproj", "{36B23CE1-B383-4FFB-894C-FC0CAB9421F7}"
EndProject
Project("{9A19103F-16F7-4668-BE54-9A1E7A4F7556}") = "Volo.Abp.PermissionManagement.Domain.Shared", "src\KissU.Modules\KissU.Modules.PermissionManagement\src\Volo.Abp.PermissionManagement.Domain.Shared\Volo.Abp.PermissionManagement.Domain.Shared.csproj", "{F2434457-4BD3-480F-A99B-C3E9DD2BDB21}"
EndProject
Project("{9A19103F-16F7-4668-BE54-9A1E7A4F7556}") = "Volo.Abp.PermissionManagement.EntityFrameworkCore", "src\KissU.Modules\KissU.Modules.PermissionManagement\src\Volo.Abp.PermissionManagement.EntityFrameworkCore\Volo.Abp.PermissionManagement.EntityFrameworkCore.csproj", "{8282F13C-F805-453A-8D64-A61E5BD9AA23}"
EndProject
Project("{2150E333-8FDC-42A3-9474-1A3956D46DE8}") = "KissU.Services", "KissU.Services", "{E880983F-DEEE-47E5-B92C-5E01994E0E52}"
EndProject
Project("{9A19103F-16F7-4668-BE54-9A1E7A4F7556}") = "KissU.Services.Host", "src\KissU.Hosts\KissU.Services.Host\KissU.Services.Host.csproj", "{AFA25219-BABB-4237-B259-07E79112C24E}"
EndProject
Project("{9A19103F-16F7-4668-BE54-9A1E7A4F7556}") = "KissU.Services.Identity", "src\KissU.Hosts\KissU.Services.Identity\KissU.Services.Identity.csproj", "{88EDCD21-52F2-45FC-A873-FBB0B6E6EB8D}"
EndProject
Project("{9A19103F-16F7-4668-BE54-9A1E7A4F7556}") = "KissU.Services.Stage", "src\KissU.Hosts\KissU.Services.Stage\KissU.Services.Stage.csproj", "{CB9568C4-1CF3-479B-AA67-C04D7000C265}"
EndProject
Project("{9A19103F-16F7-4668-BE54-9A1E7A4F7556}") = "KissU.Modules.BookStore.Service", "src\KissU.Services\KissU.Modules.BookStore.Service\KissU.Modules.BookStore.Service.csproj", "{7F661CB2-2FCD-4EFD-90D0-FBDFB8FA380A}"
EndProject
Project("{9A19103F-16F7-4668-BE54-9A1E7A4F7556}") = "KissU.Modules.BookStore.Service.Contracts", "src\KissU.Services\KissU.Modules.BookStore.Service.Contracts\KissU.Modules.BookStore.Service.Contracts.csproj", "{1E6C3CAE-6539-4219-B341-EC02BAC15581}"
EndProject
Global
	GlobalSection(SolutionConfigurationPlatforms) = preSolution
		Debug|Any CPU = Debug|Any CPU
		Release|Any CPU = Release|Any CPU
	EndGlobalSection
	GlobalSection(ProjectConfigurationPlatforms) = postSolution
		{FBC03913-23B0-4A50-A8E7-4804A2FDAC09}.Debug|Any CPU.ActiveCfg = Debug|Any CPU
		{FBC03913-23B0-4A50-A8E7-4804A2FDAC09}.Debug|Any CPU.Build.0 = Debug|Any CPU
		{FBC03913-23B0-4A50-A8E7-4804A2FDAC09}.Release|Any CPU.ActiveCfg = Release|Any CPU
		{FBC03913-23B0-4A50-A8E7-4804A2FDAC09}.Release|Any CPU.Build.0 = Release|Any CPU
		{117D3803-8937-4A28-B296-46BBF945FD7B}.Debug|Any CPU.ActiveCfg = Debug|Any CPU
		{117D3803-8937-4A28-B296-46BBF945FD7B}.Debug|Any CPU.Build.0 = Debug|Any CPU
		{117D3803-8937-4A28-B296-46BBF945FD7B}.Release|Any CPU.ActiveCfg = Release|Any CPU
		{117D3803-8937-4A28-B296-46BBF945FD7B}.Release|Any CPU.Build.0 = Release|Any CPU
		{65AC1CC0-6973-4A72-AFE2-9B3016F490D9}.Debug|Any CPU.ActiveCfg = Debug|Any CPU
		{65AC1CC0-6973-4A72-AFE2-9B3016F490D9}.Debug|Any CPU.Build.0 = Debug|Any CPU
		{65AC1CC0-6973-4A72-AFE2-9B3016F490D9}.Release|Any CPU.ActiveCfg = Release|Any CPU
		{65AC1CC0-6973-4A72-AFE2-9B3016F490D9}.Release|Any CPU.Build.0 = Release|Any CPU
		{11737128-2080-4606-A376-5817E8993F23}.Debug|Any CPU.ActiveCfg = Debug|Any CPU
		{11737128-2080-4606-A376-5817E8993F23}.Debug|Any CPU.Build.0 = Debug|Any CPU
		{11737128-2080-4606-A376-5817E8993F23}.Release|Any CPU.ActiveCfg = Release|Any CPU
		{11737128-2080-4606-A376-5817E8993F23}.Release|Any CPU.Build.0 = Release|Any CPU
		{3256C859-E509-4EB7-BC2D-97174509F775}.Debug|Any CPU.ActiveCfg = Debug|Any CPU
		{3256C859-E509-4EB7-BC2D-97174509F775}.Debug|Any CPU.Build.0 = Debug|Any CPU
		{3256C859-E509-4EB7-BC2D-97174509F775}.Release|Any CPU.ActiveCfg = Release|Any CPU
		{3256C859-E509-4EB7-BC2D-97174509F775}.Release|Any CPU.Build.0 = Release|Any CPU
		{15E0BE89-99B4-4DC5-9129-7F3B4A3F10DC}.Debug|Any CPU.ActiveCfg = Debug|Any CPU
		{15E0BE89-99B4-4DC5-9129-7F3B4A3F10DC}.Debug|Any CPU.Build.0 = Debug|Any CPU
		{15E0BE89-99B4-4DC5-9129-7F3B4A3F10DC}.Release|Any CPU.ActiveCfg = Release|Any CPU
		{15E0BE89-99B4-4DC5-9129-7F3B4A3F10DC}.Release|Any CPU.Build.0 = Release|Any CPU
		{D7864EA2-4E32-4858-B77A-DA63DEF9B059}.Debug|Any CPU.ActiveCfg = Debug|Any CPU
		{D7864EA2-4E32-4858-B77A-DA63DEF9B059}.Debug|Any CPU.Build.0 = Debug|Any CPU
		{D7864EA2-4E32-4858-B77A-DA63DEF9B059}.Release|Any CPU.ActiveCfg = Release|Any CPU
		{D7864EA2-4E32-4858-B77A-DA63DEF9B059}.Release|Any CPU.Build.0 = Release|Any CPU
		{7543E343-E930-43A5-A738-A8D85BB6E951}.Debug|Any CPU.ActiveCfg = Debug|Any CPU
		{7543E343-E930-43A5-A738-A8D85BB6E951}.Debug|Any CPU.Build.0 = Debug|Any CPU
		{7543E343-E930-43A5-A738-A8D85BB6E951}.Release|Any CPU.ActiveCfg = Release|Any CPU
		{7543E343-E930-43A5-A738-A8D85BB6E951}.Release|Any CPU.Build.0 = Release|Any CPU
		{AC9516AB-56AD-4D81-B53A-CCE2D640B564}.Debug|Any CPU.ActiveCfg = Debug|Any CPU
		{AC9516AB-56AD-4D81-B53A-CCE2D640B564}.Debug|Any CPU.Build.0 = Debug|Any CPU
		{AC9516AB-56AD-4D81-B53A-CCE2D640B564}.Release|Any CPU.ActiveCfg = Release|Any CPU
		{AC9516AB-56AD-4D81-B53A-CCE2D640B564}.Release|Any CPU.Build.0 = Release|Any CPU
		{9B809F3E-5912-4518-9769-4510DCA238E4}.Debug|Any CPU.ActiveCfg = Debug|Any CPU
		{9B809F3E-5912-4518-9769-4510DCA238E4}.Debug|Any CPU.Build.0 = Debug|Any CPU
		{9B809F3E-5912-4518-9769-4510DCA238E4}.Release|Any CPU.ActiveCfg = Release|Any CPU
		{9B809F3E-5912-4518-9769-4510DCA238E4}.Release|Any CPU.Build.0 = Release|Any CPU
		{AC3A4B16-E84B-4F7F-9F89-EE6648F329C8}.Debug|Any CPU.ActiveCfg = Debug|Any CPU
		{AC3A4B16-E84B-4F7F-9F89-EE6648F329C8}.Debug|Any CPU.Build.0 = Debug|Any CPU
		{AC3A4B16-E84B-4F7F-9F89-EE6648F329C8}.Release|Any CPU.ActiveCfg = Release|Any CPU
		{AC3A4B16-E84B-4F7F-9F89-EE6648F329C8}.Release|Any CPU.Build.0 = Release|Any CPU
		{4060F4DE-CAAA-4E61-B4DE-6D4094513724}.Debug|Any CPU.ActiveCfg = Debug|Any CPU
		{4060F4DE-CAAA-4E61-B4DE-6D4094513724}.Debug|Any CPU.Build.0 = Debug|Any CPU
		{4060F4DE-CAAA-4E61-B4DE-6D4094513724}.Release|Any CPU.ActiveCfg = Release|Any CPU
		{4060F4DE-CAAA-4E61-B4DE-6D4094513724}.Release|Any CPU.Build.0 = Release|Any CPU
		{A9BCDE67-029D-4C96-A1A6-F3AE884391AB}.Debug|Any CPU.ActiveCfg = Debug|Any CPU
		{A9BCDE67-029D-4C96-A1A6-F3AE884391AB}.Debug|Any CPU.Build.0 = Debug|Any CPU
		{A9BCDE67-029D-4C96-A1A6-F3AE884391AB}.Release|Any CPU.ActiveCfg = Release|Any CPU
		{A9BCDE67-029D-4C96-A1A6-F3AE884391AB}.Release|Any CPU.Build.0 = Release|Any CPU
		{8CB88448-14A1-4218-9E69-CDE061B87638}.Debug|Any CPU.ActiveCfg = Debug|Any CPU
		{8CB88448-14A1-4218-9E69-CDE061B87638}.Debug|Any CPU.Build.0 = Debug|Any CPU
		{8CB88448-14A1-4218-9E69-CDE061B87638}.Release|Any CPU.ActiveCfg = Release|Any CPU
		{8CB88448-14A1-4218-9E69-CDE061B87638}.Release|Any CPU.Build.0 = Release|Any CPU
		{93A5F0D7-D9AC-411A-9FFB-A91E817C9028}.Debug|Any CPU.ActiveCfg = Debug|Any CPU
		{93A5F0D7-D9AC-411A-9FFB-A91E817C9028}.Debug|Any CPU.Build.0 = Debug|Any CPU
		{93A5F0D7-D9AC-411A-9FFB-A91E817C9028}.Release|Any CPU.ActiveCfg = Release|Any CPU
		{93A5F0D7-D9AC-411A-9FFB-A91E817C9028}.Release|Any CPU.Build.0 = Release|Any CPU
		{0FA33120-7634-42AF-85B5-F6C2734ECB19}.Debug|Any CPU.ActiveCfg = Debug|Any CPU
		{0FA33120-7634-42AF-85B5-F6C2734ECB19}.Debug|Any CPU.Build.0 = Debug|Any CPU
		{0FA33120-7634-42AF-85B5-F6C2734ECB19}.Release|Any CPU.ActiveCfg = Release|Any CPU
		{0FA33120-7634-42AF-85B5-F6C2734ECB19}.Release|Any CPU.Build.0 = Release|Any CPU
		{A5197CE9-61D4-47D9-9D2D-71905EDDA2F8}.Debug|Any CPU.ActiveCfg = Debug|Any CPU
		{A5197CE9-61D4-47D9-9D2D-71905EDDA2F8}.Debug|Any CPU.Build.0 = Debug|Any CPU
		{A5197CE9-61D4-47D9-9D2D-71905EDDA2F8}.Release|Any CPU.ActiveCfg = Release|Any CPU
		{A5197CE9-61D4-47D9-9D2D-71905EDDA2F8}.Release|Any CPU.Build.0 = Release|Any CPU
		{C0809ED9-2FC4-481D-8763-F904F59F01C5}.Debug|Any CPU.ActiveCfg = Debug|Any CPU
		{C0809ED9-2FC4-481D-8763-F904F59F01C5}.Debug|Any CPU.Build.0 = Debug|Any CPU
		{C0809ED9-2FC4-481D-8763-F904F59F01C5}.Release|Any CPU.ActiveCfg = Release|Any CPU
		{C0809ED9-2FC4-481D-8763-F904F59F01C5}.Release|Any CPU.Build.0 = Release|Any CPU
		{D696E182-B0E2-4AB4-8C37-4F5265106057}.Debug|Any CPU.ActiveCfg = Debug|Any CPU
		{D696E182-B0E2-4AB4-8C37-4F5265106057}.Debug|Any CPU.Build.0 = Debug|Any CPU
		{D696E182-B0E2-4AB4-8C37-4F5265106057}.Release|Any CPU.ActiveCfg = Release|Any CPU
		{D696E182-B0E2-4AB4-8C37-4F5265106057}.Release|Any CPU.Build.0 = Release|Any CPU
		{9DF8BCB3-C70F-412F-A1D8-1CDEA44B0A92}.Debug|Any CPU.ActiveCfg = Debug|Any CPU
		{9DF8BCB3-C70F-412F-A1D8-1CDEA44B0A92}.Debug|Any CPU.Build.0 = Debug|Any CPU
		{9DF8BCB3-C70F-412F-A1D8-1CDEA44B0A92}.Release|Any CPU.ActiveCfg = Release|Any CPU
		{9DF8BCB3-C70F-412F-A1D8-1CDEA44B0A92}.Release|Any CPU.Build.0 = Release|Any CPU
		{5EA4ABD9-008B-4780-837C-527EA45715C7}.Debug|Any CPU.ActiveCfg = Debug|Any CPU
		{5EA4ABD9-008B-4780-837C-527EA45715C7}.Debug|Any CPU.Build.0 = Debug|Any CPU
		{5EA4ABD9-008B-4780-837C-527EA45715C7}.Release|Any CPU.ActiveCfg = Release|Any CPU
		{5EA4ABD9-008B-4780-837C-527EA45715C7}.Release|Any CPU.Build.0 = Release|Any CPU
		{8E05CC3A-5C81-4B0A-80DA-25C0BA877CF8}.Debug|Any CPU.ActiveCfg = Debug|Any CPU
		{8E05CC3A-5C81-4B0A-80DA-25C0BA877CF8}.Debug|Any CPU.Build.0 = Debug|Any CPU
		{8E05CC3A-5C81-4B0A-80DA-25C0BA877CF8}.Release|Any CPU.ActiveCfg = Release|Any CPU
		{8E05CC3A-5C81-4B0A-80DA-25C0BA877CF8}.Release|Any CPU.Build.0 = Release|Any CPU
		{8ADDE7A2-F7EC-4EF0-B2E5-A9087B455BF5}.Debug|Any CPU.ActiveCfg = Debug|Any CPU
		{8ADDE7A2-F7EC-4EF0-B2E5-A9087B455BF5}.Debug|Any CPU.Build.0 = Debug|Any CPU
		{8ADDE7A2-F7EC-4EF0-B2E5-A9087B455BF5}.Release|Any CPU.ActiveCfg = Release|Any CPU
		{8ADDE7A2-F7EC-4EF0-B2E5-A9087B455BF5}.Release|Any CPU.Build.0 = Release|Any CPU
		{B17C8162-B2C3-46F7-BF14-4E7DFA9F70F7}.Debug|Any CPU.ActiveCfg = Debug|Any CPU
		{B17C8162-B2C3-46F7-BF14-4E7DFA9F70F7}.Debug|Any CPU.Build.0 = Debug|Any CPU
		{B17C8162-B2C3-46F7-BF14-4E7DFA9F70F7}.Release|Any CPU.ActiveCfg = Release|Any CPU
		{B17C8162-B2C3-46F7-BF14-4E7DFA9F70F7}.Release|Any CPU.Build.0 = Release|Any CPU
		{178A18AE-5E4E-4B27-85C7-A1593E8CBE7B}.Debug|Any CPU.ActiveCfg = Debug|Any CPU
		{178A18AE-5E4E-4B27-85C7-A1593E8CBE7B}.Debug|Any CPU.Build.0 = Debug|Any CPU
		{178A18AE-5E4E-4B27-85C7-A1593E8CBE7B}.Release|Any CPU.ActiveCfg = Release|Any CPU
		{178A18AE-5E4E-4B27-85C7-A1593E8CBE7B}.Release|Any CPU.Build.0 = Release|Any CPU
		{9D9D3CC8-E197-4239-97D1-8A02AF54B925}.Debug|Any CPU.ActiveCfg = Debug|Any CPU
		{9D9D3CC8-E197-4239-97D1-8A02AF54B925}.Debug|Any CPU.Build.0 = Debug|Any CPU
		{9D9D3CC8-E197-4239-97D1-8A02AF54B925}.Release|Any CPU.ActiveCfg = Release|Any CPU
		{9D9D3CC8-E197-4239-97D1-8A02AF54B925}.Release|Any CPU.Build.0 = Release|Any CPU
		{2E0689FB-A6FB-41E3-8896-528673B6E73A}.Debug|Any CPU.ActiveCfg = Debug|Any CPU
		{2E0689FB-A6FB-41E3-8896-528673B6E73A}.Debug|Any CPU.Build.0 = Debug|Any CPU
		{2E0689FB-A6FB-41E3-8896-528673B6E73A}.Release|Any CPU.ActiveCfg = Release|Any CPU
		{2E0689FB-A6FB-41E3-8896-528673B6E73A}.Release|Any CPU.Build.0 = Release|Any CPU
		{2ED36C31-41A7-408C-B5AC-5410BB58D589}.Debug|Any CPU.ActiveCfg = Debug|Any CPU
		{2ED36C31-41A7-408C-B5AC-5410BB58D589}.Debug|Any CPU.Build.0 = Debug|Any CPU
		{2ED36C31-41A7-408C-B5AC-5410BB58D589}.Release|Any CPU.ActiveCfg = Release|Any CPU
		{2ED36C31-41A7-408C-B5AC-5410BB58D589}.Release|Any CPU.Build.0 = Release|Any CPU
		{8B6A0256-D359-4F9A-A6BE-10FC18554B7F}.Debug|Any CPU.ActiveCfg = Debug|Any CPU
		{8B6A0256-D359-4F9A-A6BE-10FC18554B7F}.Debug|Any CPU.Build.0 = Debug|Any CPU
		{8B6A0256-D359-4F9A-A6BE-10FC18554B7F}.Release|Any CPU.ActiveCfg = Release|Any CPU
		{8B6A0256-D359-4F9A-A6BE-10FC18554B7F}.Release|Any CPU.Build.0 = Release|Any CPU
		{875F3E66-96D3-4AC4-B471-FB3F21772517}.Debug|Any CPU.ActiveCfg = Debug|Any CPU
		{875F3E66-96D3-4AC4-B471-FB3F21772517}.Debug|Any CPU.Build.0 = Debug|Any CPU
		{875F3E66-96D3-4AC4-B471-FB3F21772517}.Release|Any CPU.ActiveCfg = Release|Any CPU
		{875F3E66-96D3-4AC4-B471-FB3F21772517}.Release|Any CPU.Build.0 = Release|Any CPU
		{E6030D3C-68D8-45E2-B032-65DD93EC56DF}.Debug|Any CPU.ActiveCfg = Debug|Any CPU
		{E6030D3C-68D8-45E2-B032-65DD93EC56DF}.Debug|Any CPU.Build.0 = Debug|Any CPU
		{E6030D3C-68D8-45E2-B032-65DD93EC56DF}.Release|Any CPU.ActiveCfg = Release|Any CPU
		{E6030D3C-68D8-45E2-B032-65DD93EC56DF}.Release|Any CPU.Build.0 = Release|Any CPU
		{A1F502F2-E373-433D-B1DC-7B66D2DD4201}.Debug|Any CPU.ActiveCfg = Debug|Any CPU
		{A1F502F2-E373-433D-B1DC-7B66D2DD4201}.Debug|Any CPU.Build.0 = Debug|Any CPU
		{A1F502F2-E373-433D-B1DC-7B66D2DD4201}.Release|Any CPU.ActiveCfg = Release|Any CPU
		{A1F502F2-E373-433D-B1DC-7B66D2DD4201}.Release|Any CPU.Build.0 = Release|Any CPU
		{56FDA402-3B5A-4E0E-A295-2C6864A98A7E}.Debug|Any CPU.ActiveCfg = Debug|Any CPU
		{56FDA402-3B5A-4E0E-A295-2C6864A98A7E}.Debug|Any CPU.Build.0 = Debug|Any CPU
		{56FDA402-3B5A-4E0E-A295-2C6864A98A7E}.Release|Any CPU.ActiveCfg = Release|Any CPU
		{56FDA402-3B5A-4E0E-A295-2C6864A98A7E}.Release|Any CPU.Build.0 = Release|Any CPU
		{7DCFF6A7-4C79-42E2-AC2A-5CFD8B0BC87B}.Debug|Any CPU.ActiveCfg = Debug|Any CPU
		{7DCFF6A7-4C79-42E2-AC2A-5CFD8B0BC87B}.Debug|Any CPU.Build.0 = Debug|Any CPU
		{7DCFF6A7-4C79-42E2-AC2A-5CFD8B0BC87B}.Release|Any CPU.ActiveCfg = Release|Any CPU
		{7DCFF6A7-4C79-42E2-AC2A-5CFD8B0BC87B}.Release|Any CPU.Build.0 = Release|Any CPU
		{0A5F4457-1120-4645-80AB-D6B5B81F6BC8}.Debug|Any CPU.ActiveCfg = Debug|Any CPU
		{0A5F4457-1120-4645-80AB-D6B5B81F6BC8}.Debug|Any CPU.Build.0 = Debug|Any CPU
		{0A5F4457-1120-4645-80AB-D6B5B81F6BC8}.Release|Any CPU.ActiveCfg = Release|Any CPU
		{0A5F4457-1120-4645-80AB-D6B5B81F6BC8}.Release|Any CPU.Build.0 = Release|Any CPU
		{22D08287-B94C-49F6-AA2F-D7FF608B1601}.Debug|Any CPU.ActiveCfg = Debug|Any CPU
		{22D08287-B94C-49F6-AA2F-D7FF608B1601}.Debug|Any CPU.Build.0 = Debug|Any CPU
		{22D08287-B94C-49F6-AA2F-D7FF608B1601}.Release|Any CPU.ActiveCfg = Release|Any CPU
		{22D08287-B94C-49F6-AA2F-D7FF608B1601}.Release|Any CPU.Build.0 = Release|Any CPU
		{14A955D2-DCD7-4A42-BC0C-0AF3ACE08C78}.Debug|Any CPU.ActiveCfg = Debug|Any CPU
		{14A955D2-DCD7-4A42-BC0C-0AF3ACE08C78}.Debug|Any CPU.Build.0 = Debug|Any CPU
		{14A955D2-DCD7-4A42-BC0C-0AF3ACE08C78}.Release|Any CPU.ActiveCfg = Release|Any CPU
		{14A955D2-DCD7-4A42-BC0C-0AF3ACE08C78}.Release|Any CPU.Build.0 = Release|Any CPU
		{772BCAA7-DD5A-485D-9D5F-BD7E34EC6E27}.Debug|Any CPU.ActiveCfg = Debug|Any CPU
		{772BCAA7-DD5A-485D-9D5F-BD7E34EC6E27}.Debug|Any CPU.Build.0 = Debug|Any CPU
		{772BCAA7-DD5A-485D-9D5F-BD7E34EC6E27}.Release|Any CPU.ActiveCfg = Release|Any CPU
		{772BCAA7-DD5A-485D-9D5F-BD7E34EC6E27}.Release|Any CPU.Build.0 = Release|Any CPU
		{B9477F7F-C627-46BE-88A2-41BBF2C5FCE0}.Debug|Any CPU.ActiveCfg = Debug|Any CPU
		{B9477F7F-C627-46BE-88A2-41BBF2C5FCE0}.Debug|Any CPU.Build.0 = Debug|Any CPU
		{B9477F7F-C627-46BE-88A2-41BBF2C5FCE0}.Release|Any CPU.ActiveCfg = Release|Any CPU
		{B9477F7F-C627-46BE-88A2-41BBF2C5FCE0}.Release|Any CPU.Build.0 = Release|Any CPU
		{DEF5ECFF-1385-465A-B0E1-14919DF93994}.Debug|Any CPU.ActiveCfg = Debug|Any CPU
		{DEF5ECFF-1385-465A-B0E1-14919DF93994}.Debug|Any CPU.Build.0 = Debug|Any CPU
		{DEF5ECFF-1385-465A-B0E1-14919DF93994}.Release|Any CPU.ActiveCfg = Release|Any CPU
		{DEF5ECFF-1385-465A-B0E1-14919DF93994}.Release|Any CPU.Build.0 = Release|Any CPU
		{80A5EA5C-8DBD-4684-8BC1-4A867E169AE0}.Debug|Any CPU.ActiveCfg = Debug|Any CPU
		{80A5EA5C-8DBD-4684-8BC1-4A867E169AE0}.Debug|Any CPU.Build.0 = Debug|Any CPU
		{80A5EA5C-8DBD-4684-8BC1-4A867E169AE0}.Release|Any CPU.ActiveCfg = Release|Any CPU
		{80A5EA5C-8DBD-4684-8BC1-4A867E169AE0}.Release|Any CPU.Build.0 = Release|Any CPU
		{E62EA20D-32B8-4214-BA46-438C43271077}.Debug|Any CPU.ActiveCfg = Debug|Any CPU
		{E62EA20D-32B8-4214-BA46-438C43271077}.Debug|Any CPU.Build.0 = Debug|Any CPU
		{E62EA20D-32B8-4214-BA46-438C43271077}.Release|Any CPU.ActiveCfg = Release|Any CPU
		{E62EA20D-32B8-4214-BA46-438C43271077}.Release|Any CPU.Build.0 = Release|Any CPU
		{67A585E3-B50C-48C1-A61B-440FBDE02CDC}.Debug|Any CPU.ActiveCfg = Debug|Any CPU
		{67A585E3-B50C-48C1-A61B-440FBDE02CDC}.Debug|Any CPU.Build.0 = Debug|Any CPU
		{67A585E3-B50C-48C1-A61B-440FBDE02CDC}.Release|Any CPU.ActiveCfg = Release|Any CPU
		{67A585E3-B50C-48C1-A61B-440FBDE02CDC}.Release|Any CPU.Build.0 = Release|Any CPU
		{AD439C17-7375-4427-BEBB-890A717A3A69}.Debug|Any CPU.ActiveCfg = Debug|Any CPU
		{AD439C17-7375-4427-BEBB-890A717A3A69}.Debug|Any CPU.Build.0 = Debug|Any CPU
		{AD439C17-7375-4427-BEBB-890A717A3A69}.Release|Any CPU.ActiveCfg = Release|Any CPU
		{AD439C17-7375-4427-BEBB-890A717A3A69}.Release|Any CPU.Build.0 = Release|Any CPU
		{A8ADC837-A74E-4DF2-BBAC-A0DAF875A989}.Debug|Any CPU.ActiveCfg = Debug|Any CPU
		{A8ADC837-A74E-4DF2-BBAC-A0DAF875A989}.Debug|Any CPU.Build.0 = Debug|Any CPU
		{A8ADC837-A74E-4DF2-BBAC-A0DAF875A989}.Release|Any CPU.ActiveCfg = Release|Any CPU
		{A8ADC837-A74E-4DF2-BBAC-A0DAF875A989}.Release|Any CPU.Build.0 = Release|Any CPU
		{7760DC15-F7D0-4380-8704-22931B4A0F2C}.Debug|Any CPU.ActiveCfg = Debug|Any CPU
		{7760DC15-F7D0-4380-8704-22931B4A0F2C}.Debug|Any CPU.Build.0 = Debug|Any CPU
		{7760DC15-F7D0-4380-8704-22931B4A0F2C}.Release|Any CPU.ActiveCfg = Release|Any CPU
		{7760DC15-F7D0-4380-8704-22931B4A0F2C}.Release|Any CPU.Build.0 = Release|Any CPU
		{14F56C6E-3D30-43CA-9751-84B4F37BAF12}.Debug|Any CPU.ActiveCfg = Debug|Any CPU
		{14F56C6E-3D30-43CA-9751-84B4F37BAF12}.Debug|Any CPU.Build.0 = Debug|Any CPU
		{14F56C6E-3D30-43CA-9751-84B4F37BAF12}.Release|Any CPU.ActiveCfg = Release|Any CPU
		{14F56C6E-3D30-43CA-9751-84B4F37BAF12}.Release|Any CPU.Build.0 = Release|Any CPU
		{0BB92E25-884E-4292-BC13-7FE9A635B219}.Debug|Any CPU.ActiveCfg = Debug|Any CPU
		{0BB92E25-884E-4292-BC13-7FE9A635B219}.Debug|Any CPU.Build.0 = Debug|Any CPU
		{0BB92E25-884E-4292-BC13-7FE9A635B219}.Release|Any CPU.ActiveCfg = Release|Any CPU
		{0BB92E25-884E-4292-BC13-7FE9A635B219}.Release|Any CPU.Build.0 = Release|Any CPU
		{DA067D4E-E17D-4361-9A46-D874DFBE2410}.Debug|Any CPU.ActiveCfg = Debug|Any CPU
		{DA067D4E-E17D-4361-9A46-D874DFBE2410}.Debug|Any CPU.Build.0 = Debug|Any CPU
		{DA067D4E-E17D-4361-9A46-D874DFBE2410}.Release|Any CPU.ActiveCfg = Release|Any CPU
		{DA067D4E-E17D-4361-9A46-D874DFBE2410}.Release|Any CPU.Build.0 = Release|Any CPU
		{61B119E6-72C2-4888-9615-116E123669F7}.Debug|Any CPU.ActiveCfg = Debug|Any CPU
		{61B119E6-72C2-4888-9615-116E123669F7}.Debug|Any CPU.Build.0 = Debug|Any CPU
		{61B119E6-72C2-4888-9615-116E123669F7}.Release|Any CPU.ActiveCfg = Release|Any CPU
		{61B119E6-72C2-4888-9615-116E123669F7}.Release|Any CPU.Build.0 = Release|Any CPU
		{D0A60375-01CE-448E-B7A0-2DBE4A95C61C}.Debug|Any CPU.ActiveCfg = Debug|Any CPU
		{D0A60375-01CE-448E-B7A0-2DBE4A95C61C}.Debug|Any CPU.Build.0 = Debug|Any CPU
		{D0A60375-01CE-448E-B7A0-2DBE4A95C61C}.Release|Any CPU.ActiveCfg = Release|Any CPU
		{D0A60375-01CE-448E-B7A0-2DBE4A95C61C}.Release|Any CPU.Build.0 = Release|Any CPU
		{36B23CE1-B383-4FFB-894C-FC0CAB9421F7}.Debug|Any CPU.ActiveCfg = Debug|Any CPU
		{36B23CE1-B383-4FFB-894C-FC0CAB9421F7}.Debug|Any CPU.Build.0 = Debug|Any CPU
		{36B23CE1-B383-4FFB-894C-FC0CAB9421F7}.Release|Any CPU.ActiveCfg = Release|Any CPU
		{36B23CE1-B383-4FFB-894C-FC0CAB9421F7}.Release|Any CPU.Build.0 = Release|Any CPU
		{F2434457-4BD3-480F-A99B-C3E9DD2BDB21}.Debug|Any CPU.ActiveCfg = Debug|Any CPU
		{F2434457-4BD3-480F-A99B-C3E9DD2BDB21}.Debug|Any CPU.Build.0 = Debug|Any CPU
		{F2434457-4BD3-480F-A99B-C3E9DD2BDB21}.Release|Any CPU.ActiveCfg = Release|Any CPU
		{F2434457-4BD3-480F-A99B-C3E9DD2BDB21}.Release|Any CPU.Build.0 = Release|Any CPU
		{8282F13C-F805-453A-8D64-A61E5BD9AA23}.Debug|Any CPU.ActiveCfg = Debug|Any CPU
		{8282F13C-F805-453A-8D64-A61E5BD9AA23}.Debug|Any CPU.Build.0 = Debug|Any CPU
		{8282F13C-F805-453A-8D64-A61E5BD9AA23}.Release|Any CPU.ActiveCfg = Release|Any CPU
		{8282F13C-F805-453A-8D64-A61E5BD9AA23}.Release|Any CPU.Build.0 = Release|Any CPU
		{AFA25219-BABB-4237-B259-07E79112C24E}.Debug|Any CPU.ActiveCfg = Debug|Any CPU
		{AFA25219-BABB-4237-B259-07E79112C24E}.Debug|Any CPU.Build.0 = Debug|Any CPU
		{AFA25219-BABB-4237-B259-07E79112C24E}.Release|Any CPU.ActiveCfg = Release|Any CPU
		{AFA25219-BABB-4237-B259-07E79112C24E}.Release|Any CPU.Build.0 = Release|Any CPU
		{88EDCD21-52F2-45FC-A873-FBB0B6E6EB8D}.Debug|Any CPU.ActiveCfg = Debug|Any CPU
		{88EDCD21-52F2-45FC-A873-FBB0B6E6EB8D}.Debug|Any CPU.Build.0 = Debug|Any CPU
		{88EDCD21-52F2-45FC-A873-FBB0B6E6EB8D}.Release|Any CPU.ActiveCfg = Release|Any CPU
		{88EDCD21-52F2-45FC-A873-FBB0B6E6EB8D}.Release|Any CPU.Build.0 = Release|Any CPU
		{CB9568C4-1CF3-479B-AA67-C04D7000C265}.Debug|Any CPU.ActiveCfg = Debug|Any CPU
		{CB9568C4-1CF3-479B-AA67-C04D7000C265}.Debug|Any CPU.Build.0 = Debug|Any CPU
		{CB9568C4-1CF3-479B-AA67-C04D7000C265}.Release|Any CPU.ActiveCfg = Release|Any CPU
		{CB9568C4-1CF3-479B-AA67-C04D7000C265}.Release|Any CPU.Build.0 = Release|Any CPU
		{7F661CB2-2FCD-4EFD-90D0-FBDFB8FA380A}.Debug|Any CPU.ActiveCfg = Debug|Any CPU
		{7F661CB2-2FCD-4EFD-90D0-FBDFB8FA380A}.Debug|Any CPU.Build.0 = Debug|Any CPU
		{7F661CB2-2FCD-4EFD-90D0-FBDFB8FA380A}.Release|Any CPU.ActiveCfg = Release|Any CPU
		{7F661CB2-2FCD-4EFD-90D0-FBDFB8FA380A}.Release|Any CPU.Build.0 = Release|Any CPU
		{1E6C3CAE-6539-4219-B341-EC02BAC15581}.Debug|Any CPU.ActiveCfg = Debug|Any CPU
		{1E6C3CAE-6539-4219-B341-EC02BAC15581}.Debug|Any CPU.Build.0 = Debug|Any CPU
		{1E6C3CAE-6539-4219-B341-EC02BAC15581}.Release|Any CPU.ActiveCfg = Release|Any CPU
		{1E6C3CAE-6539-4219-B341-EC02BAC15581}.Release|Any CPU.Build.0 = Release|Any CPU
	EndGlobalSection
	GlobalSection(SolutionProperties) = preSolution
		HideSolutionNode = FALSE
	EndGlobalSection
	GlobalSection(NestedProjects) = preSolution
		{B4367C3C-5645-40C3-953C-466D82432072} = {F1B4AAEF-9162-4DFA-8B62-4069FC914839}
		{C1026A33-6D55-42E1-91C5-1B2AEC36CA56} = {F1B4AAEF-9162-4DFA-8B62-4069FC914839}
		{FBC03913-23B0-4A50-A8E7-4804A2FDAC09} = {C1026A33-6D55-42E1-91C5-1B2AEC36CA56}
		{EBA864A3-39C4-4279-A823-35BA7EF2469A} = {F1B4AAEF-9162-4DFA-8B62-4069FC914839}
		{65AC1CC0-6973-4A72-AFE2-9B3016F490D9} = {1D34F083-4723-4647-8B3D-AA9727CA29CB}
		{11737128-2080-4606-A376-5817E8993F23} = {1D34F083-4723-4647-8B3D-AA9727CA29CB}
		{3256C859-E509-4EB7-BC2D-97174509F775} = {1D34F083-4723-4647-8B3D-AA9727CA29CB}
		{15E0BE89-99B4-4DC5-9129-7F3B4A3F10DC} = {1D34F083-4723-4647-8B3D-AA9727CA29CB}
		{D7864EA2-4E32-4858-B77A-DA63DEF9B059} = {1D34F083-4723-4647-8B3D-AA9727CA29CB}
		{1D34F083-4723-4647-8B3D-AA9727CA29CB} = {BF84573E-E924-4BB4-A11A-FD6460A6BE9B}
		{BF84573E-E924-4BB4-A11A-FD6460A6BE9B} = {EBA864A3-39C4-4279-A823-35BA7EF2469A}
		{EF35C8F2-A4AB-4192-9670-70FDCD1DDF4A} = {EBA864A3-39C4-4279-A823-35BA7EF2469A}
		{5D3F268F-BB9A-4998-8397-038BFF2414AB} = {EBA864A3-39C4-4279-A823-35BA7EF2469A}
		{968CAE3C-C6AA-4216-A7D5-35ED4B76BC81} = {EBA864A3-39C4-4279-A823-35BA7EF2469A}
		{B8356EAF-814D-42E0-8749-E79FBFDB2325} = {EBA864A3-39C4-4279-A823-35BA7EF2469A}
		{5D487DC6-2953-46AA-A458-66AD5152E946} = {BF84573E-E924-4BB4-A11A-FD6460A6BE9B}
		{B5F8886E-F687-4B54-8919-B70EFB79435A} = {5D3F268F-BB9A-4998-8397-038BFF2414AB}
		{60FA31BF-D9D4-4215-A7E3-A3068504F828} = {968CAE3C-C6AA-4216-A7D5-35ED4B76BC81}
		{FD143243-F931-4DCF-BD88-5EECC179F68C} = {B8356EAF-814D-42E0-8749-E79FBFDB2325}
		{81D1D261-8B65-4A8B-B5EC-DA641001AE90} = {EF35C8F2-A4AB-4192-9670-70FDCD1DDF4A}
		{CAC5ECA3-96A2-42AF-98E8-22C068B2DF5C} = {EF35C8F2-A4AB-4192-9670-70FDCD1DDF4A}
		{D5FBF759-A1DC-46E7-AF16-399BA70894BE} = {5D3F268F-BB9A-4998-8397-038BFF2414AB}
		{DD551340-F47E-495C-90FA-975C32942218} = {968CAE3C-C6AA-4216-A7D5-35ED4B76BC81}
		{07A6C010-4327-4C81-8688-B2399F8D45BE} = {B8356EAF-814D-42E0-8749-E79FBFDB2325}
		{7543E343-E930-43A5-A738-A8D85BB6E951} = {FD143243-F931-4DCF-BD88-5EECC179F68C}
		{AC9516AB-56AD-4D81-B53A-CCE2D640B564} = {FD143243-F931-4DCF-BD88-5EECC179F68C}
		{9B809F3E-5912-4518-9769-4510DCA238E4} = {FD143243-F931-4DCF-BD88-5EECC179F68C}
		{AC3A4B16-E84B-4F7F-9F89-EE6648F329C8} = {FD143243-F931-4DCF-BD88-5EECC179F68C}
		{4060F4DE-CAAA-4E61-B4DE-6D4094513724} = {60FA31BF-D9D4-4215-A7E3-A3068504F828}
		{A9BCDE67-029D-4C96-A1A6-F3AE884391AB} = {60FA31BF-D9D4-4215-A7E3-A3068504F828}
		{8CB88448-14A1-4218-9E69-CDE061B87638} = {60FA31BF-D9D4-4215-A7E3-A3068504F828}
		{93A5F0D7-D9AC-411A-9FFB-A91E817C9028} = {60FA31BF-D9D4-4215-A7E3-A3068504F828}
		{0FA33120-7634-42AF-85B5-F6C2734ECB19} = {60FA31BF-D9D4-4215-A7E3-A3068504F828}
		{A5197CE9-61D4-47D9-9D2D-71905EDDA2F8} = {60FA31BF-D9D4-4215-A7E3-A3068504F828}
		{C0809ED9-2FC4-481D-8763-F904F59F01C5} = {60FA31BF-D9D4-4215-A7E3-A3068504F828}
		{D696E182-B0E2-4AB4-8C37-4F5265106057} = {60FA31BF-D9D4-4215-A7E3-A3068504F828}
		{9DF8BCB3-C70F-412F-A1D8-1CDEA44B0A92} = {81D1D261-8B65-4A8B-B5EC-DA641001AE90}
		{5EA4ABD9-008B-4780-837C-527EA45715C7} = {81D1D261-8B65-4A8B-B5EC-DA641001AE90}
		{8E05CC3A-5C81-4B0A-80DA-25C0BA877CF8} = {B5F8886E-F687-4B54-8919-B70EFB79435A}
		{8ADDE7A2-F7EC-4EF0-B2E5-A9087B455BF5} = {B5F8886E-F687-4B54-8919-B70EFB79435A}
		{B17C8162-B2C3-46F7-BF14-4E7DFA9F70F7} = {B5F8886E-F687-4B54-8919-B70EFB79435A}
		{178A18AE-5E4E-4B27-85C7-A1593E8CBE7B} = {B5F8886E-F687-4B54-8919-B70EFB79435A}
		{9D9D3CC8-E197-4239-97D1-8A02AF54B925} = {B5F8886E-F687-4B54-8919-B70EFB79435A}
		{2E0689FB-A6FB-41E3-8896-528673B6E73A} = {B5F8886E-F687-4B54-8919-B70EFB79435A}
		{2ED36C31-41A7-408C-B5AC-5410BB58D589} = {B5F8886E-F687-4B54-8919-B70EFB79435A}
		{8B6A0256-D359-4F9A-A6BE-10FC18554B7F} = {B5F8886E-F687-4B54-8919-B70EFB79435A}
		{875F3E66-96D3-4AC4-B471-FB3F21772517} = {5D487DC6-2953-46AA-A458-66AD5152E946}
		{E6030D3C-68D8-45E2-B032-65DD93EC56DF} = {5D487DC6-2953-46AA-A458-66AD5152E946}
		{A1F502F2-E373-433D-B1DC-7B66D2DD4201} = {5D487DC6-2953-46AA-A458-66AD5152E946}
		{56FDA402-3B5A-4E0E-A295-2C6864A98A7E} = {5D487DC6-2953-46AA-A458-66AD5152E946}
		{7DCFF6A7-4C79-42E2-AC2A-5CFD8B0BC87B} = {C1026A33-6D55-42E1-91C5-1B2AEC36CA56}
		{0A5F4457-1120-4645-80AB-D6B5B81F6BC8} = {C1026A33-6D55-42E1-91C5-1B2AEC36CA56}
		{22D08287-B94C-49F6-AA2F-D7FF608B1601} = {C1026A33-6D55-42E1-91C5-1B2AEC36CA56}
		{14A955D2-DCD7-4A42-BC0C-0AF3ACE08C78} = {1D34F083-4723-4647-8B3D-AA9727CA29CB}
		{772BCAA7-DD5A-485D-9D5F-BD7E34EC6E27} = {1D34F083-4723-4647-8B3D-AA9727CA29CB}
		{CD47BD54-73E8-429E-90D4-D130E0D6F12D} = {EBA864A3-39C4-4279-A823-35BA7EF2469A}
		{B9477F7F-C627-46BE-88A2-41BBF2C5FCE0} = {CD47BD54-73E8-429E-90D4-D130E0D6F12D}
		{DEF5ECFF-1385-465A-B0E1-14919DF93994} = {CD47BD54-73E8-429E-90D4-D130E0D6F12D}
		{80A5EA5C-8DBD-4684-8BC1-4A867E169AE0} = {CD47BD54-73E8-429E-90D4-D130E0D6F12D}
		{E62EA20D-32B8-4214-BA46-438C43271077} = {CD47BD54-73E8-429E-90D4-D130E0D6F12D}
		{67A585E3-B50C-48C1-A61B-440FBDE02CDC} = {CD47BD54-73E8-429E-90D4-D130E0D6F12D}
		{AD439C17-7375-4427-BEBB-890A717A3A69} = {CD47BD54-73E8-429E-90D4-D130E0D6F12D}
		{A8ADC837-A74E-4DF2-BBAC-A0DAF875A989} = {CD47BD54-73E8-429E-90D4-D130E0D6F12D}
		{D25E2AA4-18F8-45BE-BA39-C7014B0FD884} = {EBA864A3-39C4-4279-A823-35BA7EF2469A}
		{7760DC15-F7D0-4380-8704-22931B4A0F2C} = {644FBB28-44AD-4FE2-9111-B0DD63B845E1}
		{14F56C6E-3D30-43CA-9751-84B4F37BAF12} = {644FBB28-44AD-4FE2-9111-B0DD63B845E1}
		{0BB92E25-884E-4292-BC13-7FE9A635B219} = {644FBB28-44AD-4FE2-9111-B0DD63B845E1}
		{DA067D4E-E17D-4361-9A46-D874DFBE2410} = {644FBB28-44AD-4FE2-9111-B0DD63B845E1}
		{644FBB28-44AD-4FE2-9111-B0DD63B845E1} = {D25E2AA4-18F8-45BE-BA39-C7014B0FD884}
		{7C773681-028A-4555-8126-D6EBE9776E1E} = {D25E2AA4-18F8-45BE-BA39-C7014B0FD884}
		{69EB30B4-C687-4624-AB71-19FDF63C4AD6} = {EBA864A3-39C4-4279-A823-35BA7EF2469A}
		{61B119E6-72C2-4888-9615-116E123669F7} = {69EB30B4-C687-4624-AB71-19FDF63C4AD6}
		{D0A60375-01CE-448E-B7A0-2DBE4A95C61C} = {69EB30B4-C687-4624-AB71-19FDF63C4AD6}
		{36B23CE1-B383-4FFB-894C-FC0CAB9421F7} = {69EB30B4-C687-4624-AB71-19FDF63C4AD6}
		{F2434457-4BD3-480F-A99B-C3E9DD2BDB21} = {69EB30B4-C687-4624-AB71-19FDF63C4AD6}
		{8282F13C-F805-453A-8D64-A61E5BD9AA23} = {69EB30B4-C687-4624-AB71-19FDF63C4AD6}
		{E880983F-DEEE-47E5-B92C-5E01994E0E52} = {F1B4AAEF-9162-4DFA-8B62-4069FC914839}
		{AFA25219-BABB-4237-B259-07E79112C24E} = {B4367C3C-5645-40C3-953C-466D82432072}
		{88EDCD21-52F2-45FC-A873-FBB0B6E6EB8D} = {B4367C3C-5645-40C3-953C-466D82432072}
		{CB9568C4-1CF3-479B-AA67-C04D7000C265} = {B4367C3C-5645-40C3-953C-466D82432072}
		{7F661CB2-2FCD-4EFD-90D0-FBDFB8FA380A} = {E880983F-DEEE-47E5-B92C-5E01994E0E52}
		{1E6C3CAE-6539-4219-B341-EC02BAC15581} = {E880983F-DEEE-47E5-B92C-5E01994E0E52}
	EndGlobalSection
	GlobalSection(ExtensibilityGlobals) = postSolution
		SolutionGuid = {AA6E8E23-8AB6-4AB6-9B31-494CB7CE5E63}
	EndGlobalSection
EndGlobal
