Microsoft Visual Studio Solution File, Format Version 12.00
# Visual Studio Version 16
VisualStudioVersion = 16.0.28917.181
MinimumVisualStudioVersion = 10.0.40219.1
Project("{2150E333-8FDC-42A3-9474-1A3956D46DE8}") = "src", "src", "{F1B4AAEF-9162-4DFA-8B62-4069FC914839}"
EndProject
Project("{9A19103F-16F7-4668-BE54-9A1E7A4F7556}") = "KissU.Domain", "src\KissU.Domain\KissU.Domain.csproj", "{E279FFC4-AE0E-4D53-84CD-39AACB0D5221}"
EndProject
Project("{9A19103F-16F7-4668-BE54-9A1E7A4F7556}") = "KissU.Data", "src\KissU.Data\KissU.Data.csproj", "{C2026C82-0063-44B7-B2CD-6322E8A56331}"
EndProject
Project("{9A19103F-16F7-4668-BE54-9A1E7A4F7556}") = "KissU.Service", "src\KissU.Service\KissU.Service.csproj", "{46389DB1-9F01-4F8E-A8A2-A244A62769E3}"
EndProject
Project("{2150E333-8FDC-42A3-9474-1A3956D46DE8}") = "test", "test", "{89D3A425-93BE-491F-A5E6-9054ECBC6216}"
EndProject
Project("{2150E333-8FDC-42A3-9474-1A3956D46DE8}") = "Solution Items", "Solution Items", "{245EE59A-3EDE-4FBD-BC25-A61655E476B5}"
	ProjectSection(SolutionItems) = preProject
		.gitattributes = .gitattributes
		.gitignore = .gitignore
		LICENSE.txt = LICENSE.txt
		NuGet.config = NuGet.config
		README.md = README.md
	EndProjectSection
EndProject
Project("{9A19103F-16F7-4668-BE54-9A1E7A4F7556}") = "KissU.Domain.Tests", "test\KissU.Domain.Tests\KissU.Domain.Tests.csproj", "{711B740E-BAB4-4074-840C-3E510543AF56}"
EndProject
Project("{9A19103F-16F7-4668-BE54-9A1E7A4F7556}") = "KissU.Service.Tests", "test\KissU.Service.Tests\KissU.Service.Tests.csproj", "{AFC710D2-7BD6-459E-8445-5BE815F7272A}"
EndProject
Project("{9A19103F-16F7-4668-BE54-9A1E7A4F7556}") = "KissU.Data.Tests", "test\KissU.Data.Tests\KissU.Data.Tests.csproj", "{914B2E2F-FD48-49AE-AEF9-6E59F1092F99}"
EndProject
Project("{2150E333-8FDC-42A3-9474-1A3956D46DE8}") = "util", "util", "{1D9D99CF-89A7-4AE2-B8ED-02BF63B7E4EE}"
EndProject
Project("{2150E333-8FDC-42A3-9474-1A3956D46DE8}") = "build", "build", "{17D88D07-C7C6-4782-91F0-B446A69564FE}"
	ProjectSection(SolutionItems) = preProject
		build\version.props = build\version.props
	EndProjectSection
EndProject
Project("{9A19103F-16F7-4668-BE54-9A1E7A4F7556}") = "KissU.Data.Base", "util\KissU.Data.Base\KissU.Data.Base.csproj", "{758754A3-31EB-4784-8EC1-ED2681971AC4}"
EndProject
Project("{9A19103F-16F7-4668-BE54-9A1E7A4F7556}") = "KissU.Domain.Base", "util\KissU.Domain.Base\KissU.Domain.Base.csproj", "{FDE27395-9F1C-430D-894D-C96F648025FB}"
EndProject
Project("{9A19103F-16F7-4668-BE54-9A1E7A4F7556}") = "KissU.Service.Base", "util\KissU.Service.Base\KissU.Service.Base.csproj", "{AC479364-856B-4549-8DFA-3DB893F8776F}"
EndProject
Project("{FAE04EC0-301F-11D3-BF4B-00C04F79EFBC}") = "KissU.CodeGenerator", "util\KissU.CodeGenerator\KissU.CodeGenerator.csproj", "{B58D16AD-9987-4BB8-8BB2-2A0CE8BC9829}"
EndProject
Project("{9A19103F-16F7-4668-BE54-9A1E7A4F7556}") = "KissU.Web.Tests", "test\KissU.Web.Tests\KissU.Web.Tests.csproj", "{2D03C38D-19A9-43C6-B395-05C081529974}"
EndProject
Project("{9A19103F-16F7-4668-BE54-9A1E7A4F7556}") = "KissU.Web", "src\KissU.Web\KissU.Web.csproj", "{2BE70C07-7EBE-4A16-A978-F7BED90C00F6}"
EndProject
Project("{9A19103F-16F7-4668-BE54-9A1E7A4F7556}") = "KissU.Web.Base", "util\KissU.Web.Base\KissU.Web.Base.csproj", "{9186DD3C-756C-4FF1-ADBE-510BA4BDEC7C}"
EndProject
Global
	GlobalSection(SolutionConfigurationPlatforms) = preSolution
		Debug|Any CPU = Debug|Any CPU
		Release|Any CPU = Release|Any CPU
	EndGlobalSection
	GlobalSection(ProjectConfigurationPlatforms) = postSolution
		{E279FFC4-AE0E-4D53-84CD-39AACB0D5221}.Debug|Any CPU.ActiveCfg = Debug|Any CPU
		{E279FFC4-AE0E-4D53-84CD-39AACB0D5221}.Debug|Any CPU.Build.0 = Debug|Any CPU
		{E279FFC4-AE0E-4D53-84CD-39AACB0D5221}.Release|Any CPU.ActiveCfg = Release|Any CPU
		{E279FFC4-AE0E-4D53-84CD-39AACB0D5221}.Release|Any CPU.Build.0 = Release|Any CPU
		{C2026C82-0063-44B7-B2CD-6322E8A56331}.Debug|Any CPU.ActiveCfg = Debug|Any CPU
		{C2026C82-0063-44B7-B2CD-6322E8A56331}.Debug|Any CPU.Build.0 = Debug|Any CPU
		{C2026C82-0063-44B7-B2CD-6322E8A56331}.Release|Any CPU.ActiveCfg = Release|Any CPU
		{C2026C82-0063-44B7-B2CD-6322E8A56331}.Release|Any CPU.Build.0 = Release|Any CPU
		{46389DB1-9F01-4F8E-A8A2-A244A62769E3}.Debug|Any CPU.ActiveCfg = Debug|Any CPU
		{46389DB1-9F01-4F8E-A8A2-A244A62769E3}.Debug|Any CPU.Build.0 = Debug|Any CPU
		{46389DB1-9F01-4F8E-A8A2-A244A62769E3}.Release|Any CPU.ActiveCfg = Release|Any CPU
		{46389DB1-9F01-4F8E-A8A2-A244A62769E3}.Release|Any CPU.Build.0 = Release|Any CPU
		{711B740E-BAB4-4074-840C-3E510543AF56}.Debug|Any CPU.ActiveCfg = Debug|Any CPU
		{711B740E-BAB4-4074-840C-3E510543AF56}.Debug|Any CPU.Build.0 = Debug|Any CPU
		{711B740E-BAB4-4074-840C-3E510543AF56}.Release|Any CPU.ActiveCfg = Release|Any CPU
		{711B740E-BAB4-4074-840C-3E510543AF56}.Release|Any CPU.Build.0 = Release|Any CPU
		{AFC710D2-7BD6-459E-8445-5BE815F7272A}.Debug|Any CPU.ActiveCfg = Debug|Any CPU
		{AFC710D2-7BD6-459E-8445-5BE815F7272A}.Debug|Any CPU.Build.0 = Debug|Any CPU
		{AFC710D2-7BD6-459E-8445-5BE815F7272A}.Release|Any CPU.ActiveCfg = Release|Any CPU
		{AFC710D2-7BD6-459E-8445-5BE815F7272A}.Release|Any CPU.Build.0 = Release|Any CPU
		{914B2E2F-FD48-49AE-AEF9-6E59F1092F99}.Debug|Any CPU.ActiveCfg = Debug|Any CPU
		{914B2E2F-FD48-49AE-AEF9-6E59F1092F99}.Debug|Any CPU.Build.0 = Debug|Any CPU
		{914B2E2F-FD48-49AE-AEF9-6E59F1092F99}.Release|Any CPU.ActiveCfg = Release|Any CPU
		{914B2E2F-FD48-49AE-AEF9-6E59F1092F99}.Release|Any CPU.Build.0 = Release|Any CPU
		{758754A3-31EB-4784-8EC1-ED2681971AC4}.Debug|Any CPU.ActiveCfg = Debug|Any CPU
		{758754A3-31EB-4784-8EC1-ED2681971AC4}.Debug|Any CPU.Build.0 = Debug|Any CPU
		{758754A3-31EB-4784-8EC1-ED2681971AC4}.Release|Any CPU.ActiveCfg = Release|Any CPU
		{758754A3-31EB-4784-8EC1-ED2681971AC4}.Release|Any CPU.Build.0 = Release|Any CPU
		{FDE27395-9F1C-430D-894D-C96F648025FB}.Debug|Any CPU.ActiveCfg = Debug|Any CPU
		{FDE27395-9F1C-430D-894D-C96F648025FB}.Debug|Any CPU.Build.0 = Debug|Any CPU
		{FDE27395-9F1C-430D-894D-C96F648025FB}.Release|Any CPU.ActiveCfg = Release|Any CPU
		{FDE27395-9F1C-430D-894D-C96F648025FB}.Release|Any CPU.Build.0 = Release|Any CPU
		{AC479364-856B-4549-8DFA-3DB893F8776F}.Debug|Any CPU.ActiveCfg = Debug|Any CPU
		{AC479364-856B-4549-8DFA-3DB893F8776F}.Debug|Any CPU.Build.0 = Debug|Any CPU
		{AC479364-856B-4549-8DFA-3DB893F8776F}.Release|Any CPU.ActiveCfg = Release|Any CPU
		{AC479364-856B-4549-8DFA-3DB893F8776F}.Release|Any CPU.Build.0 = Release|Any CPU
		{B58D16AD-9987-4BB8-8BB2-2A0CE8BC9829}.Debug|Any CPU.ActiveCfg = Debug|Any CPU
		{B58D16AD-9987-4BB8-8BB2-2A0CE8BC9829}.Debug|Any CPU.Build.0 = Debug|Any CPU
		{B58D16AD-9987-4BB8-8BB2-2A0CE8BC9829}.Release|Any CPU.ActiveCfg = Release|Any CPU
		{B58D16AD-9987-4BB8-8BB2-2A0CE8BC9829}.Release|Any CPU.Build.0 = Release|Any CPU
		{2D03C38D-19A9-43C6-B395-05C081529974}.Debug|Any CPU.ActiveCfg = Debug|Any CPU
		{2D03C38D-19A9-43C6-B395-05C081529974}.Debug|Any CPU.Build.0 = Debug|Any CPU
		{2D03C38D-19A9-43C6-B395-05C081529974}.Release|Any CPU.ActiveCfg = Release|Any CPU
		{2D03C38D-19A9-43C6-B395-05C081529974}.Release|Any CPU.Build.0 = Release|Any CPU
		{2BE70C07-7EBE-4A16-A978-F7BED90C00F6}.Debug|Any CPU.ActiveCfg = Debug|Any CPU
		{2BE70C07-7EBE-4A16-A978-F7BED90C00F6}.Debug|Any CPU.Build.0 = Debug|Any CPU
		{2BE70C07-7EBE-4A16-A978-F7BED90C00F6}.Release|Any CPU.ActiveCfg = Release|Any CPU
		{2BE70C07-7EBE-4A16-A978-F7BED90C00F6}.Release|Any CPU.Build.0 = Release|Any CPU
		{9186DD3C-756C-4FF1-ADBE-510BA4BDEC7C}.Debug|Any CPU.ActiveCfg = Debug|Any CPU
		{9186DD3C-756C-4FF1-ADBE-510BA4BDEC7C}.Debug|Any CPU.Build.0 = Debug|Any CPU
		{9186DD3C-756C-4FF1-ADBE-510BA4BDEC7C}.Release|Any CPU.ActiveCfg = Release|Any CPU
		{9186DD3C-756C-4FF1-ADBE-510BA4BDEC7C}.Release|Any CPU.Build.0 = Release|Any CPU
	EndGlobalSection
	GlobalSection(SolutionProperties) = preSolution
		HideSolutionNode = FALSE
	EndGlobalSection
	GlobalSection(NestedProjects) = preSolution
		{E279FFC4-AE0E-4D53-84CD-39AACB0D5221} = {F1B4AAEF-9162-4DFA-8B62-4069FC914839}
		{C2026C82-0063-44B7-B2CD-6322E8A56331} = {F1B4AAEF-9162-4DFA-8B62-4069FC914839}
		{46389DB1-9F01-4F8E-A8A2-A244A62769E3} = {F1B4AAEF-9162-4DFA-8B62-4069FC914839}
		{711B740E-BAB4-4074-840C-3E510543AF56} = {89D3A425-93BE-491F-A5E6-9054ECBC6216}
		{AFC710D2-7BD6-459E-8445-5BE815F7272A} = {89D3A425-93BE-491F-A5E6-9054ECBC6216}
		{914B2E2F-FD48-49AE-AEF9-6E59F1092F99} = {89D3A425-93BE-491F-A5E6-9054ECBC6216}
		{1D9D99CF-89A7-4AE2-B8ED-02BF63B7E4EE} = {245EE59A-3EDE-4FBD-BC25-A61655E476B5}
		{17D88D07-C7C6-4782-91F0-B446A69564FE} = {245EE59A-3EDE-4FBD-BC25-A61655E476B5}
		{758754A3-31EB-4784-8EC1-ED2681971AC4} = {1D9D99CF-89A7-4AE2-B8ED-02BF63B7E4EE}
		{FDE27395-9F1C-430D-894D-C96F648025FB} = {1D9D99CF-89A7-4AE2-B8ED-02BF63B7E4EE}
		{AC479364-856B-4549-8DFA-3DB893F8776F} = {1D9D99CF-89A7-4AE2-B8ED-02BF63B7E4EE}
		{B58D16AD-9987-4BB8-8BB2-2A0CE8BC9829} = {1D9D99CF-89A7-4AE2-B8ED-02BF63B7E4EE}
		{2D03C38D-19A9-43C6-B395-05C081529974} = {89D3A425-93BE-491F-A5E6-9054ECBC6216}
		{2BE70C07-7EBE-4A16-A978-F7BED90C00F6} = {F1B4AAEF-9162-4DFA-8B62-4069FC914839}
		{9186DD3C-756C-4FF1-ADBE-510BA4BDEC7C} = {1D9D99CF-89A7-4AE2-B8ED-02BF63B7E4EE}
	EndGlobalSection
	GlobalSection(ExtensibilityGlobals) = postSolution
		SolutionGuid = {AA6E8E23-8AB6-4AB6-9B31-494CB7CE5E63}
	EndGlobalSection
EndGlobal
