
Microsoft Visual Studio Solution File, Format Version 12.00
# Visual Studio Version 16
VisualStudioVersion = 16.0.29911.84
MinimumVisualStudioVersion = 10.0.40219.1
Project("{9A19103F-16F7-4668-BE54-9A1E7A4F7556}") = "KissU.Modules.BackgroundJobs.Domain.Shared", "src\KissU.Modules.BackgroundJobs.Domain.Shared\KissU.Modules.BackgroundJobs.Domain.Shared.csproj", "{20848183-E9EF-4664-9C8A-EF06AC7DAF9A}"
EndProject
Project("{2150E333-8FDC-42A3-9474-1A3956D46DE8}") = "src", "src", "{72E588E9-D0D5-4F21-940D-B04D3E8B0C99}"
EndProject
Project("{2150E333-8FDC-42A3-9474-1A3956D46DE8}") = "test", "test", "{1EF98758-C5D4-4A46-9716-5CB8046C460C}"
EndProject
Project("{9A19103F-16F7-4668-BE54-9A1E7A4F7556}") = "KissU.Modules.BackgroundJobs.Domain", "src\KissU.Modules.BackgroundJobs.Domain\KissU.Modules.BackgroundJobs.Domain.csproj", "{61E8039B-1CC7-405A-97F6-FA51E3D725CD}"
EndProject
Project("{9A19103F-16F7-4668-BE54-9A1E7A4F7556}") = "KissU.Modules.BackgroundJobs.EntityFrameworkCore", "src\KissU.Modules.BackgroundJobs.EntityFrameworkCore\KissU.Modules.BackgroundJobs.EntityFrameworkCore.csproj", "{1F300067-E812-49C3-8351-36EF3AC849A3}"
EndProject
Project("{9A19103F-16F7-4668-BE54-9A1E7A4F7556}") = "KissU.Modules.BackgroundJobs.MongoDB", "src\KissU.Modules.BackgroundJobs.MongoDB\KissU.Modules.BackgroundJobs.MongoDB.csproj", "{B201BD5C-A4FD-4D5F-8C25-180A69318CEE}"
EndProject
Project("{9A19103F-16F7-4668-BE54-9A1E7A4F7556}") = "KissU.Modules.BackgroundJobs.DbMigrations", "src\KissU.Modules.BackgroundJobs.DbMigrations\KissU.Modules.BackgroundJobs.DbMigrations.csproj", "{59EFE2CB-DE01-45B4-A780-A17818D85761}"
EndProject
Project("{9A19103F-16F7-4668-BE54-9A1E7A4F7556}") = "KissU.Modules.BackgroundJobs.DbMigrator", "src\KissU.Modules.BackgroundJobs.DbMigrator\KissU.Modules.BackgroundJobs.DbMigrator.csproj", "{84AFC8D7-5064-4586-8168-46937A7F1F90}"
EndProject
Global
	GlobalSection(SolutionConfigurationPlatforms) = preSolution
		Debug|Any CPU = Debug|Any CPU
		Release|Any CPU = Release|Any CPU
	EndGlobalSection
	GlobalSection(ProjectConfigurationPlatforms) = postSolution
		{20848183-E9EF-4664-9C8A-EF06AC7DAF9A}.Debug|Any CPU.ActiveCfg = Debug|Any CPU
		{20848183-E9EF-4664-9C8A-EF06AC7DAF9A}.Debug|Any CPU.Build.0 = Debug|Any CPU
		{20848183-E9EF-4664-9C8A-EF06AC7DAF9A}.Release|Any CPU.ActiveCfg = Release|Any CPU
		{20848183-E9EF-4664-9C8A-EF06AC7DAF9A}.Release|Any CPU.Build.0 = Release|Any CPU
		{61E8039B-1CC7-405A-97F6-FA51E3D725CD}.Debug|Any CPU.ActiveCfg = Debug|Any CPU
		{61E8039B-1CC7-405A-97F6-FA51E3D725CD}.Debug|Any CPU.Build.0 = Debug|Any CPU
		{61E8039B-1CC7-405A-97F6-FA51E3D725CD}.Release|Any CPU.ActiveCfg = Release|Any CPU
		{61E8039B-1CC7-405A-97F6-FA51E3D725CD}.Release|Any CPU.Build.0 = Release|Any CPU
		{1F300067-E812-49C3-8351-36EF3AC849A3}.Debug|Any CPU.ActiveCfg = Debug|Any CPU
		{1F300067-E812-49C3-8351-36EF3AC849A3}.Debug|Any CPU.Build.0 = Debug|Any CPU
		{1F300067-E812-49C3-8351-36EF3AC849A3}.Release|Any CPU.ActiveCfg = Release|Any CPU
		{1F300067-E812-49C3-8351-36EF3AC849A3}.Release|Any CPU.Build.0 = Release|Any CPU
		{B201BD5C-A4FD-4D5F-8C25-180A69318CEE}.Debug|Any CPU.ActiveCfg = Debug|Any CPU
		{B201BD5C-A4FD-4D5F-8C25-180A69318CEE}.Debug|Any CPU.Build.0 = Debug|Any CPU
		{B201BD5C-A4FD-4D5F-8C25-180A69318CEE}.Release|Any CPU.ActiveCfg = Release|Any CPU
		{B201BD5C-A4FD-4D5F-8C25-180A69318CEE}.Release|Any CPU.Build.0 = Release|Any CPU
		{59EFE2CB-DE01-45B4-A780-A17818D85761}.Debug|Any CPU.ActiveCfg = Debug|Any CPU
		{59EFE2CB-DE01-45B4-A780-A17818D85761}.Debug|Any CPU.Build.0 = Debug|Any CPU
		{59EFE2CB-DE01-45B4-A780-A17818D85761}.Release|Any CPU.ActiveCfg = Release|Any CPU
		{59EFE2CB-DE01-45B4-A780-A17818D85761}.Release|Any CPU.Build.0 = Release|Any CPU
		{84AFC8D7-5064-4586-8168-46937A7F1F90}.Debug|Any CPU.ActiveCfg = Debug|Any CPU
		{84AFC8D7-5064-4586-8168-46937A7F1F90}.Debug|Any CPU.Build.0 = Debug|Any CPU
		{84AFC8D7-5064-4586-8168-46937A7F1F90}.Release|Any CPU.ActiveCfg = Release|Any CPU
		{84AFC8D7-5064-4586-8168-46937A7F1F90}.Release|Any CPU.Build.0 = Release|Any CPU
	EndGlobalSection
	GlobalSection(SolutionProperties) = preSolution
		HideSolutionNode = FALSE
	EndGlobalSection
	GlobalSection(NestedProjects) = preSolution
		{20848183-E9EF-4664-9C8A-EF06AC7DAF9A} = {72E588E9-D0D5-4F21-940D-B04D3E8B0C99}
		{61E8039B-1CC7-405A-97F6-FA51E3D725CD} = {72E588E9-D0D5-4F21-940D-B04D3E8B0C99}
		{1F300067-E812-49C3-8351-36EF3AC849A3} = {72E588E9-D0D5-4F21-940D-B04D3E8B0C99}
		{B201BD5C-A4FD-4D5F-8C25-180A69318CEE} = {72E588E9-D0D5-4F21-940D-B04D3E8B0C99}
		{59EFE2CB-DE01-45B4-A780-A17818D85761} = {72E588E9-D0D5-4F21-940D-B04D3E8B0C99}
		{84AFC8D7-5064-4586-8168-46937A7F1F90} = {72E588E9-D0D5-4F21-940D-B04D3E8B0C99}
	EndGlobalSection
	GlobalSection(ExtensibilityGlobals) = postSolution
		SolutionGuid = {AA6E8E23-8AB6-4AB6-9B31-494CB7CE5E63}
	EndGlobalSection
EndGlobal
