
Microsoft Visual Studio Solution File, Format Version 12.00
# Visual Studio Version 16
VisualStudioVersion = 16.0.29911.84
MinimumVisualStudioVersion = 10.0.40219.1
Project("{9A19103F-16F7-4668-BE54-9A1E7A4F7556}") = "KissU.Modules.PermissionManagement.Domain.Shared", "src\KissU.Modules.PermissionManagement.Domain.Shared\KissU.Modules.PermissionManagement.Domain.Shared.csproj", "{66B94BD3-21D1-4838-B492-A64E3E2BFA70}"
EndProject
Project("{9A19103F-16F7-4668-BE54-9A1E7A4F7556}") = "KissU.Modules.PermissionManagement.Domain", "src\KissU.Modules.PermissionManagement.Domain\KissU.Modules.PermissionManagement.Domain.csproj", "{EAD03ABE-6FAA-48FC-8A3D-2A0C12E2B8C1}"
EndProject
Project("{9A19103F-16F7-4668-BE54-9A1E7A4F7556}") = "KissU.Modules.PermissionManagement.EntityFrameworkCore", "src\KissU.Modules.PermissionManagement.EntityFrameworkCore\KissU.Modules.PermissionManagement.EntityFrameworkCore.csproj", "{C7A91C91-CC10-442D-99EF-3E1A07528E0C}"
EndProject
Project("{9A19103F-16F7-4668-BE54-9A1E7A4F7556}") = "KissU.Modules.PermissionManagement.Application.Contracts", "src\KissU.Modules.PermissionManagement.Application.Contracts\KissU.Modules.PermissionManagement.Application.Contracts.csproj", "{76B1958B-4C1F-47B2-94FC-AED0E6BF2B59}"
EndProject
Project("{9A19103F-16F7-4668-BE54-9A1E7A4F7556}") = "KissU.Modules.PermissionManagement.Application", "src\KissU.Modules.PermissionManagement.Application\KissU.Modules.PermissionManagement.Application.csproj", "{1B22430E-A438-4435-842F-60EDE2DDD16C}"
EndProject
Project("{2150E333-8FDC-42A3-9474-1A3956D46DE8}") = "src", "src", "{47461177-B541-44A9-97CF-6185A71A8A88}"
EndProject
Project("{2150E333-8FDC-42A3-9474-1A3956D46DE8}") = "test", "test", "{3DCB8D5D-8A70-46E3-830E-DF59C4015A0C}"
EndProject
Project("{9A19103F-16F7-4668-BE54-9A1E7A4F7556}") = "KissU.Modules.PermissionManagement.DbMigrations", "src\KissU.Modules.PermissionManagement.DbMigrations\KissU.Modules.PermissionManagement.DbMigrations.csproj", "{DC5099A8-8EA8-4460-9DC4-49980D8B775F}"
EndProject
Project("{9A19103F-16F7-4668-BE54-9A1E7A4F7556}") = "KissU.Modules.PermissionManagement.DbMigrator", "src\KissU.Modules.PermissionManagement.DbMigrator\KissU.Modules.PermissionManagement.DbMigrator.csproj", "{1BA101A4-EBAA-4325-9BCD-A2C4DCEBE9EB}"
EndProject
Project("{9A19103F-16F7-4668-BE54-9A1E7A4F7556}") = "KissU.Modules.PermissionManagement.Domain.Identity", "src\KissU.Modules.PermissionManagement.Domain.Identity\KissU.Modules.PermissionManagement.Domain.Identity.csproj", "{59BBCA58-22CB-42D8-91C3-6D4C3A579AC6}"
EndProject
Project("{9A19103F-16F7-4668-BE54-9A1E7A4F7556}") = "KissU.Modules.PermissionManagement.Domain.IdentityServer", "src\KissU.Modules.PermissionManagement.Domain.IdentityServer\KissU.Modules.PermissionManagement.Domain.IdentityServer.csproj", "{F36A225F-F1A4-4FEF-A438-A077DB68B18C}"
EndProject
Project("{9A19103F-16F7-4668-BE54-9A1E7A4F7556}") = "KissU.Modules.PermissionManagement.Service", "src\KissU.Modules.PermissionManagement.Service\KissU.Modules.PermissionManagement.Service.csproj", "{A8ABBAE1-CD2D-4F14-94D0-C062B15D9169}"
EndProject
Project("{9A19103F-16F7-4668-BE54-9A1E7A4F7556}") = "KissU.Modules.PermissionManagement.Service.Contracts", "src\KissU.Modules.PermissionManagement.Service.Contracts\KissU.Modules.PermissionManagement.Service.Contracts.csproj", "{A6D9C7D2-815A-41EC-B780-AA01011F53DE}"
EndProject
Global
	GlobalSection(SolutionConfigurationPlatforms) = preSolution
		Debug|Any CPU = Debug|Any CPU
		Release|Any CPU = Release|Any CPU
	EndGlobalSection
	GlobalSection(ProjectConfigurationPlatforms) = postSolution
		{66B94BD3-21D1-4838-B492-A64E3E2BFA70}.Debug|Any CPU.ActiveCfg = Debug|Any CPU
		{66B94BD3-21D1-4838-B492-A64E3E2BFA70}.Debug|Any CPU.Build.0 = Debug|Any CPU
		{66B94BD3-21D1-4838-B492-A64E3E2BFA70}.Release|Any CPU.ActiveCfg = Release|Any CPU
		{66B94BD3-21D1-4838-B492-A64E3E2BFA70}.Release|Any CPU.Build.0 = Release|Any CPU
		{EAD03ABE-6FAA-48FC-8A3D-2A0C12E2B8C1}.Debug|Any CPU.ActiveCfg = Debug|Any CPU
		{EAD03ABE-6FAA-48FC-8A3D-2A0C12E2B8C1}.Debug|Any CPU.Build.0 = Debug|Any CPU
		{EAD03ABE-6FAA-48FC-8A3D-2A0C12E2B8C1}.Release|Any CPU.ActiveCfg = Release|Any CPU
		{EAD03ABE-6FAA-48FC-8A3D-2A0C12E2B8C1}.Release|Any CPU.Build.0 = Release|Any CPU
		{C7A91C91-CC10-442D-99EF-3E1A07528E0C}.Debug|Any CPU.ActiveCfg = Debug|Any CPU
		{C7A91C91-CC10-442D-99EF-3E1A07528E0C}.Debug|Any CPU.Build.0 = Debug|Any CPU
		{C7A91C91-CC10-442D-99EF-3E1A07528E0C}.Release|Any CPU.ActiveCfg = Release|Any CPU
		{C7A91C91-CC10-442D-99EF-3E1A07528E0C}.Release|Any CPU.Build.0 = Release|Any CPU
		{76B1958B-4C1F-47B2-94FC-AED0E6BF2B59}.Debug|Any CPU.ActiveCfg = Debug|Any CPU
		{76B1958B-4C1F-47B2-94FC-AED0E6BF2B59}.Debug|Any CPU.Build.0 = Debug|Any CPU
		{76B1958B-4C1F-47B2-94FC-AED0E6BF2B59}.Release|Any CPU.ActiveCfg = Release|Any CPU
		{76B1958B-4C1F-47B2-94FC-AED0E6BF2B59}.Release|Any CPU.Build.0 = Release|Any CPU
		{1B22430E-A438-4435-842F-60EDE2DDD16C}.Debug|Any CPU.ActiveCfg = Debug|Any CPU
		{1B22430E-A438-4435-842F-60EDE2DDD16C}.Debug|Any CPU.Build.0 = Debug|Any CPU
		{1B22430E-A438-4435-842F-60EDE2DDD16C}.Release|Any CPU.ActiveCfg = Release|Any CPU
		{1B22430E-A438-4435-842F-60EDE2DDD16C}.Release|Any CPU.Build.0 = Release|Any CPU
		{DC5099A8-8EA8-4460-9DC4-49980D8B775F}.Debug|Any CPU.ActiveCfg = Debug|Any CPU
		{DC5099A8-8EA8-4460-9DC4-49980D8B775F}.Debug|Any CPU.Build.0 = Debug|Any CPU
		{DC5099A8-8EA8-4460-9DC4-49980D8B775F}.Release|Any CPU.ActiveCfg = Release|Any CPU
		{DC5099A8-8EA8-4460-9DC4-49980D8B775F}.Release|Any CPU.Build.0 = Release|Any CPU
		{1BA101A4-EBAA-4325-9BCD-A2C4DCEBE9EB}.Debug|Any CPU.ActiveCfg = Debug|Any CPU
		{1BA101A4-EBAA-4325-9BCD-A2C4DCEBE9EB}.Debug|Any CPU.Build.0 = Debug|Any CPU
		{1BA101A4-EBAA-4325-9BCD-A2C4DCEBE9EB}.Release|Any CPU.ActiveCfg = Release|Any CPU
		{1BA101A4-EBAA-4325-9BCD-A2C4DCEBE9EB}.Release|Any CPU.Build.0 = Release|Any CPU
		{59BBCA58-22CB-42D8-91C3-6D4C3A579AC6}.Debug|Any CPU.ActiveCfg = Debug|Any CPU
		{59BBCA58-22CB-42D8-91C3-6D4C3A579AC6}.Debug|Any CPU.Build.0 = Debug|Any CPU
		{59BBCA58-22CB-42D8-91C3-6D4C3A579AC6}.Release|Any CPU.ActiveCfg = Release|Any CPU
		{59BBCA58-22CB-42D8-91C3-6D4C3A579AC6}.Release|Any CPU.Build.0 = Release|Any CPU
		{F36A225F-F1A4-4FEF-A438-A077DB68B18C}.Debug|Any CPU.ActiveCfg = Debug|Any CPU
		{F36A225F-F1A4-4FEF-A438-A077DB68B18C}.Debug|Any CPU.Build.0 = Debug|Any CPU
		{F36A225F-F1A4-4FEF-A438-A077DB68B18C}.Release|Any CPU.ActiveCfg = Release|Any CPU
		{F36A225F-F1A4-4FEF-A438-A077DB68B18C}.Release|Any CPU.Build.0 = Release|Any CPU
		{A8ABBAE1-CD2D-4F14-94D0-C062B15D9169}.Debug|Any CPU.ActiveCfg = Debug|Any CPU
		{A8ABBAE1-CD2D-4F14-94D0-C062B15D9169}.Debug|Any CPU.Build.0 = Debug|Any CPU
		{A8ABBAE1-CD2D-4F14-94D0-C062B15D9169}.Release|Any CPU.ActiveCfg = Release|Any CPU
		{A8ABBAE1-CD2D-4F14-94D0-C062B15D9169}.Release|Any CPU.Build.0 = Release|Any CPU
		{A6D9C7D2-815A-41EC-B780-AA01011F53DE}.Debug|Any CPU.ActiveCfg = Debug|Any CPU
		{A6D9C7D2-815A-41EC-B780-AA01011F53DE}.Debug|Any CPU.Build.0 = Debug|Any CPU
		{A6D9C7D2-815A-41EC-B780-AA01011F53DE}.Release|Any CPU.ActiveCfg = Release|Any CPU
		{A6D9C7D2-815A-41EC-B780-AA01011F53DE}.Release|Any CPU.Build.0 = Release|Any CPU
	EndGlobalSection
	GlobalSection(SolutionProperties) = preSolution
		HideSolutionNode = FALSE
	EndGlobalSection
	GlobalSection(NestedProjects) = preSolution
		{66B94BD3-21D1-4838-B492-A64E3E2BFA70} = {47461177-B541-44A9-97CF-6185A71A8A88}
		{EAD03ABE-6FAA-48FC-8A3D-2A0C12E2B8C1} = {47461177-B541-44A9-97CF-6185A71A8A88}
		{C7A91C91-CC10-442D-99EF-3E1A07528E0C} = {47461177-B541-44A9-97CF-6185A71A8A88}
		{76B1958B-4C1F-47B2-94FC-AED0E6BF2B59} = {47461177-B541-44A9-97CF-6185A71A8A88}
		{1B22430E-A438-4435-842F-60EDE2DDD16C} = {47461177-B541-44A9-97CF-6185A71A8A88}
		{DC5099A8-8EA8-4460-9DC4-49980D8B775F} = {47461177-B541-44A9-97CF-6185A71A8A88}
		{1BA101A4-EBAA-4325-9BCD-A2C4DCEBE9EB} = {47461177-B541-44A9-97CF-6185A71A8A88}
		{59BBCA58-22CB-42D8-91C3-6D4C3A579AC6} = {47461177-B541-44A9-97CF-6185A71A8A88}
		{F36A225F-F1A4-4FEF-A438-A077DB68B18C} = {47461177-B541-44A9-97CF-6185A71A8A88}
		{A8ABBAE1-CD2D-4F14-94D0-C062B15D9169} = {47461177-B541-44A9-97CF-6185A71A8A88}
		{A6D9C7D2-815A-41EC-B780-AA01011F53DE} = {47461177-B541-44A9-97CF-6185A71A8A88}
	EndGlobalSection
	GlobalSection(ExtensibilityGlobals) = postSolution
		SolutionGuid = {AA6E8E23-8AB6-4AB6-9B31-494CB7CE5E63}
	EndGlobalSection
EndGlobal
