
Microsoft Visual Studio Solution File, Format Version 12.00
# Visual Studio Version 16
VisualStudioVersion = 16.0.29911.84
MinimumVisualStudioVersion = 10.0.40219.1
Project("{2150E333-8FDC-42A3-9474-1A3956D46DE8}") = "src", "src", "{AEB1DABC-31D5-4335-8EEC-A9967DCEA25A}"
EndProject
Project("{2150E333-8FDC-42A3-9474-1A3956D46DE8}") = "test", "test", "{3DD4938D-B1D3-4855-A09F-BB6B5A08F7A1}"
EndProject
Project("{9A19103F-16F7-4668-BE54-9A1E7A4F7556}") = "KissU.Modules.TenantManagement.Domain.Shared", "src\KissU.Modules.TenantManagement.Domain.Shared\KissU.Modules.TenantManagement.Domain.Shared.csproj", "{36A62D4A-CE64-4B52-8FA3-93398C6E7ACA}"
EndProject
Project("{9A19103F-16F7-4668-BE54-9A1E7A4F7556}") = "KissU.Modules.TenantManagement.Domain", "src\KissU.Modules.TenantManagement.Domain\KissU.Modules.TenantManagement.Domain.csproj", "{2D5868D4-E68F-410B-94A8-1A3E76429026}"
EndProject
Project("{9A19103F-16F7-4668-BE54-9A1E7A4F7556}") = "KissU.Modules.TenantManagement.EntityFrameworkCore", "src\KissU.Modules.TenantManagement.EntityFrameworkCore\KissU.Modules.TenantManagement.EntityFrameworkCore.csproj", "{5A04BE10-1015-4DF7-8EC7-41BD7750989E}"
EndProject
Project("{9A19103F-16F7-4668-BE54-9A1E7A4F7556}") = "KissU.Modules.TenantManagement.MongoDB", "src\KissU.Modules.TenantManagement.MongoDB\KissU.Modules.TenantManagement.MongoDB.csproj", "{D2A99037-D083-4F46-B001-17550D807F39}"
EndProject
Project("{9A19103F-16F7-4668-BE54-9A1E7A4F7556}") = "KissU.Modules.TenantManagement.Application.Contracts", "src\KissU.Modules.TenantManagement.Application.Contracts\KissU.Modules.TenantManagement.Application.Contracts.csproj", "{DBF1DD77-0F77-4A9C-8FBD-4616B731D232}"
EndProject
Project("{9A19103F-16F7-4668-BE54-9A1E7A4F7556}") = "KissU.Modules.TenantManagement.Application", "src\KissU.Modules.TenantManagement.Application\KissU.Modules.TenantManagement.Application.csproj", "{50D81DFC-E43A-45F5-A7E6-5AE8D7763D83}"
EndProject
Project("{9A19103F-16F7-4668-BE54-9A1E7A4F7556}") = "KissU.Modules.TenantManagement.DbMigrations", "src\KissU.Modules.TenantManagement.DbMigrations\KissU.Modules.TenantManagement.DbMigrations.csproj", "{46E79B65-8448-45E2-958E-0B85B024E891}"
EndProject
Project("{9A19103F-16F7-4668-BE54-9A1E7A4F7556}") = "KissU.Modules.TenantManagement.DbMigrator", "src\KissU.Modules.TenantManagement.DbMigrator\KissU.Modules.TenantManagement.DbMigrator.csproj", "{C07012BA-6A4A-4393-945A-C5AFE39032C0}"
EndProject
Project("{9A19103F-16F7-4668-BE54-9A1E7A4F7556}") = "KissU.Modules.TenantManagement.Service", "src\KissU.Modules.TenantManagement.Service\KissU.Modules.TenantManagement.Service.csproj", "{54EFC24D-0DE4-49CA-897C-CF1D30298244}"
EndProject
Project("{9A19103F-16F7-4668-BE54-9A1E7A4F7556}") = "KissU.Modules.TenantManagement.Service.Contracts", "src\KissU.Modules.TenantManagement.Service.Contracts\KissU.Modules.TenantManagement.Service.Contracts.csproj", "{1200D241-D721-4893-BB3B-69CFEF7D1110}"
EndProject
Global
	GlobalSection(SolutionConfigurationPlatforms) = preSolution
		Debug|Any CPU = Debug|Any CPU
		Release|Any CPU = Release|Any CPU
	EndGlobalSection
	GlobalSection(ProjectConfigurationPlatforms) = postSolution
		{36A62D4A-CE64-4B52-8FA3-93398C6E7ACA}.Debug|Any CPU.ActiveCfg = Debug|Any CPU
		{36A62D4A-CE64-4B52-8FA3-93398C6E7ACA}.Debug|Any CPU.Build.0 = Debug|Any CPU
		{36A62D4A-CE64-4B52-8FA3-93398C6E7ACA}.Release|Any CPU.ActiveCfg = Release|Any CPU
		{36A62D4A-CE64-4B52-8FA3-93398C6E7ACA}.Release|Any CPU.Build.0 = Release|Any CPU
		{2D5868D4-E68F-410B-94A8-1A3E76429026}.Debug|Any CPU.ActiveCfg = Debug|Any CPU
		{2D5868D4-E68F-410B-94A8-1A3E76429026}.Debug|Any CPU.Build.0 = Debug|Any CPU
		{2D5868D4-E68F-410B-94A8-1A3E76429026}.Release|Any CPU.ActiveCfg = Release|Any CPU
		{2D5868D4-E68F-410B-94A8-1A3E76429026}.Release|Any CPU.Build.0 = Release|Any CPU
		{5A04BE10-1015-4DF7-8EC7-41BD7750989E}.Debug|Any CPU.ActiveCfg = Debug|Any CPU
		{5A04BE10-1015-4DF7-8EC7-41BD7750989E}.Debug|Any CPU.Build.0 = Debug|Any CPU
		{5A04BE10-1015-4DF7-8EC7-41BD7750989E}.Release|Any CPU.ActiveCfg = Release|Any CPU
		{5A04BE10-1015-4DF7-8EC7-41BD7750989E}.Release|Any CPU.Build.0 = Release|Any CPU
		{D2A99037-D083-4F46-B001-17550D807F39}.Debug|Any CPU.ActiveCfg = Debug|Any CPU
		{D2A99037-D083-4F46-B001-17550D807F39}.Debug|Any CPU.Build.0 = Debug|Any CPU
		{D2A99037-D083-4F46-B001-17550D807F39}.Release|Any CPU.ActiveCfg = Release|Any CPU
		{D2A99037-D083-4F46-B001-17550D807F39}.Release|Any CPU.Build.0 = Release|Any CPU
		{DBF1DD77-0F77-4A9C-8FBD-4616B731D232}.Debug|Any CPU.ActiveCfg = Debug|Any CPU
		{DBF1DD77-0F77-4A9C-8FBD-4616B731D232}.Debug|Any CPU.Build.0 = Debug|Any CPU
		{DBF1DD77-0F77-4A9C-8FBD-4616B731D232}.Release|Any CPU.ActiveCfg = Release|Any CPU
		{DBF1DD77-0F77-4A9C-8FBD-4616B731D232}.Release|Any CPU.Build.0 = Release|Any CPU
		{50D81DFC-E43A-45F5-A7E6-5AE8D7763D83}.Debug|Any CPU.ActiveCfg = Debug|Any CPU
		{50D81DFC-E43A-45F5-A7E6-5AE8D7763D83}.Debug|Any CPU.Build.0 = Debug|Any CPU
		{50D81DFC-E43A-45F5-A7E6-5AE8D7763D83}.Release|Any CPU.ActiveCfg = Release|Any CPU
		{50D81DFC-E43A-45F5-A7E6-5AE8D7763D83}.Release|Any CPU.Build.0 = Release|Any CPU
		{46E79B65-8448-45E2-958E-0B85B024E891}.Debug|Any CPU.ActiveCfg = Debug|Any CPU
		{46E79B65-8448-45E2-958E-0B85B024E891}.Debug|Any CPU.Build.0 = Debug|Any CPU
		{46E79B65-8448-45E2-958E-0B85B024E891}.Release|Any CPU.ActiveCfg = Release|Any CPU
		{46E79B65-8448-45E2-958E-0B85B024E891}.Release|Any CPU.Build.0 = Release|Any CPU
		{C07012BA-6A4A-4393-945A-C5AFE39032C0}.Debug|Any CPU.ActiveCfg = Debug|Any CPU
		{C07012BA-6A4A-4393-945A-C5AFE39032C0}.Debug|Any CPU.Build.0 = Debug|Any CPU
		{C07012BA-6A4A-4393-945A-C5AFE39032C0}.Release|Any CPU.ActiveCfg = Release|Any CPU
		{C07012BA-6A4A-4393-945A-C5AFE39032C0}.Release|Any CPU.Build.0 = Release|Any CPU
		{54EFC24D-0DE4-49CA-897C-CF1D30298244}.Debug|Any CPU.ActiveCfg = Debug|Any CPU
		{54EFC24D-0DE4-49CA-897C-CF1D30298244}.Debug|Any CPU.Build.0 = Debug|Any CPU
		{54EFC24D-0DE4-49CA-897C-CF1D30298244}.Release|Any CPU.ActiveCfg = Release|Any CPU
		{54EFC24D-0DE4-49CA-897C-CF1D30298244}.Release|Any CPU.Build.0 = Release|Any CPU
		{1200D241-D721-4893-BB3B-69CFEF7D1110}.Debug|Any CPU.ActiveCfg = Debug|Any CPU
		{1200D241-D721-4893-BB3B-69CFEF7D1110}.Debug|Any CPU.Build.0 = Debug|Any CPU
		{1200D241-D721-4893-BB3B-69CFEF7D1110}.Release|Any CPU.ActiveCfg = Release|Any CPU
		{1200D241-D721-4893-BB3B-69CFEF7D1110}.Release|Any CPU.Build.0 = Release|Any CPU
	EndGlobalSection
	GlobalSection(SolutionProperties) = preSolution
		HideSolutionNode = FALSE
	EndGlobalSection
	GlobalSection(NestedProjects) = preSolution
		{36A62D4A-CE64-4B52-8FA3-93398C6E7ACA} = {AEB1DABC-31D5-4335-8EEC-A9967DCEA25A}
		{2D5868D4-E68F-410B-94A8-1A3E76429026} = {AEB1DABC-31D5-4335-8EEC-A9967DCEA25A}
		{5A04BE10-1015-4DF7-8EC7-41BD7750989E} = {AEB1DABC-31D5-4335-8EEC-A9967DCEA25A}
		{D2A99037-D083-4F46-B001-17550D807F39} = {AEB1DABC-31D5-4335-8EEC-A9967DCEA25A}
		{DBF1DD77-0F77-4A9C-8FBD-4616B731D232} = {AEB1DABC-31D5-4335-8EEC-A9967DCEA25A}
		{50D81DFC-E43A-45F5-A7E6-5AE8D7763D83} = {AEB1DABC-31D5-4335-8EEC-A9967DCEA25A}
		{46E79B65-8448-45E2-958E-0B85B024E891} = {AEB1DABC-31D5-4335-8EEC-A9967DCEA25A}
		{C07012BA-6A4A-4393-945A-C5AFE39032C0} = {AEB1DABC-31D5-4335-8EEC-A9967DCEA25A}
		{54EFC24D-0DE4-49CA-897C-CF1D30298244} = {AEB1DABC-31D5-4335-8EEC-A9967DCEA25A}
		{1200D241-D721-4893-BB3B-69CFEF7D1110} = {AEB1DABC-31D5-4335-8EEC-A9967DCEA25A}
	EndGlobalSection
	GlobalSection(ExtensibilityGlobals) = postSolution
		SolutionGuid = {AA6E8E23-8AB6-4AB6-9B31-494CB7CE5E63}
	EndGlobalSection
EndGlobal
