
Microsoft Visual Studio Solution File, Format Version 12.00
# Visual Studio Version 16
VisualStudioVersion = 16.0.29911.84
MinimumVisualStudioVersion = 10.0.40219.1
Project("{2150E333-8FDC-42A3-9474-1A3956D46DE8}") = "src", "src", "{70246C76-EB24-4D97-A9B3-88C6E0F7D295}"
EndProject
Project("{2150E333-8FDC-42A3-9474-1A3956D46DE8}") = "test", "test", "{5D3864B0-130F-4F77-8517-183276FC9C04}"
EndProject
Project("{9A19103F-16F7-4668-BE54-9A1E7A4F7556}") = "KissU.Modules.Account.Application.Contracts", "src\KissU.Modules.Account.Application.Contracts\KissU.Modules.Account.Application.Contracts.csproj", "{0AFCE109-A567-48AC-A97E-D91B0072D33A}"
EndProject
Project("{9A19103F-16F7-4668-BE54-9A1E7A4F7556}") = "KissU.Modules.Account.Application", "src\KissU.Modules.Account.Application\KissU.Modules.Account.Application.csproj", "{E272D5FB-6DF1-4720-BA4C-6422F064C124}"
EndProject
Project("{9A19103F-16F7-4668-BE54-9A1E7A4F7556}") = "KissU.Modules.Account.Service", "src\KissU.Modules.Account.Service\KissU.Modules.Account.Service.csproj", "{406963DA-930A-494A-8735-6B56E99A70F7}"
EndProject
Project("{9A19103F-16F7-4668-BE54-9A1E7A4F7556}") = "KissU.Modules.Account.Service.Contracts", "src\KissU.Modules.Account.Service.Contracts\KissU.Modules.Account.Service.Contracts.csproj", "{330D36E2-13DA-4773-A2B8-3C5F1E296B73}"
EndProject
Global
	GlobalSection(SolutionConfigurationPlatforms) = preSolution
		Debug|Any CPU = Debug|Any CPU
		Release|Any CPU = Release|Any CPU
	EndGlobalSection
	GlobalSection(ProjectConfigurationPlatforms) = postSolution
		{0AFCE109-A567-48AC-A97E-D91B0072D33A}.Debug|Any CPU.ActiveCfg = Debug|Any CPU
		{0AFCE109-A567-48AC-A97E-D91B0072D33A}.Debug|Any CPU.Build.0 = Debug|Any CPU
		{0AFCE109-A567-48AC-A97E-D91B0072D33A}.Release|Any CPU.ActiveCfg = Release|Any CPU
		{0AFCE109-A567-48AC-A97E-D91B0072D33A}.Release|Any CPU.Build.0 = Release|Any CPU
		{E272D5FB-6DF1-4720-BA4C-6422F064C124}.Debug|Any CPU.ActiveCfg = Debug|Any CPU
		{E272D5FB-6DF1-4720-BA4C-6422F064C124}.Debug|Any CPU.Build.0 = Debug|Any CPU
		{E272D5FB-6DF1-4720-BA4C-6422F064C124}.Release|Any CPU.ActiveCfg = Release|Any CPU
		{E272D5FB-6DF1-4720-BA4C-6422F064C124}.Release|Any CPU.Build.0 = Release|Any CPU
		{406963DA-930A-494A-8735-6B56E99A70F7}.Debug|Any CPU.ActiveCfg = Debug|Any CPU
		{406963DA-930A-494A-8735-6B56E99A70F7}.Debug|Any CPU.Build.0 = Debug|Any CPU
		{406963DA-930A-494A-8735-6B56E99A70F7}.Release|Any CPU.ActiveCfg = Release|Any CPU
		{406963DA-930A-494A-8735-6B56E99A70F7}.Release|Any CPU.Build.0 = Release|Any CPU
		{330D36E2-13DA-4773-A2B8-3C5F1E296B73}.Debug|Any CPU.ActiveCfg = Debug|Any CPU
		{330D36E2-13DA-4773-A2B8-3C5F1E296B73}.Debug|Any CPU.Build.0 = Debug|Any CPU
		{330D36E2-13DA-4773-A2B8-3C5F1E296B73}.Release|Any CPU.ActiveCfg = Release|Any CPU
		{330D36E2-13DA-4773-A2B8-3C5F1E296B73}.Release|Any CPU.Build.0 = Release|Any CPU
	EndGlobalSection
	GlobalSection(SolutionProperties) = preSolution
		HideSolutionNode = FALSE
	EndGlobalSection
	GlobalSection(NestedProjects) = preSolution
		{0AFCE109-A567-48AC-A97E-D91B0072D33A} = {70246C76-EB24-4D97-A9B3-88C6E0F7D295}
		{E272D5FB-6DF1-4720-BA4C-6422F064C124} = {70246C76-EB24-4D97-A9B3-88C6E0F7D295}
		{406963DA-930A-494A-8735-6B56E99A70F7} = {70246C76-EB24-4D97-A9B3-88C6E0F7D295}
		{330D36E2-13DA-4773-A2B8-3C5F1E296B73} = {70246C76-EB24-4D97-A9B3-88C6E0F7D295}
	EndGlobalSection
	GlobalSection(ExtensibilityGlobals) = postSolution
		SolutionGuid = {AA6E8E23-8AB6-4AB6-9B31-494CB7CE5E63}
	EndGlobalSection
EndGlobal
