Microsoft Visual Studio Solution File, Format Version 12.00
# Visual Studio Version 16
VisualStudioVersion = 16.0.28917.181
MinimumVisualStudioVersion = 10.0.40219.1
Project("{2150E333-8FDC-42A3-9474-1A3956D46DE8}") = "src", "src", "{F1B4AAEF-9162-4DFA-8B62-4069FC914839}"
EndProject
Project("{2150E333-8FDC-42A3-9474-1A3956D46DE8}") = "test", "test", "{8C5BB6A1-6362-4935-9278-993935F43949}"
EndProject
Project("{9A19103F-16F7-4668-BE54-9A1E7A4F7556}") = "KissU.Util.Biz", "src\KissU.Util.Biz\KissU.Util.Biz.csproj", "{45CA1070-72A1-441E-82FF-FCE5774EB7C6}"
EndProject
Project("{9A19103F-16F7-4668-BE54-9A1E7A4F7556}") = "KissU.Util.Biz.Payments", "src\KissU.Util.Biz.Payments\KissU.Util.Biz.Payments.csproj", "{72C99BE0-30EA-48FF-856A-E41CD50DDD8C}"
EndProject
Project("{9A19103F-16F7-4668-BE54-9A1E7A4F7556}") = "KissU.Util.Caches", "src\KissU.Util.Caches\KissU.Util.Caches.csproj", "{5739DCA2-086C-47AB-9E5F-A60A94AB47FF}"
EndProject
Project("{9A19103F-16F7-4668-BE54-9A1E7A4F7556}") = "KissU.Util.Ddd.Domain.Datas", "src\KissU.Util.Ddd.Domain.Datas\KissU.Util.Ddd.Domain.Datas.csproj", "{7232D8EA-5110-4A87-A778-2E7443BFF73C}"
EndProject
Project("{9A19103F-16F7-4668-BE54-9A1E7A4F7556}") = "KissU.Util.Events", "src\KissU.Util.Events\KissU.Util.Events.csproj", "{49D011BD-801C-43C8-83FB-4623C0140071}"
EndProject
Project("{9A19103F-16F7-4668-BE54-9A1E7A4F7556}") = "KissU.Util.Logs", "src\KissU.Util.Logs\KissU.Util.Logs.csproj", "{2C611C43-6B8D-4508-BEB3-031B58718E74}"
EndProject
Project("{9A19103F-16F7-4668-BE54-9A1E7A4F7556}") = "KissU.Util.Schedulers", "src\KissU.Util.Schedulers\KissU.Util.Schedulers.csproj", "{F3DDF88F-4F16-4032-8784-694072791F0D}"
EndProject
Project("{9A19103F-16F7-4668-BE54-9A1E7A4F7556}") = "KissU.Util.Security", "src\KissU.Util.Security\KissU.Util.Security.csproj", "{01B408D5-B942-4CEC-A16B-9D4C86A34762}"
EndProject
Project("{9A19103F-16F7-4668-BE54-9A1E7A4F7556}") = "KissU.Util.Tools.Offices", "src\KissU.Util.Tools.Offices\KissU.Util.Tools.Offices.csproj", "{76DC928C-4C03-4EC4-BD8A-EF50A8EF5BB7}"
EndProject
Project("{9A19103F-16F7-4668-BE54-9A1E7A4F7556}") = "KissU.Util.Tools.QrCode", "src\KissU.Util.Tools.QrCode\KissU.Util.Tools.QrCode.csproj", "{D9181864-ADCD-4A24-9DD6-A2C9642C8FF4}"
EndProject
Project("{9A19103F-16F7-4668-BE54-9A1E7A4F7556}") = "KissU.Util.Tools.Sms", "src\KissU.Util.Tools.Sms\KissU.Util.Tools.Sms.csproj", "{0A0D0011-815E-44C8-8003-88D61EC64C09}"
EndProject
Project("{9A19103F-16F7-4668-BE54-9A1E7A4F7556}") = "KissU.WebSocketCore", "src\KissU.WebSocketCore\KissU.WebSocketCore.csproj", "{4CDDEDA4-8D7D-44BB-A4DA-5322F1E311D2}"
EndProject
Project("{9A19103F-16F7-4668-BE54-9A1E7A4F7556}") = "KissU.DotNetty.Codecs.DNS", "src\KissU.DotNetty.Codecs.DNS\KissU.DotNetty.Codecs.DNS.csproj", "{9E90FE21-74E0-4703-AF3A-159F8DA4E635}"
EndProject
Project("{9A19103F-16F7-4668-BE54-9A1E7A4F7556}") = "KissU.Surging.CPlatform", "src\KissU.Surging.CPlatform\KissU.Surging.CPlatform.csproj", "{D4C75857-11D2-4F16-9E30-E3D6BEB015DD}"
EndProject
Project("{9A19103F-16F7-4668-BE54-9A1E7A4F7556}") = "KissU.Surging.ServiceHosting", "src\KissU.Surging.ServiceHosting\KissU.Surging.ServiceHosting.csproj", "{B2EE6699-58B0-47C3-8CA1-A718131700A5}"
EndProject
Project("{9A19103F-16F7-4668-BE54-9A1E7A4F7556}") = "KissU.Surging.ApiGateWay", "src\KissU.Surging.ApiGateWay\KissU.Surging.ApiGateWay.csproj", "{F0438BB2-E448-422C-A78E-9D2ABBAE3D4D}"
EndProject
Project("{9A19103F-16F7-4668-BE54-9A1E7A4F7556}") = "KissU.Surging.AutoMapper", "src\KissU.Surging.AutoMapper\KissU.Surging.AutoMapper.csproj", "{1696A0C3-E1E5-406E-8552-B3A7F6D52D8A}"
EndProject
Project("{9A19103F-16F7-4668-BE54-9A1E7A4F7556}") = "KissU.Surging.Caching", "src\KissU.Surging.Caching\KissU.Surging.Caching.csproj", "{A3DC2456-2BEC-4224-AA95-BE1915B9377F}"
EndProject
Project("{9A19103F-16F7-4668-BE54-9A1E7A4F7556}") = "KissU.Surging.Codec.MessagePack", "src\KissU.Surging.Codec.MessagePack\KissU.Surging.Codec.MessagePack.csproj", "{750B3E79-67C6-46A3-B08D-8A3010E8FFC7}"
EndProject
Project("{9A19103F-16F7-4668-BE54-9A1E7A4F7556}") = "KissU.Surging.Codec.ProtoBuffer", "src\KissU.Surging.Codec.ProtoBuffer\KissU.Surging.Codec.ProtoBuffer.csproj", "{FFB9A30E-F36D-4243-BEDA-CB1B3DB646E1}"
EndProject
Project("{9A19103F-16F7-4668-BE54-9A1E7A4F7556}") = "KissU.Surging.Consul", "src\KissU.Surging.Consul\KissU.Surging.Consul.csproj", "{E73E092B-24D0-4C54-BD26-F01C89A31652}"
EndProject
Project("{9A19103F-16F7-4668-BE54-9A1E7A4F7556}") = "KissU.Surging.DNS", "src\KissU.Surging.DNS\KissU.Surging.DNS.csproj", "{C5A07EEF-0F59-4621-83BF-6B90BF324BF7}"
EndProject
Project("{9A19103F-16F7-4668-BE54-9A1E7A4F7556}") = "KissU.Surging.DotNetty", "src\KissU.Surging.DotNetty\KissU.Surging.DotNetty.csproj", "{6C05E7AF-E9EB-4D23-9C08-947E26E0C1E1}"
EndProject
Project("{9A19103F-16F7-4668-BE54-9A1E7A4F7556}") = "KissU.Surging.DotNettyWSServer", "src\KissU.Surging.DotNettyWSServer\KissU.Surging.DotNettyWSServer.csproj", "{B5754E2C-D258-40F7-A3AF-7457FBAE52BB}"
EndProject
Project("{9A19103F-16F7-4668-BE54-9A1E7A4F7556}") = "KissU.Surging.EventBusKafka", "src\KissU.Surging.EventBusKafka\KissU.Surging.EventBusKafka.csproj", "{6254E583-4BE2-4E6F-B859-54F50E8CE8A2}"
EndProject
Project("{9A19103F-16F7-4668-BE54-9A1E7A4F7556}") = "KissU.Surging.EventBusRabbitMQ", "src\KissU.Surging.EventBusRabbitMQ\KissU.Surging.EventBusRabbitMQ.csproj", "{882509A8-C9ED-439E-871F-7D44706A9CC3}"
EndProject
Project("{9A19103F-16F7-4668-BE54-9A1E7A4F7556}") = "KissU.Surging.Grpc", "src\KissU.Surging.Grpc\KissU.Surging.Grpc.csproj", "{2F3CE0B7-52EB-4831-B94B-38BCF173FB19}"
EndProject
Project("{9A19103F-16F7-4668-BE54-9A1E7A4F7556}") = "KissU.Surging.Kestrel.Log4net", "src\KissU.Surging.Kestrel.Log4net\KissU.Surging.Kestrel.Log4net.csproj", "{70319181-F31A-45C4-A88C-4A4781C4504F}"
EndProject
Project("{9A19103F-16F7-4668-BE54-9A1E7A4F7556}") = "KissU.Surging.Kestrel.Nlog", "src\KissU.Surging.Kestrel.Nlog\KissU.Surging.Kestrel.Nlog.csproj", "{8026C9AF-1D77-4206-897B-692800DE6BD7}"
EndProject
Project("{9A19103F-16F7-4668-BE54-9A1E7A4F7556}") = "KissU.Surging.KestrelHttpServer", "src\KissU.Surging.KestrelHttpServer\KissU.Surging.KestrelHttpServer.csproj", "{E72EAC21-2C6F-4096-AA3C-AD1EA45C1003}"
EndProject
Project("{9A19103F-16F7-4668-BE54-9A1E7A4F7556}") = "KissU.Surging.Log4net", "src\KissU.Surging.Log4net\KissU.Surging.Log4net.csproj", "{C7F7B887-003D-4691-904F-F99DB4F56D69}"
EndProject
Project("{9A19103F-16F7-4668-BE54-9A1E7A4F7556}") = "KissU.Surging.Nlog", "src\KissU.Surging.NLog\KissU.Surging.Nlog.csproj", "{C8E46CFD-2740-4124-A227-93FB34039B0C}"
EndProject
Project("{9A19103F-16F7-4668-BE54-9A1E7A4F7556}") = "KissU.Surging.Protocol.Http", "src\KissU.Surging.Protocol.Http\KissU.Surging.Protocol.Http.csproj", "{4710EA6B-FFB2-4A15-AD03-3F51283BF0F0}"
EndProject
Project("{9A19103F-16F7-4668-BE54-9A1E7A4F7556}") = "KissU.Surging.Protocol.Mqtt", "src\KissU.Surging.Protocol.Mqtt\KissU.Surging.Protocol.Mqtt.csproj", "{365D110C-0D40-4DA8-BB29-558050FACB6E}"
EndProject
Project("{9A19103F-16F7-4668-BE54-9A1E7A4F7556}") = "KissU.Surging.Protocol.Udp", "src\KissU.Surging.Protocol.Udp\KissU.Surging.Protocol.Udp.csproj", "{6F63B30C-34EC-4429-81B0-3FB1F107AE56}"
EndProject
Project("{9A19103F-16F7-4668-BE54-9A1E7A4F7556}") = "KissU.Surging.Protocol.WS", "src\KissU.Surging.Protocol.WS\KissU.Surging.Protocol.WS.csproj", "{358C0383-E858-4681-AE2B-EDA5B4D8FB9B}"
EndProject
Project("{9A19103F-16F7-4668-BE54-9A1E7A4F7556}") = "KissU.Surging.ProxyGenerator", "src\KissU.Surging.ProxyGenerator\KissU.Surging.ProxyGenerator.csproj", "{BB001DE2-D4DD-4015-A070-341851A7252D}"
EndProject
Project("{9A19103F-16F7-4668-BE54-9A1E7A4F7556}") = "KissU.Surging.BackgroundServer", "src\KissU.Surging.BackgroundServer\KissU.Surging.BackgroundServer.csproj", "{246793A0-82BC-4BD5-8ED4-B0E2A2982476}"
EndProject
Project("{9A19103F-16F7-4668-BE54-9A1E7A4F7556}") = "KissU.Surging.Stage", "src\KissU.Surging.Stage\KissU.Surging.Stage.csproj", "{2D65CB8B-C338-4DE6-9389-94AE9A6ED59B}"
EndProject
Project("{9A19103F-16F7-4668-BE54-9A1E7A4F7556}") = "KissU.Surging.Swagger", "src\KissU.Surging.Swagger\KissU.Surging.Swagger.csproj", "{5C93C1B9-2BAF-4EAC-A811-1D3B3EE71912}"
EndProject
Project("{9A19103F-16F7-4668-BE54-9A1E7A4F7556}") = "KissU.Surging.Zookeeper", "src\KissU.Surging.Zookeeper\KissU.Surging.Zookeeper.csproj", "{5CFC8C22-238C-4BA1-B02B-806883747A6F}"
EndProject
Project("{9A19103F-16F7-4668-BE54-9A1E7A4F7556}") = "KissU.Apm.Skywalking", "src\KissU.Apm.Skywalking\KissU.Apm.Skywalking.csproj", "{3B143AB8-558F-4A8A-B4EA-63FF73F43209}"
EndProject
Project("{9A19103F-16F7-4668-BE54-9A1E7A4F7556}") = "KissU.Util.EntityFrameworkCore.MySql", "src\KissU.Util.EntityFrameworkCore.MySql\KissU.Util.EntityFrameworkCore.MySql.csproj", "{F1758B31-C2F1-4E58-AE64-DBF3A9DE2E47}"
EndProject
Project("{9A19103F-16F7-4668-BE54-9A1E7A4F7556}") = "KissU.Util.EntityFrameworkCore.PgSql", "src\KissU.Util.EntityFrameworkCore.PgSql\KissU.Util.EntityFrameworkCore.PgSql.csproj", "{97E69325-9834-4761-91CE-A1F933D24B38}"
EndProject
Project("{9A19103F-16F7-4668-BE54-9A1E7A4F7556}") = "KissU.Util.EntityFrameworkCore.SqlServer", "src\KissU.Util.EntityFrameworkCore.SqlServer\KissU.Util.EntityFrameworkCore.SqlServer.csproj", "{A565CA91-F0A2-4F01-80D1-E1CDD5A031AF}"
EndProject
Project("{9A19103F-16F7-4668-BE54-9A1E7A4F7556}") = "KissU.Surging.Serilog", "src\KissU.Surging.Serilog\KissU.Surging.Serilog.csproj", "{5EEDC170-07E8-47D1-AAFE-4FC72AF5E2EF}"
EndProject
Project("{9A19103F-16F7-4668-BE54-9A1E7A4F7556}") = "KissU.Util.AspNetCore", "src\KissU.Util.AspNetCore\KissU.Util.AspNetCore.csproj", "{394D1435-2956-4714-B22D-6EEB14E3AE10}"
EndProject
Project("{9A19103F-16F7-4668-BE54-9A1E7A4F7556}") = "KissU.Util.AspNetCore.Mvc", "src\KissU.Util.AspNetCore.Mvc\KissU.Util.AspNetCore.Mvc.csproj", "{4987CA49-62D7-4840-B414-6264CE2526A4}"
EndProject
Project("{9A19103F-16F7-4668-BE54-9A1E7A4F7556}") = "KissU.Surging.Configuration.Apollo", "src\KissU.Surging.Configuration.Apollo\KissU.Surging.Configuration.Apollo.csproj", "{E4064CED-EBEF-44A9-B1A3-0B3BC079FC43}"
EndProject
Project("{9A19103F-16F7-4668-BE54-9A1E7A4F7556}") = "KissU.Util.Search", "src\KissU.Util.Search\KissU.Util.Search.csproj", "{05C9321C-EE46-4AFE-B79B-D8BA858F12BA}"
EndProject
Project("{9A19103F-16F7-4668-BE54-9A1E7A4F7556}") = "KissU.Util.EntityFrameworkCore.Oracle", "src\KissU.Util.EntityFrameworkCore.Oracle\KissU.Util.EntityFrameworkCore.Oracle.csproj", "{9914A66B-A07B-43CF-B82B-BFAFD1A25E5C}"
EndProject
Project("{9A19103F-16F7-4668-BE54-9A1E7A4F7556}") = "KissU.Util.Threading", "src\KissU.Util.Threading\KissU.Util.Threading.csproj", "{9A2B5FF7-CAC2-4AC1-A96E-60779C9FAD0D}"
EndProject
Project("{9A19103F-16F7-4668-BE54-9A1E7A4F7556}") = "KissU.Util.Dapper", "src\KissU.Util.Dapper\KissU.Util.Dapper.csproj", "{05ACBD55-8A6A-4399-AEF6-EFC307F83C40}"
EndProject
Project("{9A19103F-16F7-4668-BE54-9A1E7A4F7556}") = "KissU.Util.EntityFrameworkCore", "src\KissU.Util.EntityFrameworkCore\KissU.Util.EntityFrameworkCore.csproj", "{202357B2-5510-4DCE-8CC9-CC8A37AFDE43}"
EndProject
Project("{9A19103F-16F7-4668-BE54-9A1E7A4F7556}") = "KissU.Util.Ddd.Domain", "src\KissU.Util.Ddd.Domain\KissU.Util.Ddd.Domain.csproj", "{C4CC89D3-1BBC-40EF-9E98-AADD3E379798}"
EndProject
Project("{9A19103F-16F7-4668-BE54-9A1E7A4F7556}") = "KissU.Util.Ddd.Application", "src\KissU.Util.Ddd.Application\KissU.Util.Ddd.Application.csproj", "{FB6653FD-8747-419F-8123-E962EA333DFB}"
EndProject
Project("{9A19103F-16F7-4668-BE54-9A1E7A4F7556}") = "KissU.Util.Ddd.Application.Contracts", "src\KissU.Util.Ddd.Application.Contracts\KissU.Util.Ddd.Application.Contracts.csproj", "{769677B6-0606-4A8A-A881-F8CB84C7696C}"
EndProject
Project("{9A19103F-16F7-4668-BE54-9A1E7A4F7556}") = "KissU.Surging.ServiceHosting.Tests", "test\KissU.Surging.ServiceHosting.Tests\KissU.Surging.ServiceHosting.Tests.csproj", "{3ED5D580-AC24-498E-B9DD-634956CB5905}"
EndProject
Project("{9A19103F-16F7-4668-BE54-9A1E7A4F7556}") = "KissU.Util.Biz.Tests.Integration", "test\KissU.Util.Biz.Tests.Integration\KissU.Util.Biz.Tests.Integration.csproj", "{4FE7F73C-E85E-4E0A-8CAE-DBA44E53FF30}"
EndProject
Project("{9A19103F-16F7-4668-BE54-9A1E7A4F7556}") = "KissU.Util.Datas.Tests.Integration", "test\KissU.Util.Datas.Tests.Integration\KissU.Util.Datas.Tests.Integration.csproj", "{FD4DEDCD-5CE1-4E37-84CD-78980B033368}"
EndProject
Project("{9A19103F-16F7-4668-BE54-9A1E7A4F7556}") = "KissU.Util.Tests", "test\KissU.Util.Tests\KissU.Util.Tests.csproj", "{0BE304E7-14E1-411D-ACA9-5EC908683A83}"
EndProject
Project("{9A19103F-16F7-4668-BE54-9A1E7A4F7556}") = "KissU.Util.Tools.Offices.Tests.Integration", "test\KissU.Util.Tools.Offices.Tests.Integration\KissU.Util.Tools.Offices.Tests.Integration.csproj", "{4E15617B-4CBA-4C6E-9250-00B7132A4BF7}"
EndProject
Project("{9A19103F-16F7-4668-BE54-9A1E7A4F7556}") = "KissU.Core", "src\KissU.Core\KissU.Core.csproj", "{0B2AF152-4417-46BC-A652-6BF30EF0F101}"
EndProject
Project("{2150E333-8FDC-42A3-9474-1A3956D46DE8}") = "KissU.Surging", "KissU.Surging", "{85F3412F-E9B8-44DD-BDCB-2857986ADC68}"
EndProject
Project("{2150E333-8FDC-42A3-9474-1A3956D46DE8}") = "KissU.Util", "KissU.Util", "{6EF3FA82-5DEC-4DCB-9948-79FEFE3DBB9C}"
EndProject
Global
	GlobalSection(SolutionConfigurationPlatforms) = preSolution
		Debug|Any CPU = Debug|Any CPU
		Release|Any CPU = Release|Any CPU
	EndGlobalSection
	GlobalSection(ProjectConfigurationPlatforms) = postSolution
		{45CA1070-72A1-441E-82FF-FCE5774EB7C6}.Debug|Any CPU.ActiveCfg = Debug|Any CPU
		{45CA1070-72A1-441E-82FF-FCE5774EB7C6}.Debug|Any CPU.Build.0 = Debug|Any CPU
		{45CA1070-72A1-441E-82FF-FCE5774EB7C6}.Release|Any CPU.ActiveCfg = Release|Any CPU
		{45CA1070-72A1-441E-82FF-FCE5774EB7C6}.Release|Any CPU.Build.0 = Release|Any CPU
		{72C99BE0-30EA-48FF-856A-E41CD50DDD8C}.Debug|Any CPU.ActiveCfg = Debug|Any CPU
		{72C99BE0-30EA-48FF-856A-E41CD50DDD8C}.Debug|Any CPU.Build.0 = Debug|Any CPU
		{72C99BE0-30EA-48FF-856A-E41CD50DDD8C}.Release|Any CPU.ActiveCfg = Release|Any CPU
		{72C99BE0-30EA-48FF-856A-E41CD50DDD8C}.Release|Any CPU.Build.0 = Release|Any CPU
		{5739DCA2-086C-47AB-9E5F-A60A94AB47FF}.Debug|Any CPU.ActiveCfg = Debug|Any CPU
		{5739DCA2-086C-47AB-9E5F-A60A94AB47FF}.Debug|Any CPU.Build.0 = Debug|Any CPU
		{5739DCA2-086C-47AB-9E5F-A60A94AB47FF}.Release|Any CPU.ActiveCfg = Release|Any CPU
		{5739DCA2-086C-47AB-9E5F-A60A94AB47FF}.Release|Any CPU.Build.0 = Release|Any CPU
		{7232D8EA-5110-4A87-A778-2E7443BFF73C}.Debug|Any CPU.ActiveCfg = Debug|Any CPU
		{7232D8EA-5110-4A87-A778-2E7443BFF73C}.Debug|Any CPU.Build.0 = Debug|Any CPU
		{7232D8EA-5110-4A87-A778-2E7443BFF73C}.Release|Any CPU.ActiveCfg = Release|Any CPU
		{7232D8EA-5110-4A87-A778-2E7443BFF73C}.Release|Any CPU.Build.0 = Release|Any CPU
		{49D011BD-801C-43C8-83FB-4623C0140071}.Debug|Any CPU.ActiveCfg = Debug|Any CPU
		{49D011BD-801C-43C8-83FB-4623C0140071}.Debug|Any CPU.Build.0 = Debug|Any CPU
		{49D011BD-801C-43C8-83FB-4623C0140071}.Release|Any CPU.ActiveCfg = Release|Any CPU
		{49D011BD-801C-43C8-83FB-4623C0140071}.Release|Any CPU.Build.0 = Release|Any CPU
		{2C611C43-6B8D-4508-BEB3-031B58718E74}.Debug|Any CPU.ActiveCfg = Debug|Any CPU
		{2C611C43-6B8D-4508-BEB3-031B58718E74}.Debug|Any CPU.Build.0 = Debug|Any CPU
		{2C611C43-6B8D-4508-BEB3-031B58718E74}.Release|Any CPU.ActiveCfg = Release|Any CPU
		{2C611C43-6B8D-4508-BEB3-031B58718E74}.Release|Any CPU.Build.0 = Release|Any CPU
		{F3DDF88F-4F16-4032-8784-694072791F0D}.Debug|Any CPU.ActiveCfg = Debug|Any CPU
		{F3DDF88F-4F16-4032-8784-694072791F0D}.Debug|Any CPU.Build.0 = Debug|Any CPU
		{F3DDF88F-4F16-4032-8784-694072791F0D}.Release|Any CPU.ActiveCfg = Release|Any CPU
		{F3DDF88F-4F16-4032-8784-694072791F0D}.Release|Any CPU.Build.0 = Release|Any CPU
		{01B408D5-B942-4CEC-A16B-9D4C86A34762}.Debug|Any CPU.ActiveCfg = Debug|Any CPU
		{01B408D5-B942-4CEC-A16B-9D4C86A34762}.Debug|Any CPU.Build.0 = Debug|Any CPU
		{01B408D5-B942-4CEC-A16B-9D4C86A34762}.Release|Any CPU.ActiveCfg = Release|Any CPU
		{01B408D5-B942-4CEC-A16B-9D4C86A34762}.Release|Any CPU.Build.0 = Release|Any CPU
		{76DC928C-4C03-4EC4-BD8A-EF50A8EF5BB7}.Debug|Any CPU.ActiveCfg = Debug|Any CPU
		{76DC928C-4C03-4EC4-BD8A-EF50A8EF5BB7}.Debug|Any CPU.Build.0 = Debug|Any CPU
		{76DC928C-4C03-4EC4-BD8A-EF50A8EF5BB7}.Release|Any CPU.ActiveCfg = Release|Any CPU
		{76DC928C-4C03-4EC4-BD8A-EF50A8EF5BB7}.Release|Any CPU.Build.0 = Release|Any CPU
		{D9181864-ADCD-4A24-9DD6-A2C9642C8FF4}.Debug|Any CPU.ActiveCfg = Debug|Any CPU
		{D9181864-ADCD-4A24-9DD6-A2C9642C8FF4}.Debug|Any CPU.Build.0 = Debug|Any CPU
		{D9181864-ADCD-4A24-9DD6-A2C9642C8FF4}.Release|Any CPU.ActiveCfg = Release|Any CPU
		{D9181864-ADCD-4A24-9DD6-A2C9642C8FF4}.Release|Any CPU.Build.0 = Release|Any CPU
		{0A0D0011-815E-44C8-8003-88D61EC64C09}.Debug|Any CPU.ActiveCfg = Debug|Any CPU
		{0A0D0011-815E-44C8-8003-88D61EC64C09}.Debug|Any CPU.Build.0 = Debug|Any CPU
		{0A0D0011-815E-44C8-8003-88D61EC64C09}.Release|Any CPU.ActiveCfg = Release|Any CPU
		{0A0D0011-815E-44C8-8003-88D61EC64C09}.Release|Any CPU.Build.0 = Release|Any CPU
		{4CDDEDA4-8D7D-44BB-A4DA-5322F1E311D2}.Debug|Any CPU.ActiveCfg = Debug|Any CPU
		{4CDDEDA4-8D7D-44BB-A4DA-5322F1E311D2}.Debug|Any CPU.Build.0 = Debug|Any CPU
		{4CDDEDA4-8D7D-44BB-A4DA-5322F1E311D2}.Release|Any CPU.ActiveCfg = Release|Any CPU
		{4CDDEDA4-8D7D-44BB-A4DA-5322F1E311D2}.Release|Any CPU.Build.0 = Release|Any CPU
		{9E90FE21-74E0-4703-AF3A-159F8DA4E635}.Debug|Any CPU.ActiveCfg = Debug|Any CPU
		{9E90FE21-74E0-4703-AF3A-159F8DA4E635}.Debug|Any CPU.Build.0 = Debug|Any CPU
		{9E90FE21-74E0-4703-AF3A-159F8DA4E635}.Release|Any CPU.ActiveCfg = Release|Any CPU
		{9E90FE21-74E0-4703-AF3A-159F8DA4E635}.Release|Any CPU.Build.0 = Release|Any CPU
		{D4C75857-11D2-4F16-9E30-E3D6BEB015DD}.Debug|Any CPU.ActiveCfg = Debug|Any CPU
		{D4C75857-11D2-4F16-9E30-E3D6BEB015DD}.Debug|Any CPU.Build.0 = Debug|Any CPU
		{D4C75857-11D2-4F16-9E30-E3D6BEB015DD}.Release|Any CPU.ActiveCfg = Release|Any CPU
		{D4C75857-11D2-4F16-9E30-E3D6BEB015DD}.Release|Any CPU.Build.0 = Release|Any CPU
		{B2EE6699-58B0-47C3-8CA1-A718131700A5}.Debug|Any CPU.ActiveCfg = Debug|Any CPU
		{B2EE6699-58B0-47C3-8CA1-A718131700A5}.Debug|Any CPU.Build.0 = Debug|Any CPU
		{B2EE6699-58B0-47C3-8CA1-A718131700A5}.Release|Any CPU.ActiveCfg = Release|Any CPU
		{B2EE6699-58B0-47C3-8CA1-A718131700A5}.Release|Any CPU.Build.0 = Release|Any CPU
		{F0438BB2-E448-422C-A78E-9D2ABBAE3D4D}.Debug|Any CPU.ActiveCfg = Debug|Any CPU
		{F0438BB2-E448-422C-A78E-9D2ABBAE3D4D}.Debug|Any CPU.Build.0 = Debug|Any CPU
		{F0438BB2-E448-422C-A78E-9D2ABBAE3D4D}.Release|Any CPU.ActiveCfg = Release|Any CPU
		{F0438BB2-E448-422C-A78E-9D2ABBAE3D4D}.Release|Any CPU.Build.0 = Release|Any CPU
		{1696A0C3-E1E5-406E-8552-B3A7F6D52D8A}.Debug|Any CPU.ActiveCfg = Debug|Any CPU
		{1696A0C3-E1E5-406E-8552-B3A7F6D52D8A}.Debug|Any CPU.Build.0 = Debug|Any CPU
		{1696A0C3-E1E5-406E-8552-B3A7F6D52D8A}.Release|Any CPU.ActiveCfg = Release|Any CPU
		{1696A0C3-E1E5-406E-8552-B3A7F6D52D8A}.Release|Any CPU.Build.0 = Release|Any CPU
		{A3DC2456-2BEC-4224-AA95-BE1915B9377F}.Debug|Any CPU.ActiveCfg = Debug|Any CPU
		{A3DC2456-2BEC-4224-AA95-BE1915B9377F}.Debug|Any CPU.Build.0 = Debug|Any CPU
		{A3DC2456-2BEC-4224-AA95-BE1915B9377F}.Release|Any CPU.ActiveCfg = Release|Any CPU
		{A3DC2456-2BEC-4224-AA95-BE1915B9377F}.Release|Any CPU.Build.0 = Release|Any CPU
		{750B3E79-67C6-46A3-B08D-8A3010E8FFC7}.Debug|Any CPU.ActiveCfg = Debug|Any CPU
		{750B3E79-67C6-46A3-B08D-8A3010E8FFC7}.Debug|Any CPU.Build.0 = Debug|Any CPU
		{750B3E79-67C6-46A3-B08D-8A3010E8FFC7}.Release|Any CPU.ActiveCfg = Release|Any CPU
		{750B3E79-67C6-46A3-B08D-8A3010E8FFC7}.Release|Any CPU.Build.0 = Release|Any CPU
		{FFB9A30E-F36D-4243-BEDA-CB1B3DB646E1}.Debug|Any CPU.ActiveCfg = Debug|Any CPU
		{FFB9A30E-F36D-4243-BEDA-CB1B3DB646E1}.Debug|Any CPU.Build.0 = Debug|Any CPU
		{FFB9A30E-F36D-4243-BEDA-CB1B3DB646E1}.Release|Any CPU.ActiveCfg = Release|Any CPU
		{FFB9A30E-F36D-4243-BEDA-CB1B3DB646E1}.Release|Any CPU.Build.0 = Release|Any CPU
		{E73E092B-24D0-4C54-BD26-F01C89A31652}.Debug|Any CPU.ActiveCfg = Debug|Any CPU
		{E73E092B-24D0-4C54-BD26-F01C89A31652}.Debug|Any CPU.Build.0 = Debug|Any CPU
		{E73E092B-24D0-4C54-BD26-F01C89A31652}.Release|Any CPU.ActiveCfg = Release|Any CPU
		{E73E092B-24D0-4C54-BD26-F01C89A31652}.Release|Any CPU.Build.0 = Release|Any CPU
		{C5A07EEF-0F59-4621-83BF-6B90BF324BF7}.Debug|Any CPU.ActiveCfg = Debug|Any CPU
		{C5A07EEF-0F59-4621-83BF-6B90BF324BF7}.Debug|Any CPU.Build.0 = Debug|Any CPU
		{C5A07EEF-0F59-4621-83BF-6B90BF324BF7}.Release|Any CPU.ActiveCfg = Release|Any CPU
		{C5A07EEF-0F59-4621-83BF-6B90BF324BF7}.Release|Any CPU.Build.0 = Release|Any CPU
		{6C05E7AF-E9EB-4D23-9C08-947E26E0C1E1}.Debug|Any CPU.ActiveCfg = Debug|Any CPU
		{6C05E7AF-E9EB-4D23-9C08-947E26E0C1E1}.Debug|Any CPU.Build.0 = Debug|Any CPU
		{6C05E7AF-E9EB-4D23-9C08-947E26E0C1E1}.Release|Any CPU.ActiveCfg = Release|Any CPU
		{6C05E7AF-E9EB-4D23-9C08-947E26E0C1E1}.Release|Any CPU.Build.0 = Release|Any CPU
		{B5754E2C-D258-40F7-A3AF-7457FBAE52BB}.Debug|Any CPU.ActiveCfg = Debug|Any CPU
		{B5754E2C-D258-40F7-A3AF-7457FBAE52BB}.Debug|Any CPU.Build.0 = Debug|Any CPU
		{B5754E2C-D258-40F7-A3AF-7457FBAE52BB}.Release|Any CPU.ActiveCfg = Release|Any CPU
		{B5754E2C-D258-40F7-A3AF-7457FBAE52BB}.Release|Any CPU.Build.0 = Release|Any CPU
		{6254E583-4BE2-4E6F-B859-54F50E8CE8A2}.Debug|Any CPU.ActiveCfg = Debug|Any CPU
		{6254E583-4BE2-4E6F-B859-54F50E8CE8A2}.Debug|Any CPU.Build.0 = Debug|Any CPU
		{6254E583-4BE2-4E6F-B859-54F50E8CE8A2}.Release|Any CPU.ActiveCfg = Release|Any CPU
		{6254E583-4BE2-4E6F-B859-54F50E8CE8A2}.Release|Any CPU.Build.0 = Release|Any CPU
		{882509A8-C9ED-439E-871F-7D44706A9CC3}.Debug|Any CPU.ActiveCfg = Debug|Any CPU
		{882509A8-C9ED-439E-871F-7D44706A9CC3}.Debug|Any CPU.Build.0 = Debug|Any CPU
		{882509A8-C9ED-439E-871F-7D44706A9CC3}.Release|Any CPU.ActiveCfg = Release|Any CPU
		{882509A8-C9ED-439E-871F-7D44706A9CC3}.Release|Any CPU.Build.0 = Release|Any CPU
		{2F3CE0B7-52EB-4831-B94B-38BCF173FB19}.Debug|Any CPU.ActiveCfg = Debug|Any CPU
		{2F3CE0B7-52EB-4831-B94B-38BCF173FB19}.Debug|Any CPU.Build.0 = Debug|Any CPU
		{2F3CE0B7-52EB-4831-B94B-38BCF173FB19}.Release|Any CPU.ActiveCfg = Release|Any CPU
		{2F3CE0B7-52EB-4831-B94B-38BCF173FB19}.Release|Any CPU.Build.0 = Release|Any CPU
		{70319181-F31A-45C4-A88C-4A4781C4504F}.Debug|Any CPU.ActiveCfg = Debug|Any CPU
		{70319181-F31A-45C4-A88C-4A4781C4504F}.Debug|Any CPU.Build.0 = Debug|Any CPU
		{70319181-F31A-45C4-A88C-4A4781C4504F}.Release|Any CPU.ActiveCfg = Release|Any CPU
		{70319181-F31A-45C4-A88C-4A4781C4504F}.Release|Any CPU.Build.0 = Release|Any CPU
		{8026C9AF-1D77-4206-897B-692800DE6BD7}.Debug|Any CPU.ActiveCfg = Debug|Any CPU
		{8026C9AF-1D77-4206-897B-692800DE6BD7}.Debug|Any CPU.Build.0 = Debug|Any CPU
		{8026C9AF-1D77-4206-897B-692800DE6BD7}.Release|Any CPU.ActiveCfg = Release|Any CPU
		{8026C9AF-1D77-4206-897B-692800DE6BD7}.Release|Any CPU.Build.0 = Release|Any CPU
		{E72EAC21-2C6F-4096-AA3C-AD1EA45C1003}.Debug|Any CPU.ActiveCfg = Debug|Any CPU
		{E72EAC21-2C6F-4096-AA3C-AD1EA45C1003}.Debug|Any CPU.Build.0 = Debug|Any CPU
		{E72EAC21-2C6F-4096-AA3C-AD1EA45C1003}.Release|Any CPU.ActiveCfg = Release|Any CPU
		{E72EAC21-2C6F-4096-AA3C-AD1EA45C1003}.Release|Any CPU.Build.0 = Release|Any CPU
		{C7F7B887-003D-4691-904F-F99DB4F56D69}.Debug|Any CPU.ActiveCfg = Debug|Any CPU
		{C7F7B887-003D-4691-904F-F99DB4F56D69}.Debug|Any CPU.Build.0 = Debug|Any CPU
		{C7F7B887-003D-4691-904F-F99DB4F56D69}.Release|Any CPU.ActiveCfg = Release|Any CPU
		{C7F7B887-003D-4691-904F-F99DB4F56D69}.Release|Any CPU.Build.0 = Release|Any CPU
		{C8E46CFD-2740-4124-A227-93FB34039B0C}.Debug|Any CPU.ActiveCfg = Debug|Any CPU
		{C8E46CFD-2740-4124-A227-93FB34039B0C}.Debug|Any CPU.Build.0 = Debug|Any CPU
		{C8E46CFD-2740-4124-A227-93FB34039B0C}.Release|Any CPU.ActiveCfg = Release|Any CPU
		{C8E46CFD-2740-4124-A227-93FB34039B0C}.Release|Any CPU.Build.0 = Release|Any CPU
		{4710EA6B-FFB2-4A15-AD03-3F51283BF0F0}.Debug|Any CPU.ActiveCfg = Debug|Any CPU
		{4710EA6B-FFB2-4A15-AD03-3F51283BF0F0}.Debug|Any CPU.Build.0 = Debug|Any CPU
		{4710EA6B-FFB2-4A15-AD03-3F51283BF0F0}.Release|Any CPU.ActiveCfg = Release|Any CPU
		{4710EA6B-FFB2-4A15-AD03-3F51283BF0F0}.Release|Any CPU.Build.0 = Release|Any CPU
		{365D110C-0D40-4DA8-BB29-558050FACB6E}.Debug|Any CPU.ActiveCfg = Debug|Any CPU
		{365D110C-0D40-4DA8-BB29-558050FACB6E}.Debug|Any CPU.Build.0 = Debug|Any CPU
		{365D110C-0D40-4DA8-BB29-558050FACB6E}.Release|Any CPU.ActiveCfg = Release|Any CPU
		{365D110C-0D40-4DA8-BB29-558050FACB6E}.Release|Any CPU.Build.0 = Release|Any CPU
		{6F63B30C-34EC-4429-81B0-3FB1F107AE56}.Debug|Any CPU.ActiveCfg = Debug|Any CPU
		{6F63B30C-34EC-4429-81B0-3FB1F107AE56}.Debug|Any CPU.Build.0 = Debug|Any CPU
		{6F63B30C-34EC-4429-81B0-3FB1F107AE56}.Release|Any CPU.ActiveCfg = Release|Any CPU
		{6F63B30C-34EC-4429-81B0-3FB1F107AE56}.Release|Any CPU.Build.0 = Release|Any CPU
		{358C0383-E858-4681-AE2B-EDA5B4D8FB9B}.Debug|Any CPU.ActiveCfg = Debug|Any CPU
		{358C0383-E858-4681-AE2B-EDA5B4D8FB9B}.Debug|Any CPU.Build.0 = Debug|Any CPU
		{358C0383-E858-4681-AE2B-EDA5B4D8FB9B}.Release|Any CPU.ActiveCfg = Release|Any CPU
		{358C0383-E858-4681-AE2B-EDA5B4D8FB9B}.Release|Any CPU.Build.0 = Release|Any CPU
		{BB001DE2-D4DD-4015-A070-341851A7252D}.Debug|Any CPU.ActiveCfg = Debug|Any CPU
		{BB001DE2-D4DD-4015-A070-341851A7252D}.Debug|Any CPU.Build.0 = Debug|Any CPU
		{BB001DE2-D4DD-4015-A070-341851A7252D}.Release|Any CPU.ActiveCfg = Release|Any CPU
		{BB001DE2-D4DD-4015-A070-341851A7252D}.Release|Any CPU.Build.0 = Release|Any CPU
		{246793A0-82BC-4BD5-8ED4-B0E2A2982476}.Debug|Any CPU.ActiveCfg = Debug|Any CPU
		{246793A0-82BC-4BD5-8ED4-B0E2A2982476}.Debug|Any CPU.Build.0 = Debug|Any CPU
		{246793A0-82BC-4BD5-8ED4-B0E2A2982476}.Release|Any CPU.ActiveCfg = Release|Any CPU
		{246793A0-82BC-4BD5-8ED4-B0E2A2982476}.Release|Any CPU.Build.0 = Release|Any CPU
		{2D65CB8B-C338-4DE6-9389-94AE9A6ED59B}.Debug|Any CPU.ActiveCfg = Debug|Any CPU
		{2D65CB8B-C338-4DE6-9389-94AE9A6ED59B}.Debug|Any CPU.Build.0 = Debug|Any CPU
		{2D65CB8B-C338-4DE6-9389-94AE9A6ED59B}.Release|Any CPU.ActiveCfg = Release|Any CPU
		{2D65CB8B-C338-4DE6-9389-94AE9A6ED59B}.Release|Any CPU.Build.0 = Release|Any CPU
		{5C93C1B9-2BAF-4EAC-A811-1D3B3EE71912}.Debug|Any CPU.ActiveCfg = Debug|Any CPU
		{5C93C1B9-2BAF-4EAC-A811-1D3B3EE71912}.Debug|Any CPU.Build.0 = Debug|Any CPU
		{5C93C1B9-2BAF-4EAC-A811-1D3B3EE71912}.Release|Any CPU.ActiveCfg = Release|Any CPU
		{5C93C1B9-2BAF-4EAC-A811-1D3B3EE71912}.Release|Any CPU.Build.0 = Release|Any CPU
		{5CFC8C22-238C-4BA1-B02B-806883747A6F}.Debug|Any CPU.ActiveCfg = Debug|Any CPU
		{5CFC8C22-238C-4BA1-B02B-806883747A6F}.Debug|Any CPU.Build.0 = Debug|Any CPU
		{5CFC8C22-238C-4BA1-B02B-806883747A6F}.Release|Any CPU.ActiveCfg = Release|Any CPU
		{5CFC8C22-238C-4BA1-B02B-806883747A6F}.Release|Any CPU.Build.0 = Release|Any CPU
		{3B143AB8-558F-4A8A-B4EA-63FF73F43209}.Debug|Any CPU.ActiveCfg = Debug|Any CPU
		{3B143AB8-558F-4A8A-B4EA-63FF73F43209}.Debug|Any CPU.Build.0 = Debug|Any CPU
		{3B143AB8-558F-4A8A-B4EA-63FF73F43209}.Release|Any CPU.ActiveCfg = Release|Any CPU
		{3B143AB8-558F-4A8A-B4EA-63FF73F43209}.Release|Any CPU.Build.0 = Release|Any CPU
		{F1758B31-C2F1-4E58-AE64-DBF3A9DE2E47}.Debug|Any CPU.ActiveCfg = Debug|Any CPU
		{F1758B31-C2F1-4E58-AE64-DBF3A9DE2E47}.Debug|Any CPU.Build.0 = Debug|Any CPU
		{F1758B31-C2F1-4E58-AE64-DBF3A9DE2E47}.Release|Any CPU.ActiveCfg = Release|Any CPU
		{F1758B31-C2F1-4E58-AE64-DBF3A9DE2E47}.Release|Any CPU.Build.0 = Release|Any CPU
		{97E69325-9834-4761-91CE-A1F933D24B38}.Debug|Any CPU.ActiveCfg = Debug|Any CPU
		{97E69325-9834-4761-91CE-A1F933D24B38}.Debug|Any CPU.Build.0 = Debug|Any CPU
		{97E69325-9834-4761-91CE-A1F933D24B38}.Release|Any CPU.ActiveCfg = Release|Any CPU
		{97E69325-9834-4761-91CE-A1F933D24B38}.Release|Any CPU.Build.0 = Release|Any CPU
		{A565CA91-F0A2-4F01-80D1-E1CDD5A031AF}.Debug|Any CPU.ActiveCfg = Debug|Any CPU
		{A565CA91-F0A2-4F01-80D1-E1CDD5A031AF}.Debug|Any CPU.Build.0 = Debug|Any CPU
		{A565CA91-F0A2-4F01-80D1-E1CDD5A031AF}.Release|Any CPU.ActiveCfg = Release|Any CPU
		{A565CA91-F0A2-4F01-80D1-E1CDD5A031AF}.Release|Any CPU.Build.0 = Release|Any CPU
		{5EEDC170-07E8-47D1-AAFE-4FC72AF5E2EF}.Debug|Any CPU.ActiveCfg = Debug|Any CPU
		{5EEDC170-07E8-47D1-AAFE-4FC72AF5E2EF}.Debug|Any CPU.Build.0 = Debug|Any CPU
		{5EEDC170-07E8-47D1-AAFE-4FC72AF5E2EF}.Release|Any CPU.ActiveCfg = Release|Any CPU
		{5EEDC170-07E8-47D1-AAFE-4FC72AF5E2EF}.Release|Any CPU.Build.0 = Release|Any CPU
		{394D1435-2956-4714-B22D-6EEB14E3AE10}.Debug|Any CPU.ActiveCfg = Debug|Any CPU
		{394D1435-2956-4714-B22D-6EEB14E3AE10}.Debug|Any CPU.Build.0 = Debug|Any CPU
		{394D1435-2956-4714-B22D-6EEB14E3AE10}.Release|Any CPU.ActiveCfg = Release|Any CPU
		{394D1435-2956-4714-B22D-6EEB14E3AE10}.Release|Any CPU.Build.0 = Release|Any CPU
		{4987CA49-62D7-4840-B414-6264CE2526A4}.Debug|Any CPU.ActiveCfg = Debug|Any CPU
		{4987CA49-62D7-4840-B414-6264CE2526A4}.Debug|Any CPU.Build.0 = Debug|Any CPU
		{4987CA49-62D7-4840-B414-6264CE2526A4}.Release|Any CPU.ActiveCfg = Release|Any CPU
		{4987CA49-62D7-4840-B414-6264CE2526A4}.Release|Any CPU.Build.0 = Release|Any CPU
		{E4064CED-EBEF-44A9-B1A3-0B3BC079FC43}.Debug|Any CPU.ActiveCfg = Debug|Any CPU
		{E4064CED-EBEF-44A9-B1A3-0B3BC079FC43}.Debug|Any CPU.Build.0 = Debug|Any CPU
		{E4064CED-EBEF-44A9-B1A3-0B3BC079FC43}.Release|Any CPU.ActiveCfg = Release|Any CPU
		{E4064CED-EBEF-44A9-B1A3-0B3BC079FC43}.Release|Any CPU.Build.0 = Release|Any CPU
		{05C9321C-EE46-4AFE-B79B-D8BA858F12BA}.Debug|Any CPU.ActiveCfg = Debug|Any CPU
		{05C9321C-EE46-4AFE-B79B-D8BA858F12BA}.Debug|Any CPU.Build.0 = Debug|Any CPU
		{05C9321C-EE46-4AFE-B79B-D8BA858F12BA}.Release|Any CPU.ActiveCfg = Release|Any CPU
		{05C9321C-EE46-4AFE-B79B-D8BA858F12BA}.Release|Any CPU.Build.0 = Release|Any CPU
		{9914A66B-A07B-43CF-B82B-BFAFD1A25E5C}.Debug|Any CPU.ActiveCfg = Debug|Any CPU
		{9914A66B-A07B-43CF-B82B-BFAFD1A25E5C}.Debug|Any CPU.Build.0 = Debug|Any CPU
		{9914A66B-A07B-43CF-B82B-BFAFD1A25E5C}.Release|Any CPU.ActiveCfg = Release|Any CPU
		{9914A66B-A07B-43CF-B82B-BFAFD1A25E5C}.Release|Any CPU.Build.0 = Release|Any CPU
		{9A2B5FF7-CAC2-4AC1-A96E-60779C9FAD0D}.Debug|Any CPU.ActiveCfg = Debug|Any CPU
		{9A2B5FF7-CAC2-4AC1-A96E-60779C9FAD0D}.Debug|Any CPU.Build.0 = Debug|Any CPU
		{9A2B5FF7-CAC2-4AC1-A96E-60779C9FAD0D}.Release|Any CPU.ActiveCfg = Release|Any CPU
		{9A2B5FF7-CAC2-4AC1-A96E-60779C9FAD0D}.Release|Any CPU.Build.0 = Release|Any CPU
		{05ACBD55-8A6A-4399-AEF6-EFC307F83C40}.Debug|Any CPU.ActiveCfg = Debug|Any CPU
		{05ACBD55-8A6A-4399-AEF6-EFC307F83C40}.Debug|Any CPU.Build.0 = Debug|Any CPU
		{05ACBD55-8A6A-4399-AEF6-EFC307F83C40}.Release|Any CPU.ActiveCfg = Release|Any CPU
		{05ACBD55-8A6A-4399-AEF6-EFC307F83C40}.Release|Any CPU.Build.0 = Release|Any CPU
		{202357B2-5510-4DCE-8CC9-CC8A37AFDE43}.Debug|Any CPU.ActiveCfg = Debug|Any CPU
		{202357B2-5510-4DCE-8CC9-CC8A37AFDE43}.Debug|Any CPU.Build.0 = Debug|Any CPU
		{202357B2-5510-4DCE-8CC9-CC8A37AFDE43}.Release|Any CPU.ActiveCfg = Release|Any CPU
		{202357B2-5510-4DCE-8CC9-CC8A37AFDE43}.Release|Any CPU.Build.0 = Release|Any CPU
		{C4CC89D3-1BBC-40EF-9E98-AADD3E379798}.Debug|Any CPU.ActiveCfg = Debug|Any CPU
		{C4CC89D3-1BBC-40EF-9E98-AADD3E379798}.Debug|Any CPU.Build.0 = Debug|Any CPU
		{C4CC89D3-1BBC-40EF-9E98-AADD3E379798}.Release|Any CPU.ActiveCfg = Release|Any CPU
		{C4CC89D3-1BBC-40EF-9E98-AADD3E379798}.Release|Any CPU.Build.0 = Release|Any CPU
		{FB6653FD-8747-419F-8123-E962EA333DFB}.Debug|Any CPU.ActiveCfg = Debug|Any CPU
		{FB6653FD-8747-419F-8123-E962EA333DFB}.Debug|Any CPU.Build.0 = Debug|Any CPU
		{FB6653FD-8747-419F-8123-E962EA333DFB}.Release|Any CPU.ActiveCfg = Release|Any CPU
		{FB6653FD-8747-419F-8123-E962EA333DFB}.Release|Any CPU.Build.0 = Release|Any CPU
		{769677B6-0606-4A8A-A881-F8CB84C7696C}.Debug|Any CPU.ActiveCfg = Debug|Any CPU
		{769677B6-0606-4A8A-A881-F8CB84C7696C}.Debug|Any CPU.Build.0 = Debug|Any CPU
		{769677B6-0606-4A8A-A881-F8CB84C7696C}.Release|Any CPU.ActiveCfg = Release|Any CPU
		{769677B6-0606-4A8A-A881-F8CB84C7696C}.Release|Any CPU.Build.0 = Release|Any CPU
		{3ED5D580-AC24-498E-B9DD-634956CB5905}.Debug|Any CPU.ActiveCfg = Debug|Any CPU
		{3ED5D580-AC24-498E-B9DD-634956CB5905}.Debug|Any CPU.Build.0 = Debug|Any CPU
		{3ED5D580-AC24-498E-B9DD-634956CB5905}.Release|Any CPU.ActiveCfg = Release|Any CPU
		{3ED5D580-AC24-498E-B9DD-634956CB5905}.Release|Any CPU.Build.0 = Release|Any CPU
		{4FE7F73C-E85E-4E0A-8CAE-DBA44E53FF30}.Debug|Any CPU.ActiveCfg = Debug|Any CPU
		{4FE7F73C-E85E-4E0A-8CAE-DBA44E53FF30}.Debug|Any CPU.Build.0 = Debug|Any CPU
		{4FE7F73C-E85E-4E0A-8CAE-DBA44E53FF30}.Release|Any CPU.ActiveCfg = Release|Any CPU
		{4FE7F73C-E85E-4E0A-8CAE-DBA44E53FF30}.Release|Any CPU.Build.0 = Release|Any CPU
		{FD4DEDCD-5CE1-4E37-84CD-78980B033368}.Debug|Any CPU.ActiveCfg = Debug|Any CPU
		{FD4DEDCD-5CE1-4E37-84CD-78980B033368}.Debug|Any CPU.Build.0 = Debug|Any CPU
		{FD4DEDCD-5CE1-4E37-84CD-78980B033368}.Release|Any CPU.ActiveCfg = Release|Any CPU
		{FD4DEDCD-5CE1-4E37-84CD-78980B033368}.Release|Any CPU.Build.0 = Release|Any CPU
		{0BE304E7-14E1-411D-ACA9-5EC908683A83}.Debug|Any CPU.ActiveCfg = Debug|Any CPU
		{0BE304E7-14E1-411D-ACA9-5EC908683A83}.Debug|Any CPU.Build.0 = Debug|Any CPU
		{0BE304E7-14E1-411D-ACA9-5EC908683A83}.Release|Any CPU.ActiveCfg = Release|Any CPU
		{0BE304E7-14E1-411D-ACA9-5EC908683A83}.Release|Any CPU.Build.0 = Release|Any CPU
		{4E15617B-4CBA-4C6E-9250-00B7132A4BF7}.Debug|Any CPU.ActiveCfg = Debug|Any CPU
		{4E15617B-4CBA-4C6E-9250-00B7132A4BF7}.Debug|Any CPU.Build.0 = Debug|Any CPU
		{4E15617B-4CBA-4C6E-9250-00B7132A4BF7}.Release|Any CPU.ActiveCfg = Release|Any CPU
		{4E15617B-4CBA-4C6E-9250-00B7132A4BF7}.Release|Any CPU.Build.0 = Release|Any CPU
		{0B2AF152-4417-46BC-A652-6BF30EF0F101}.Debug|Any CPU.ActiveCfg = Debug|Any CPU
		{0B2AF152-4417-46BC-A652-6BF30EF0F101}.Debug|Any CPU.Build.0 = Debug|Any CPU
		{0B2AF152-4417-46BC-A652-6BF30EF0F101}.Release|Any CPU.ActiveCfg = Release|Any CPU
		{0B2AF152-4417-46BC-A652-6BF30EF0F101}.Release|Any CPU.Build.0 = Release|Any CPU
	EndGlobalSection
	GlobalSection(SolutionProperties) = preSolution
		HideSolutionNode = FALSE
	EndGlobalSection
	GlobalSection(NestedProjects) = preSolution
		{45CA1070-72A1-441E-82FF-FCE5774EB7C6} = {6EF3FA82-5DEC-4DCB-9948-79FEFE3DBB9C}
		{72C99BE0-30EA-48FF-856A-E41CD50DDD8C} = {6EF3FA82-5DEC-4DCB-9948-79FEFE3DBB9C}
		{5739DCA2-086C-47AB-9E5F-A60A94AB47FF} = {6EF3FA82-5DEC-4DCB-9948-79FEFE3DBB9C}
		{7232D8EA-5110-4A87-A778-2E7443BFF73C} = {6EF3FA82-5DEC-4DCB-9948-79FEFE3DBB9C}
		{49D011BD-801C-43C8-83FB-4623C0140071} = {6EF3FA82-5DEC-4DCB-9948-79FEFE3DBB9C}
		{2C611C43-6B8D-4508-BEB3-031B58718E74} = {6EF3FA82-5DEC-4DCB-9948-79FEFE3DBB9C}
		{F3DDF88F-4F16-4032-8784-694072791F0D} = {6EF3FA82-5DEC-4DCB-9948-79FEFE3DBB9C}
		{01B408D5-B942-4CEC-A16B-9D4C86A34762} = {6EF3FA82-5DEC-4DCB-9948-79FEFE3DBB9C}
		{76DC928C-4C03-4EC4-BD8A-EF50A8EF5BB7} = {6EF3FA82-5DEC-4DCB-9948-79FEFE3DBB9C}
		{D9181864-ADCD-4A24-9DD6-A2C9642C8FF4} = {6EF3FA82-5DEC-4DCB-9948-79FEFE3DBB9C}
		{0A0D0011-815E-44C8-8003-88D61EC64C09} = {6EF3FA82-5DEC-4DCB-9948-79FEFE3DBB9C}
		{4CDDEDA4-8D7D-44BB-A4DA-5322F1E311D2} = {F1B4AAEF-9162-4DFA-8B62-4069FC914839}
		{9E90FE21-74E0-4703-AF3A-159F8DA4E635} = {F1B4AAEF-9162-4DFA-8B62-4069FC914839}
		{D4C75857-11D2-4F16-9E30-E3D6BEB015DD} = {85F3412F-E9B8-44DD-BDCB-2857986ADC68}
		{B2EE6699-58B0-47C3-8CA1-A718131700A5} = {85F3412F-E9B8-44DD-BDCB-2857986ADC68}
		{F0438BB2-E448-422C-A78E-9D2ABBAE3D4D} = {85F3412F-E9B8-44DD-BDCB-2857986ADC68}
		{1696A0C3-E1E5-406E-8552-B3A7F6D52D8A} = {85F3412F-E9B8-44DD-BDCB-2857986ADC68}
		{A3DC2456-2BEC-4224-AA95-BE1915B9377F} = {85F3412F-E9B8-44DD-BDCB-2857986ADC68}
		{750B3E79-67C6-46A3-B08D-8A3010E8FFC7} = {85F3412F-E9B8-44DD-BDCB-2857986ADC68}
		{FFB9A30E-F36D-4243-BEDA-CB1B3DB646E1} = {85F3412F-E9B8-44DD-BDCB-2857986ADC68}
		{E73E092B-24D0-4C54-BD26-F01C89A31652} = {85F3412F-E9B8-44DD-BDCB-2857986ADC68}
		{C5A07EEF-0F59-4621-83BF-6B90BF324BF7} = {85F3412F-E9B8-44DD-BDCB-2857986ADC68}
		{6C05E7AF-E9EB-4D23-9C08-947E26E0C1E1} = {85F3412F-E9B8-44DD-BDCB-2857986ADC68}
		{B5754E2C-D258-40F7-A3AF-7457FBAE52BB} = {85F3412F-E9B8-44DD-BDCB-2857986ADC68}
		{6254E583-4BE2-4E6F-B859-54F50E8CE8A2} = {85F3412F-E9B8-44DD-BDCB-2857986ADC68}
		{882509A8-C9ED-439E-871F-7D44706A9CC3} = {85F3412F-E9B8-44DD-BDCB-2857986ADC68}
		{2F3CE0B7-52EB-4831-B94B-38BCF173FB19} = {85F3412F-E9B8-44DD-BDCB-2857986ADC68}
		{70319181-F31A-45C4-A88C-4A4781C4504F} = {85F3412F-E9B8-44DD-BDCB-2857986ADC68}
		{8026C9AF-1D77-4206-897B-692800DE6BD7} = {85F3412F-E9B8-44DD-BDCB-2857986ADC68}
		{E72EAC21-2C6F-4096-AA3C-AD1EA45C1003} = {85F3412F-E9B8-44DD-BDCB-2857986ADC68}
		{C7F7B887-003D-4691-904F-F99DB4F56D69} = {85F3412F-E9B8-44DD-BDCB-2857986ADC68}
		{C8E46CFD-2740-4124-A227-93FB34039B0C} = {85F3412F-E9B8-44DD-BDCB-2857986ADC68}
		{4710EA6B-FFB2-4A15-AD03-3F51283BF0F0} = {85F3412F-E9B8-44DD-BDCB-2857986ADC68}
		{365D110C-0D40-4DA8-BB29-558050FACB6E} = {85F3412F-E9B8-44DD-BDCB-2857986ADC68}
		{6F63B30C-34EC-4429-81B0-3FB1F107AE56} = {85F3412F-E9B8-44DD-BDCB-2857986ADC68}
		{358C0383-E858-4681-AE2B-EDA5B4D8FB9B} = {85F3412F-E9B8-44DD-BDCB-2857986ADC68}
		{BB001DE2-D4DD-4015-A070-341851A7252D} = {85F3412F-E9B8-44DD-BDCB-2857986ADC68}
		{246793A0-82BC-4BD5-8ED4-B0E2A2982476} = {85F3412F-E9B8-44DD-BDCB-2857986ADC68}
		{2D65CB8B-C338-4DE6-9389-94AE9A6ED59B} = {85F3412F-E9B8-44DD-BDCB-2857986ADC68}
		{5C93C1B9-2BAF-4EAC-A811-1D3B3EE71912} = {85F3412F-E9B8-44DD-BDCB-2857986ADC68}
		{5CFC8C22-238C-4BA1-B02B-806883747A6F} = {85F3412F-E9B8-44DD-BDCB-2857986ADC68}
		{3B143AB8-558F-4A8A-B4EA-63FF73F43209} = {F1B4AAEF-9162-4DFA-8B62-4069FC914839}
		{F1758B31-C2F1-4E58-AE64-DBF3A9DE2E47} = {6EF3FA82-5DEC-4DCB-9948-79FEFE3DBB9C}
		{97E69325-9834-4761-91CE-A1F933D24B38} = {6EF3FA82-5DEC-4DCB-9948-79FEFE3DBB9C}
		{A565CA91-F0A2-4F01-80D1-E1CDD5A031AF} = {6EF3FA82-5DEC-4DCB-9948-79FEFE3DBB9C}
		{5EEDC170-07E8-47D1-AAFE-4FC72AF5E2EF} = {85F3412F-E9B8-44DD-BDCB-2857986ADC68}
		{394D1435-2956-4714-B22D-6EEB14E3AE10} = {6EF3FA82-5DEC-4DCB-9948-79FEFE3DBB9C}
		{4987CA49-62D7-4840-B414-6264CE2526A4} = {6EF3FA82-5DEC-4DCB-9948-79FEFE3DBB9C}
		{E4064CED-EBEF-44A9-B1A3-0B3BC079FC43} = {85F3412F-E9B8-44DD-BDCB-2857986ADC68}
		{05C9321C-EE46-4AFE-B79B-D8BA858F12BA} = {6EF3FA82-5DEC-4DCB-9948-79FEFE3DBB9C}
		{9914A66B-A07B-43CF-B82B-BFAFD1A25E5C} = {6EF3FA82-5DEC-4DCB-9948-79FEFE3DBB9C}
		{9A2B5FF7-CAC2-4AC1-A96E-60779C9FAD0D} = {6EF3FA82-5DEC-4DCB-9948-79FEFE3DBB9C}
		{05ACBD55-8A6A-4399-AEF6-EFC307F83C40} = {6EF3FA82-5DEC-4DCB-9948-79FEFE3DBB9C}
		{202357B2-5510-4DCE-8CC9-CC8A37AFDE43} = {6EF3FA82-5DEC-4DCB-9948-79FEFE3DBB9C}
		{C4CC89D3-1BBC-40EF-9E98-AADD3E379798} = {6EF3FA82-5DEC-4DCB-9948-79FEFE3DBB9C}
		{FB6653FD-8747-419F-8123-E962EA333DFB} = {6EF3FA82-5DEC-4DCB-9948-79FEFE3DBB9C}
		{769677B6-0606-4A8A-A881-F8CB84C7696C} = {6EF3FA82-5DEC-4DCB-9948-79FEFE3DBB9C}
		{3ED5D580-AC24-498E-B9DD-634956CB5905} = {8C5BB6A1-6362-4935-9278-993935F43949}
		{4FE7F73C-E85E-4E0A-8CAE-DBA44E53FF30} = {8C5BB6A1-6362-4935-9278-993935F43949}
		{FD4DEDCD-5CE1-4E37-84CD-78980B033368} = {8C5BB6A1-6362-4935-9278-993935F43949}
		{0BE304E7-14E1-411D-ACA9-5EC908683A83} = {8C5BB6A1-6362-4935-9278-993935F43949}
		{4E15617B-4CBA-4C6E-9250-00B7132A4BF7} = {8C5BB6A1-6362-4935-9278-993935F43949}
		{0B2AF152-4417-46BC-A652-6BF30EF0F101} = {F1B4AAEF-9162-4DFA-8B62-4069FC914839}
		{85F3412F-E9B8-44DD-BDCB-2857986ADC68} = {F1B4AAEF-9162-4DFA-8B62-4069FC914839}
		{6EF3FA82-5DEC-4DCB-9948-79FEFE3DBB9C} = {F1B4AAEF-9162-4DFA-8B62-4069FC914839}
	EndGlobalSection
	GlobalSection(ExtensibilityGlobals) = postSolution
		SolutionGuid = {AA6E8E23-8AB6-4AB6-9B31-494CB7CE5E63}
	EndGlobalSection
EndGlobal
