
Microsoft Visual Studio Solution File, Format Version 12.00
# Visual Studio Version 16
VisualStudioVersion = 16.0.29911.84
MinimumVisualStudioVersion = 10.0.40219.1
Project("{2150E333-8FDC-42A3-9474-1A3956D46DE8}") = "src", "src", "{F1B4AAEF-9162-4DFA-8B62-4069FC914839}"
EndProject
Project("{9A19103F-16F7-4668-BE54-9A1E7A4F7556}") = "KissU.WebSocket", "src\KissU.WebSocket\KissU.WebSocket.csproj", "{4CDDEDA4-8D7D-44BB-A4DA-5322F1E311D2}"
EndProject
Project("{9A19103F-16F7-4668-BE54-9A1E7A4F7556}") = "KissU.CPlatform", "src\KissU.CPlatform\KissU.CPlatform.csproj", "{D4C75857-11D2-4F16-9E30-E3D6BEB015DD}"
EndProject
Project("{9A19103F-16F7-4668-BE54-9A1E7A4F7556}") = "KissU.ApiGateWay", "src\KissU.ApiGateWay\KissU.ApiGateWay.csproj", "{F0438BB2-E448-422C-A78E-9D2ABBAE3D4D}"
EndProject
Project("{9A19103F-16F7-4668-BE54-9A1E7A4F7556}") = "KissU.Caching", "src\KissU.Caching\KissU.Caching.csproj", "{A3DC2456-2BEC-4224-AA95-BE1915B9377F}"
EndProject
Project("{9A19103F-16F7-4668-BE54-9A1E7A4F7556}") = "KissU.Codec.MessagePack", "src\KissU.Codec.MessagePack\KissU.Codec.MessagePack.csproj", "{750B3E79-67C6-46A3-B08D-8A3010E8FFC7}"
EndProject
Project("{9A19103F-16F7-4668-BE54-9A1E7A4F7556}") = "KissU.Codec.ProtoBuffer", "src\KissU.Codec.ProtoBuffer\KissU.Codec.ProtoBuffer.csproj", "{FFB9A30E-F36D-4243-BEDA-CB1B3DB646E1}"
EndProject
Project("{9A19103F-16F7-4668-BE54-9A1E7A4F7556}") = "KissU.ServiceDiscovery.Consul", "src\KissU.ServiceDiscovery.Consul\KissU.ServiceDiscovery.Consul.csproj", "{E73E092B-24D0-4C54-BD26-F01C89A31652}"
EndProject
Project("{9A19103F-16F7-4668-BE54-9A1E7A4F7556}") = "KissU.DotNetty.DNS", "src\KissU.DotNetty.DNS\KissU.DotNetty.DNS.csproj", "{C5A07EEF-0F59-4621-83BF-6B90BF324BF7}"
EndProject
Project("{9A19103F-16F7-4668-BE54-9A1E7A4F7556}") = "KissU.DotNetty", "src\KissU.DotNetty\KissU.DotNetty.csproj", "{6C05E7AF-E9EB-4D23-9C08-947E26E0C1E1}"
EndProject
Project("{9A19103F-16F7-4668-BE54-9A1E7A4F7556}") = "KissU.DotNetty.WebSocket", "src\KissU.DotNetty.WebSocket\KissU.DotNetty.WebSocket.csproj", "{B5754E2C-D258-40F7-A3AF-7457FBAE52BB}"
EndProject
Project("{9A19103F-16F7-4668-BE54-9A1E7A4F7556}") = "KissU.EventBus.Kafka", "src\KissU.EventBus.Kafka\KissU.EventBus.Kafka.csproj", "{6254E583-4BE2-4E6F-B859-54F50E8CE8A2}"
EndProject
Project("{9A19103F-16F7-4668-BE54-9A1E7A4F7556}") = "KissU.EventBus.RabbitMQ", "src\KissU.EventBus.RabbitMQ\KissU.EventBus.RabbitMQ.csproj", "{882509A8-C9ED-439E-871F-7D44706A9CC3}"
EndProject
Project("{9A19103F-16F7-4668-BE54-9A1E7A4F7556}") = "KissU.Grpc", "src\KissU.Grpc\KissU.Grpc.csproj", "{2F3CE0B7-52EB-4831-B94B-38BCF173FB19}"
EndProject
Project("{9A19103F-16F7-4668-BE54-9A1E7A4F7556}") = "KissU.Logging.Log4net", "src\KissU.Logging.Log4net\KissU.Logging.Log4net.csproj", "{C7F7B887-003D-4691-904F-F99DB4F56D69}"
EndProject
Project("{9A19103F-16F7-4668-BE54-9A1E7A4F7556}") = "KissU.Logging.Nlog", "src\KissU.Logging.NLog\KissU.Logging.Nlog.csproj", "{C8E46CFD-2740-4124-A227-93FB34039B0C}"
EndProject
Project("{9A19103F-16F7-4668-BE54-9A1E7A4F7556}") = "KissU.DotNetty.Http", "src\KissU.DotNetty.Http\KissU.DotNetty.Http.csproj", "{4710EA6B-FFB2-4A15-AD03-3F51283BF0F0}"
EndProject
Project("{9A19103F-16F7-4668-BE54-9A1E7A4F7556}") = "KissU.DotNetty.Mqtt", "src\KissU.DotNetty.Mqtt\KissU.DotNetty.Mqtt.csproj", "{365D110C-0D40-4DA8-BB29-558050FACB6E}"
EndProject
Project("{9A19103F-16F7-4668-BE54-9A1E7A4F7556}") = "KissU.DotNetty.Udp", "src\KissU.DotNetty.Udp\KissU.DotNetty.Udp.csproj", "{6F63B30C-34EC-4429-81B0-3FB1F107AE56}"
EndProject
Project("{9A19103F-16F7-4668-BE54-9A1E7A4F7556}") = "KissU.ServiceProxy", "src\KissU.ServiceProxy\KissU.ServiceProxy.csproj", "{BB001DE2-D4DD-4015-A070-341851A7252D}"
EndProject
Project("{9A19103F-16F7-4668-BE54-9A1E7A4F7556}") = "KissU.BackgroundServer", "src\KissU.BackgroundServer\KissU.BackgroundServer.csproj", "{246793A0-82BC-4BD5-8ED4-B0E2A2982476}"
EndProject
Project("{9A19103F-16F7-4668-BE54-9A1E7A4F7556}") = "KissU.ServiceDiscovery.Zookeeper", "src\KissU.ServiceDiscovery.Zookeeper\KissU.ServiceDiscovery.Zookeeper.csproj", "{5CFC8C22-238C-4BA1-B02B-806883747A6F}"
EndProject
Project("{9A19103F-16F7-4668-BE54-9A1E7A4F7556}") = "KissU.Apm.Skywalking", "src\KissU.Apm.Skywalking\KissU.Apm.Skywalking.csproj", "{3B143AB8-558F-4A8A-B4EA-63FF73F43209}"
EndProject
Project("{9A19103F-16F7-4668-BE54-9A1E7A4F7556}") = "KissU.Logging.Serilog", "src\KissU.Logging.Serilog\KissU.Logging.Serilog.csproj", "{5EEDC170-07E8-47D1-AAFE-4FC72AF5E2EF}"
EndProject
Project("{9A19103F-16F7-4668-BE54-9A1E7A4F7556}") = "KissU.Configuration.Apollo", "src\KissU.Configuration.Apollo\KissU.Configuration.Apollo.csproj", "{E4064CED-EBEF-44A9-B1A3-0B3BC079FC43}"
EndProject
Project("{9A19103F-16F7-4668-BE54-9A1E7A4F7556}") = "KissU.Core", "src\KissU.Core\KissU.Core.csproj", "{0B2AF152-4417-46BC-A652-6BF30EF0F101}"
EndProject
Project("{9A19103F-16F7-4668-BE54-9A1E7A4F7556}") = "KissU.Thrift", "src\KissU.Thrift\KissU.Thrift.csproj", "{059CBF56-A1E8-43F7-9E2C-47FB9E483E98}"
EndProject
Project("{9A19103F-16F7-4668-BE54-9A1E7A4F7556}") = "KissU.Tools.Cli", "src\KissU.Tools.Cli\KissU.Tools.Cli.csproj", "{DBA09983-661A-484C-BD60-0D15D4209AA1}"
EndProject
Project("{9A19103F-16F7-4668-BE54-9A1E7A4F7556}") = "KissU.AspNetCore", "src\KissU.AspNetCore\KissU.AspNetCore.csproj", "{14BA54FF-78C6-4C09-BEAA-C26A5BC70F30}"
EndProject
Project("{9A19103F-16F7-4668-BE54-9A1E7A4F7556}") = "KissU.AspNetCore.Stage", "src\KissU.AspNetCore.Stage\KissU.AspNetCore.Stage.csproj", "{CA88BF03-EEA5-4C8A-9C8A-95874DE54CD6}"
EndProject
Project("{9A19103F-16F7-4668-BE54-9A1E7A4F7556}") = "KissU.AspNetCore.Swagger", "src\KissU.AspNetCore.Swagger\KissU.AspNetCore.Swagger.csproj", "{27BC50D7-F941-41AC-BB82-FA5058F39385}"
EndProject
Project("{2150E333-8FDC-42A3-9474-1A3956D46DE8}") = "KissU.ServiceDiscovery", "KissU.ServiceDiscovery", "{A5A9A0E7-3765-4B21-814B-73CC5C16474E}"
EndProject
Project("{2150E333-8FDC-42A3-9474-1A3956D46DE8}") = "KissU.Transport", "KissU.Transport", "{41380BD4-6F60-4CEC-86CA-9D70BB7D2FA3}"
EndProject
Project("{2150E333-8FDC-42A3-9474-1A3956D46DE8}") = "KissU.EventBus", "KissU.EventBus", "{6C96DF0E-CF54-4B8E-89F8-B48D1117189D}"
EndProject
Project("{2150E333-8FDC-42A3-9474-1A3956D46DE8}") = "KissU.Logging", "KissU.Logging", "{452EA103-2D5A-4CB7-8A0D-C3F70E5CCD92}"
EndProject
Project("{2150E333-8FDC-42A3-9474-1A3956D46DE8}") = "KissU.AspNetCore", "KissU.AspNetCore", "{55D9B9A1-9C42-4AB5-B64E-DF0E0ADC1FC5}"
EndProject
Project("{2150E333-8FDC-42A3-9474-1A3956D46DE8}") = "KissU.Codec", "KissU.Codec", "{98046727-5026-4DE1-AD0B-43B0B84524F3}"
EndProject
Project("{9A19103F-16F7-4668-BE54-9A1E7A4F7556}") = "KissU.Abp", "src\KissU.Abp\KissU.Abp.csproj", "{FB321FFF-396D-47C1-8DEB-6563A0FCBFFD}"
EndProject
Project("{9A19103F-16F7-4668-BE54-9A1E7A4F7556}") = "KissU.AspNetCore.Kestrel", "src\KissU.AspNetCore.Kestrel\KissU.AspNetCore.Kestrel.csproj", "{708EC972-6400-4F03-A730-1F43C86F086B}"
EndProject
Project("{2150E333-8FDC-42A3-9474-1A3956D46DE8}") = "test", "test", "{31BF1D09-9CD1-4849-AEE8-312B1CB859BA}"
EndProject
Project("{2150E333-8FDC-42A3-9474-1A3956D46DE8}") = "Solution Items", "Solution Items", "{29F61DC4-A718-4A7B-B8EE-75881BFAB94F}"
	ProjectSection(SolutionItems) = preProject
		..\.dockerignore = ..\.dockerignore
		..\.gitattributes = ..\.gitattributes
		..\.gitignore = ..\.gitignore
		..\common.DotSettings = ..\common.DotSettings
		..\common.props = ..\common.props
		..\common.test.props = ..\common.test.props
		..\global.json = ..\global.json
		..\LICENSE = ..\LICENSE
		..\NuGet.Config = ..\NuGet.Config
		..\README.md = ..\README.md
	EndProjectSection
EndProject
Project("{2150E333-8FDC-42A3-9474-1A3956D46DE8}") = "build", "build", "{166EB01A-DF8A-4AF0-BCFF-66DC7462F050}"
	ProjectSection(SolutionItems) = preProject
		..\build\build-all-release.ps1 = ..\build\build-all-release.ps1
		..\build\build-all.ps1 = ..\build\build-all.ps1
		..\build\common.ps1 = ..\build\common.ps1
		..\build\test-all.ps1 = ..\build\test-all.ps1
	EndProjectSection
EndProject
Project("{2150E333-8FDC-42A3-9474-1A3956D46DE8}") = "nupkg", "nupkg", "{E1C6A5BB-C874-41A2-9CA9-79AA055D0768}"
	ProjectSection(SolutionItems) = preProject
		..\nupkg\common.ps1 = ..\nupkg\common.ps1
		..\nupkg\pack.ps1 = ..\nupkg\pack.ps1
		..\nupkg\push_packages.ps1 = ..\nupkg\push_packages.ps1
	EndProjectSection
EndProject
Project("{9A19103F-16F7-4668-BE54-9A1E7A4F7556}") = "KissU.Services.Host", "..\services\KissU.Services.Host\KissU.Services.Host.csproj", "{F9D6F38F-A29B-4531-80C0-B6422E11D71C}"
EndProject
Project("{9A19103F-16F7-4668-BE54-9A1E7A4F7556}") = "KissU.Services.Stage", "..\services\KissU.Services.Stage\KissU.Services.Stage.csproj", "{A054398E-4F1F-4612-9D4B-CC168122C9C2}"
EndProject
Global
	GlobalSection(SolutionConfigurationPlatforms) = preSolution
		Debug|Any CPU = Debug|Any CPU
		Release|Any CPU = Release|Any CPU
	EndGlobalSection
	GlobalSection(ProjectConfigurationPlatforms) = postSolution
		{4CDDEDA4-8D7D-44BB-A4DA-5322F1E311D2}.Debug|Any CPU.ActiveCfg = Debug|Any CPU
		{4CDDEDA4-8D7D-44BB-A4DA-5322F1E311D2}.Debug|Any CPU.Build.0 = Debug|Any CPU
		{4CDDEDA4-8D7D-44BB-A4DA-5322F1E311D2}.Release|Any CPU.ActiveCfg = Release|Any CPU
		{4CDDEDA4-8D7D-44BB-A4DA-5322F1E311D2}.Release|Any CPU.Build.0 = Release|Any CPU
		{D4C75857-11D2-4F16-9E30-E3D6BEB015DD}.Debug|Any CPU.ActiveCfg = Debug|Any CPU
		{D4C75857-11D2-4F16-9E30-E3D6BEB015DD}.Debug|Any CPU.Build.0 = Debug|Any CPU
		{D4C75857-11D2-4F16-9E30-E3D6BEB015DD}.Release|Any CPU.ActiveCfg = Release|Any CPU
		{D4C75857-11D2-4F16-9E30-E3D6BEB015DD}.Release|Any CPU.Build.0 = Release|Any CPU
		{F0438BB2-E448-422C-A78E-9D2ABBAE3D4D}.Debug|Any CPU.ActiveCfg = Debug|Any CPU
		{F0438BB2-E448-422C-A78E-9D2ABBAE3D4D}.Debug|Any CPU.Build.0 = Debug|Any CPU
		{F0438BB2-E448-422C-A78E-9D2ABBAE3D4D}.Release|Any CPU.ActiveCfg = Release|Any CPU
		{F0438BB2-E448-422C-A78E-9D2ABBAE3D4D}.Release|Any CPU.Build.0 = Release|Any CPU
		{A3DC2456-2BEC-4224-AA95-BE1915B9377F}.Debug|Any CPU.ActiveCfg = Debug|Any CPU
		{A3DC2456-2BEC-4224-AA95-BE1915B9377F}.Debug|Any CPU.Build.0 = Debug|Any CPU
		{A3DC2456-2BEC-4224-AA95-BE1915B9377F}.Release|Any CPU.ActiveCfg = Release|Any CPU
		{A3DC2456-2BEC-4224-AA95-BE1915B9377F}.Release|Any CPU.Build.0 = Release|Any CPU
		{750B3E79-67C6-46A3-B08D-8A3010E8FFC7}.Debug|Any CPU.ActiveCfg = Debug|Any CPU
		{750B3E79-67C6-46A3-B08D-8A3010E8FFC7}.Debug|Any CPU.Build.0 = Debug|Any CPU
		{750B3E79-67C6-46A3-B08D-8A3010E8FFC7}.Release|Any CPU.ActiveCfg = Release|Any CPU
		{750B3E79-67C6-46A3-B08D-8A3010E8FFC7}.Release|Any CPU.Build.0 = Release|Any CPU
		{FFB9A30E-F36D-4243-BEDA-CB1B3DB646E1}.Debug|Any CPU.ActiveCfg = Debug|Any CPU
		{FFB9A30E-F36D-4243-BEDA-CB1B3DB646E1}.Debug|Any CPU.Build.0 = Debug|Any CPU
		{FFB9A30E-F36D-4243-BEDA-CB1B3DB646E1}.Release|Any CPU.ActiveCfg = Release|Any CPU
		{FFB9A30E-F36D-4243-BEDA-CB1B3DB646E1}.Release|Any CPU.Build.0 = Release|Any CPU
		{E73E092B-24D0-4C54-BD26-F01C89A31652}.Debug|Any CPU.ActiveCfg = Debug|Any CPU
		{E73E092B-24D0-4C54-BD26-F01C89A31652}.Debug|Any CPU.Build.0 = Debug|Any CPU
		{E73E092B-24D0-4C54-BD26-F01C89A31652}.Release|Any CPU.ActiveCfg = Release|Any CPU
		{E73E092B-24D0-4C54-BD26-F01C89A31652}.Release|Any CPU.Build.0 = Release|Any CPU
		{C5A07EEF-0F59-4621-83BF-6B90BF324BF7}.Debug|Any CPU.ActiveCfg = Debug|Any CPU
		{C5A07EEF-0F59-4621-83BF-6B90BF324BF7}.Debug|Any CPU.Build.0 = Debug|Any CPU
		{C5A07EEF-0F59-4621-83BF-6B90BF324BF7}.Release|Any CPU.ActiveCfg = Release|Any CPU
		{C5A07EEF-0F59-4621-83BF-6B90BF324BF7}.Release|Any CPU.Build.0 = Release|Any CPU
		{6C05E7AF-E9EB-4D23-9C08-947E26E0C1E1}.Debug|Any CPU.ActiveCfg = Debug|Any CPU
		{6C05E7AF-E9EB-4D23-9C08-947E26E0C1E1}.Debug|Any CPU.Build.0 = Debug|Any CPU
		{6C05E7AF-E9EB-4D23-9C08-947E26E0C1E1}.Release|Any CPU.ActiveCfg = Release|Any CPU
		{6C05E7AF-E9EB-4D23-9C08-947E26E0C1E1}.Release|Any CPU.Build.0 = Release|Any CPU
		{B5754E2C-D258-40F7-A3AF-7457FBAE52BB}.Debug|Any CPU.ActiveCfg = Debug|Any CPU
		{B5754E2C-D258-40F7-A3AF-7457FBAE52BB}.Debug|Any CPU.Build.0 = Debug|Any CPU
		{B5754E2C-D258-40F7-A3AF-7457FBAE52BB}.Release|Any CPU.ActiveCfg = Release|Any CPU
		{B5754E2C-D258-40F7-A3AF-7457FBAE52BB}.Release|Any CPU.Build.0 = Release|Any CPU
		{6254E583-4BE2-4E6F-B859-54F50E8CE8A2}.Debug|Any CPU.ActiveCfg = Debug|Any CPU
		{6254E583-4BE2-4E6F-B859-54F50E8CE8A2}.Debug|Any CPU.Build.0 = Debug|Any CPU
		{6254E583-4BE2-4E6F-B859-54F50E8CE8A2}.Release|Any CPU.ActiveCfg = Release|Any CPU
		{6254E583-4BE2-4E6F-B859-54F50E8CE8A2}.Release|Any CPU.Build.0 = Release|Any CPU
		{882509A8-C9ED-439E-871F-7D44706A9CC3}.Debug|Any CPU.ActiveCfg = Debug|Any CPU
		{882509A8-C9ED-439E-871F-7D44706A9CC3}.Debug|Any CPU.Build.0 = Debug|Any CPU
		{882509A8-C9ED-439E-871F-7D44706A9CC3}.Release|Any CPU.ActiveCfg = Release|Any CPU
		{882509A8-C9ED-439E-871F-7D44706A9CC3}.Release|Any CPU.Build.0 = Release|Any CPU
		{2F3CE0B7-52EB-4831-B94B-38BCF173FB19}.Debug|Any CPU.ActiveCfg = Debug|Any CPU
		{2F3CE0B7-52EB-4831-B94B-38BCF173FB19}.Debug|Any CPU.Build.0 = Debug|Any CPU
		{2F3CE0B7-52EB-4831-B94B-38BCF173FB19}.Release|Any CPU.ActiveCfg = Release|Any CPU
		{2F3CE0B7-52EB-4831-B94B-38BCF173FB19}.Release|Any CPU.Build.0 = Release|Any CPU
		{C7F7B887-003D-4691-904F-F99DB4F56D69}.Debug|Any CPU.ActiveCfg = Debug|Any CPU
		{C7F7B887-003D-4691-904F-F99DB4F56D69}.Debug|Any CPU.Build.0 = Debug|Any CPU
		{C7F7B887-003D-4691-904F-F99DB4F56D69}.Release|Any CPU.ActiveCfg = Release|Any CPU
		{C7F7B887-003D-4691-904F-F99DB4F56D69}.Release|Any CPU.Build.0 = Release|Any CPU
		{C8E46CFD-2740-4124-A227-93FB34039B0C}.Debug|Any CPU.ActiveCfg = Debug|Any CPU
		{C8E46CFD-2740-4124-A227-93FB34039B0C}.Debug|Any CPU.Build.0 = Debug|Any CPU
		{C8E46CFD-2740-4124-A227-93FB34039B0C}.Release|Any CPU.ActiveCfg = Release|Any CPU
		{C8E46CFD-2740-4124-A227-93FB34039B0C}.Release|Any CPU.Build.0 = Release|Any CPU
		{4710EA6B-FFB2-4A15-AD03-3F51283BF0F0}.Debug|Any CPU.ActiveCfg = Debug|Any CPU
		{4710EA6B-FFB2-4A15-AD03-3F51283BF0F0}.Debug|Any CPU.Build.0 = Debug|Any CPU
		{4710EA6B-FFB2-4A15-AD03-3F51283BF0F0}.Release|Any CPU.ActiveCfg = Release|Any CPU
		{4710EA6B-FFB2-4A15-AD03-3F51283BF0F0}.Release|Any CPU.Build.0 = Release|Any CPU
		{365D110C-0D40-4DA8-BB29-558050FACB6E}.Debug|Any CPU.ActiveCfg = Debug|Any CPU
		{365D110C-0D40-4DA8-BB29-558050FACB6E}.Debug|Any CPU.Build.0 = Debug|Any CPU
		{365D110C-0D40-4DA8-BB29-558050FACB6E}.Release|Any CPU.ActiveCfg = Release|Any CPU
		{365D110C-0D40-4DA8-BB29-558050FACB6E}.Release|Any CPU.Build.0 = Release|Any CPU
		{6F63B30C-34EC-4429-81B0-3FB1F107AE56}.Debug|Any CPU.ActiveCfg = Debug|Any CPU
		{6F63B30C-34EC-4429-81B0-3FB1F107AE56}.Debug|Any CPU.Build.0 = Debug|Any CPU
		{6F63B30C-34EC-4429-81B0-3FB1F107AE56}.Release|Any CPU.ActiveCfg = Release|Any CPU
		{6F63B30C-34EC-4429-81B0-3FB1F107AE56}.Release|Any CPU.Build.0 = Release|Any CPU
		{BB001DE2-D4DD-4015-A070-341851A7252D}.Debug|Any CPU.ActiveCfg = Debug|Any CPU
		{BB001DE2-D4DD-4015-A070-341851A7252D}.Debug|Any CPU.Build.0 = Debug|Any CPU
		{BB001DE2-D4DD-4015-A070-341851A7252D}.Release|Any CPU.ActiveCfg = Release|Any CPU
		{BB001DE2-D4DD-4015-A070-341851A7252D}.Release|Any CPU.Build.0 = Release|Any CPU
		{246793A0-82BC-4BD5-8ED4-B0E2A2982476}.Debug|Any CPU.ActiveCfg = Debug|Any CPU
		{246793A0-82BC-4BD5-8ED4-B0E2A2982476}.Debug|Any CPU.Build.0 = Debug|Any CPU
		{246793A0-82BC-4BD5-8ED4-B0E2A2982476}.Release|Any CPU.ActiveCfg = Release|Any CPU
		{246793A0-82BC-4BD5-8ED4-B0E2A2982476}.Release|Any CPU.Build.0 = Release|Any CPU
		{5CFC8C22-238C-4BA1-B02B-806883747A6F}.Debug|Any CPU.ActiveCfg = Debug|Any CPU
		{5CFC8C22-238C-4BA1-B02B-806883747A6F}.Debug|Any CPU.Build.0 = Debug|Any CPU
		{5CFC8C22-238C-4BA1-B02B-806883747A6F}.Release|Any CPU.ActiveCfg = Release|Any CPU
		{5CFC8C22-238C-4BA1-B02B-806883747A6F}.Release|Any CPU.Build.0 = Release|Any CPU
		{3B143AB8-558F-4A8A-B4EA-63FF73F43209}.Debug|Any CPU.ActiveCfg = Debug|Any CPU
		{3B143AB8-558F-4A8A-B4EA-63FF73F43209}.Debug|Any CPU.Build.0 = Debug|Any CPU
		{3B143AB8-558F-4A8A-B4EA-63FF73F43209}.Release|Any CPU.ActiveCfg = Release|Any CPU
		{3B143AB8-558F-4A8A-B4EA-63FF73F43209}.Release|Any CPU.Build.0 = Release|Any CPU
		{5EEDC170-07E8-47D1-AAFE-4FC72AF5E2EF}.Debug|Any CPU.ActiveCfg = Debug|Any CPU
		{5EEDC170-07E8-47D1-AAFE-4FC72AF5E2EF}.Debug|Any CPU.Build.0 = Debug|Any CPU
		{5EEDC170-07E8-47D1-AAFE-4FC72AF5E2EF}.Release|Any CPU.ActiveCfg = Release|Any CPU
		{5EEDC170-07E8-47D1-AAFE-4FC72AF5E2EF}.Release|Any CPU.Build.0 = Release|Any CPU
		{E4064CED-EBEF-44A9-B1A3-0B3BC079FC43}.Debug|Any CPU.ActiveCfg = Debug|Any CPU
		{E4064CED-EBEF-44A9-B1A3-0B3BC079FC43}.Debug|Any CPU.Build.0 = Debug|Any CPU
		{E4064CED-EBEF-44A9-B1A3-0B3BC079FC43}.Release|Any CPU.ActiveCfg = Release|Any CPU
		{E4064CED-EBEF-44A9-B1A3-0B3BC079FC43}.Release|Any CPU.Build.0 = Release|Any CPU
		{0B2AF152-4417-46BC-A652-6BF30EF0F101}.Debug|Any CPU.ActiveCfg = Debug|Any CPU
		{0B2AF152-4417-46BC-A652-6BF30EF0F101}.Debug|Any CPU.Build.0 = Debug|Any CPU
		{0B2AF152-4417-46BC-A652-6BF30EF0F101}.Release|Any CPU.ActiveCfg = Release|Any CPU
		{0B2AF152-4417-46BC-A652-6BF30EF0F101}.Release|Any CPU.Build.0 = Release|Any CPU
		{059CBF56-A1E8-43F7-9E2C-47FB9E483E98}.Debug|Any CPU.ActiveCfg = Debug|Any CPU
		{059CBF56-A1E8-43F7-9E2C-47FB9E483E98}.Debug|Any CPU.Build.0 = Debug|Any CPU
		{059CBF56-A1E8-43F7-9E2C-47FB9E483E98}.Release|Any CPU.ActiveCfg = Release|Any CPU
		{059CBF56-A1E8-43F7-9E2C-47FB9E483E98}.Release|Any CPU.Build.0 = Release|Any CPU
		{DBA09983-661A-484C-BD60-0D15D4209AA1}.Debug|Any CPU.ActiveCfg = Debug|Any CPU
		{DBA09983-661A-484C-BD60-0D15D4209AA1}.Debug|Any CPU.Build.0 = Debug|Any CPU
		{DBA09983-661A-484C-BD60-0D15D4209AA1}.Release|Any CPU.ActiveCfg = Release|Any CPU
		{DBA09983-661A-484C-BD60-0D15D4209AA1}.Release|Any CPU.Build.0 = Release|Any CPU
		{14BA54FF-78C6-4C09-BEAA-C26A5BC70F30}.Debug|Any CPU.ActiveCfg = Debug|Any CPU
		{14BA54FF-78C6-4C09-BEAA-C26A5BC70F30}.Debug|Any CPU.Build.0 = Debug|Any CPU
		{14BA54FF-78C6-4C09-BEAA-C26A5BC70F30}.Release|Any CPU.ActiveCfg = Release|Any CPU
		{14BA54FF-78C6-4C09-BEAA-C26A5BC70F30}.Release|Any CPU.Build.0 = Release|Any CPU
		{CA88BF03-EEA5-4C8A-9C8A-95874DE54CD6}.Debug|Any CPU.ActiveCfg = Debug|Any CPU
		{CA88BF03-EEA5-4C8A-9C8A-95874DE54CD6}.Debug|Any CPU.Build.0 = Debug|Any CPU
		{CA88BF03-EEA5-4C8A-9C8A-95874DE54CD6}.Release|Any CPU.ActiveCfg = Release|Any CPU
		{CA88BF03-EEA5-4C8A-9C8A-95874DE54CD6}.Release|Any CPU.Build.0 = Release|Any CPU
		{27BC50D7-F941-41AC-BB82-FA5058F39385}.Debug|Any CPU.ActiveCfg = Debug|Any CPU
		{27BC50D7-F941-41AC-BB82-FA5058F39385}.Debug|Any CPU.Build.0 = Debug|Any CPU
		{27BC50D7-F941-41AC-BB82-FA5058F39385}.Release|Any CPU.ActiveCfg = Release|Any CPU
		{27BC50D7-F941-41AC-BB82-FA5058F39385}.Release|Any CPU.Build.0 = Release|Any CPU
		{FB321FFF-396D-47C1-8DEB-6563A0FCBFFD}.Debug|Any CPU.ActiveCfg = Debug|Any CPU
		{FB321FFF-396D-47C1-8DEB-6563A0FCBFFD}.Debug|Any CPU.Build.0 = Debug|Any CPU
		{FB321FFF-396D-47C1-8DEB-6563A0FCBFFD}.Release|Any CPU.ActiveCfg = Release|Any CPU
		{FB321FFF-396D-47C1-8DEB-6563A0FCBFFD}.Release|Any CPU.Build.0 = Release|Any CPU
		{708EC972-6400-4F03-A730-1F43C86F086B}.Debug|Any CPU.ActiveCfg = Debug|Any CPU
		{708EC972-6400-4F03-A730-1F43C86F086B}.Debug|Any CPU.Build.0 = Debug|Any CPU
		{708EC972-6400-4F03-A730-1F43C86F086B}.Release|Any CPU.ActiveCfg = Release|Any CPU
		{708EC972-6400-4F03-A730-1F43C86F086B}.Release|Any CPU.Build.0 = Release|Any CPU
		{F9D6F38F-A29B-4531-80C0-B6422E11D71C}.Debug|Any CPU.ActiveCfg = Debug|Any CPU
		{F9D6F38F-A29B-4531-80C0-B6422E11D71C}.Debug|Any CPU.Build.0 = Debug|Any CPU
		{F9D6F38F-A29B-4531-80C0-B6422E11D71C}.Release|Any CPU.ActiveCfg = Release|Any CPU
		{F9D6F38F-A29B-4531-80C0-B6422E11D71C}.Release|Any CPU.Build.0 = Release|Any CPU
		{A054398E-4F1F-4612-9D4B-CC168122C9C2}.Debug|Any CPU.ActiveCfg = Debug|Any CPU
		{A054398E-4F1F-4612-9D4B-CC168122C9C2}.Debug|Any CPU.Build.0 = Debug|Any CPU
		{A054398E-4F1F-4612-9D4B-CC168122C9C2}.Release|Any CPU.ActiveCfg = Release|Any CPU
		{A054398E-4F1F-4612-9D4B-CC168122C9C2}.Release|Any CPU.Build.0 = Release|Any CPU
	EndGlobalSection
	GlobalSection(SolutionProperties) = preSolution
		HideSolutionNode = FALSE
	EndGlobalSection
	GlobalSection(NestedProjects) = preSolution
		{4CDDEDA4-8D7D-44BB-A4DA-5322F1E311D2} = {41380BD4-6F60-4CEC-86CA-9D70BB7D2FA3}
		{D4C75857-11D2-4F16-9E30-E3D6BEB015DD} = {F1B4AAEF-9162-4DFA-8B62-4069FC914839}
		{F0438BB2-E448-422C-A78E-9D2ABBAE3D4D} = {F1B4AAEF-9162-4DFA-8B62-4069FC914839}
		{A3DC2456-2BEC-4224-AA95-BE1915B9377F} = {F1B4AAEF-9162-4DFA-8B62-4069FC914839}
		{750B3E79-67C6-46A3-B08D-8A3010E8FFC7} = {98046727-5026-4DE1-AD0B-43B0B84524F3}
		{FFB9A30E-F36D-4243-BEDA-CB1B3DB646E1} = {98046727-5026-4DE1-AD0B-43B0B84524F3}
		{E73E092B-24D0-4C54-BD26-F01C89A31652} = {A5A9A0E7-3765-4B21-814B-73CC5C16474E}
		{C5A07EEF-0F59-4621-83BF-6B90BF324BF7} = {41380BD4-6F60-4CEC-86CA-9D70BB7D2FA3}
		{6C05E7AF-E9EB-4D23-9C08-947E26E0C1E1} = {41380BD4-6F60-4CEC-86CA-9D70BB7D2FA3}
		{B5754E2C-D258-40F7-A3AF-7457FBAE52BB} = {41380BD4-6F60-4CEC-86CA-9D70BB7D2FA3}
		{6254E583-4BE2-4E6F-B859-54F50E8CE8A2} = {6C96DF0E-CF54-4B8E-89F8-B48D1117189D}
		{882509A8-C9ED-439E-871F-7D44706A9CC3} = {6C96DF0E-CF54-4B8E-89F8-B48D1117189D}
		{2F3CE0B7-52EB-4831-B94B-38BCF173FB19} = {41380BD4-6F60-4CEC-86CA-9D70BB7D2FA3}
		{C7F7B887-003D-4691-904F-F99DB4F56D69} = {452EA103-2D5A-4CB7-8A0D-C3F70E5CCD92}
		{C8E46CFD-2740-4124-A227-93FB34039B0C} = {452EA103-2D5A-4CB7-8A0D-C3F70E5CCD92}
		{4710EA6B-FFB2-4A15-AD03-3F51283BF0F0} = {41380BD4-6F60-4CEC-86CA-9D70BB7D2FA3}
		{365D110C-0D40-4DA8-BB29-558050FACB6E} = {41380BD4-6F60-4CEC-86CA-9D70BB7D2FA3}
		{6F63B30C-34EC-4429-81B0-3FB1F107AE56} = {41380BD4-6F60-4CEC-86CA-9D70BB7D2FA3}
		{BB001DE2-D4DD-4015-A070-341851A7252D} = {F1B4AAEF-9162-4DFA-8B62-4069FC914839}
		{246793A0-82BC-4BD5-8ED4-B0E2A2982476} = {F1B4AAEF-9162-4DFA-8B62-4069FC914839}
		{5CFC8C22-238C-4BA1-B02B-806883747A6F} = {A5A9A0E7-3765-4B21-814B-73CC5C16474E}
		{3B143AB8-558F-4A8A-B4EA-63FF73F43209} = {F1B4AAEF-9162-4DFA-8B62-4069FC914839}
		{5EEDC170-07E8-47D1-AAFE-4FC72AF5E2EF} = {452EA103-2D5A-4CB7-8A0D-C3F70E5CCD92}
		{E4064CED-EBEF-44A9-B1A3-0B3BC079FC43} = {F1B4AAEF-9162-4DFA-8B62-4069FC914839}
		{0B2AF152-4417-46BC-A652-6BF30EF0F101} = {F1B4AAEF-9162-4DFA-8B62-4069FC914839}
		{059CBF56-A1E8-43F7-9E2C-47FB9E483E98} = {41380BD4-6F60-4CEC-86CA-9D70BB7D2FA3}
		{DBA09983-661A-484C-BD60-0D15D4209AA1} = {F1B4AAEF-9162-4DFA-8B62-4069FC914839}
		{14BA54FF-78C6-4C09-BEAA-C26A5BC70F30} = {55D9B9A1-9C42-4AB5-B64E-DF0E0ADC1FC5}
		{CA88BF03-EEA5-4C8A-9C8A-95874DE54CD6} = {55D9B9A1-9C42-4AB5-B64E-DF0E0ADC1FC5}
		{27BC50D7-F941-41AC-BB82-FA5058F39385} = {55D9B9A1-9C42-4AB5-B64E-DF0E0ADC1FC5}
		{A5A9A0E7-3765-4B21-814B-73CC5C16474E} = {F1B4AAEF-9162-4DFA-8B62-4069FC914839}
		{41380BD4-6F60-4CEC-86CA-9D70BB7D2FA3} = {F1B4AAEF-9162-4DFA-8B62-4069FC914839}
		{6C96DF0E-CF54-4B8E-89F8-B48D1117189D} = {F1B4AAEF-9162-4DFA-8B62-4069FC914839}
		{452EA103-2D5A-4CB7-8A0D-C3F70E5CCD92} = {F1B4AAEF-9162-4DFA-8B62-4069FC914839}
		{55D9B9A1-9C42-4AB5-B64E-DF0E0ADC1FC5} = {F1B4AAEF-9162-4DFA-8B62-4069FC914839}
		{98046727-5026-4DE1-AD0B-43B0B84524F3} = {F1B4AAEF-9162-4DFA-8B62-4069FC914839}
		{FB321FFF-396D-47C1-8DEB-6563A0FCBFFD} = {F1B4AAEF-9162-4DFA-8B62-4069FC914839}
		{708EC972-6400-4F03-A730-1F43C86F086B} = {55D9B9A1-9C42-4AB5-B64E-DF0E0ADC1FC5}
		{166EB01A-DF8A-4AF0-BCFF-66DC7462F050} = {29F61DC4-A718-4A7B-B8EE-75881BFAB94F}
		{E1C6A5BB-C874-41A2-9CA9-79AA055D0768} = {29F61DC4-A718-4A7B-B8EE-75881BFAB94F}
		{F9D6F38F-A29B-4531-80C0-B6422E11D71C} = {31BF1D09-9CD1-4849-AEE8-312B1CB859BA}
		{A054398E-4F1F-4612-9D4B-CC168122C9C2} = {31BF1D09-9CD1-4849-AEE8-312B1CB859BA}
	EndGlobalSection
	GlobalSection(ExtensibilityGlobals) = postSolution
		SolutionGuid = {AA6E8E23-8AB6-4AB6-9B31-494CB7CE5E63}
	EndGlobalSection
EndGlobal
