
Microsoft Visual Studio Solution File, Format Version 12.00
# Visual Studio Version 16
VisualStudioVersion = 16.0.29911.84
MinimumVisualStudioVersion = 10.0.40219.1
Project("{2150E333-8FDC-42A3-9474-1A3956D46DE8}") = "src", "src", "{12491F0A-1011-48C0-B40D-72FF82CE3F7D}"
EndProject
Project("{2150E333-8FDC-42A3-9474-1A3956D46DE8}") = "test", "test", "{CB426092-AD3A-475A-B724-B1BC0AB279F4}"
EndProject
Project("{9A19103F-16F7-4668-BE54-9A1E7A4F7556}") = "KissU.Modules.Identity.DbMigrations", "src\KissU.Modules.Identity.DbMigrations\KissU.Modules.Identity.DbMigrations.csproj", "{7D1F7065-BFDC-4AFB-9A30-C85A54EC8DD4}"
EndProject
Project("{9A19103F-16F7-4668-BE54-9A1E7A4F7556}") = "KissU.Modules.Identity.DbMigrator", "src\KissU.Modules.Identity.DbMigrator\KissU.Modules.Identity.DbMigrator.csproj", "{570235F6-9A03-43F1-B512-63DB02CE6FE4}"
EndProject
Project("{9A19103F-16F7-4668-BE54-9A1E7A4F7556}") = "KissU.Modules.Identity.Domain.Shared", "src\KissU.Modules.Identity.Domain.Shared\KissU.Modules.Identity.Domain.Shared.csproj", "{9B767C3C-8ADD-47C8-BD56-392EE11AA0A6}"
EndProject
Project("{9A19103F-16F7-4668-BE54-9A1E7A4F7556}") = "KissU.Modules.Identity.Domain", "src\KissU.Modules.Identity.Domain\KissU.Modules.Identity.Domain.csproj", "{3A86BA45-EF5E-4B09-A99D-9619262B6688}"
EndProject
Project("{9A19103F-16F7-4668-BE54-9A1E7A4F7556}") = "KissU.Modules.Identity.EntityFrameworkCore", "src\KissU.Modules.Identity.EntityFrameworkCore\KissU.Modules.Identity.EntityFrameworkCore.csproj", "{303BDBB3-9F23-4623-BE7D-99A751289770}"
EndProject
Project("{9A19103F-16F7-4668-BE54-9A1E7A4F7556}") = "KissU.Modules.Identity.Application", "src\KissU.Modules.Identity.Application\KissU.Modules.Identity.Application.csproj", "{FB8FFA08-9B59-474A-9736-90ED182C3336}"
EndProject
Project("{9A19103F-16F7-4668-BE54-9A1E7A4F7556}") = "KissU.Modules.Identity.Application.Contracts", "src\KissU.Modules.Identity.Application.Contracts\KissU.Modules.Identity.Application.Contracts.csproj", "{65478E9F-E3F7-4A41-A36B-E5C45CD7B5B5}"
EndProject
Project("{9A19103F-16F7-4668-BE54-9A1E7A4F7556}") = "KissU.Modules.Identity.AspNetCore", "src\KissU.Modules.Identity.AspNetCore\KissU.Modules.Identity.AspNetCore.csproj", "{21E9843F-73BC-468A-9547-56F39859F715}"
EndProject
Project("{9A19103F-16F7-4668-BE54-9A1E7A4F7556}") = "KissU.Modules.Identity.Service", "src\KissU.Modules.Identity.Service\KissU.Modules.Identity.Service.csproj", "{375377B6-015D-49BB-9BC7-C2262A93C30B}"
EndProject
Project("{9A19103F-16F7-4668-BE54-9A1E7A4F7556}") = "KissU.Modules.Identity.Service.Contracts", "src\KissU.Modules.Identity.Service.Contracts\KissU.Modules.Identity.Service.Contracts.csproj", "{22C61374-DCE0-421A-A104-8E8CDCCAB4FA}"
EndProject
Global
	GlobalSection(SolutionConfigurationPlatforms) = preSolution
		Debug|Any CPU = Debug|Any CPU
		Release|Any CPU = Release|Any CPU
	EndGlobalSection
	GlobalSection(ProjectConfigurationPlatforms) = postSolution
		{7D1F7065-BFDC-4AFB-9A30-C85A54EC8DD4}.Debug|Any CPU.ActiveCfg = Debug|Any CPU
		{7D1F7065-BFDC-4AFB-9A30-C85A54EC8DD4}.Debug|Any CPU.Build.0 = Debug|Any CPU
		{7D1F7065-BFDC-4AFB-9A30-C85A54EC8DD4}.Release|Any CPU.ActiveCfg = Release|Any CPU
		{7D1F7065-BFDC-4AFB-9A30-C85A54EC8DD4}.Release|Any CPU.Build.0 = Release|Any CPU
		{570235F6-9A03-43F1-B512-63DB02CE6FE4}.Debug|Any CPU.ActiveCfg = Debug|Any CPU
		{570235F6-9A03-43F1-B512-63DB02CE6FE4}.Debug|Any CPU.Build.0 = Debug|Any CPU
		{570235F6-9A03-43F1-B512-63DB02CE6FE4}.Release|Any CPU.ActiveCfg = Release|Any CPU
		{570235F6-9A03-43F1-B512-63DB02CE6FE4}.Release|Any CPU.Build.0 = Release|Any CPU
		{9B767C3C-8ADD-47C8-BD56-392EE11AA0A6}.Debug|Any CPU.ActiveCfg = Debug|Any CPU
		{9B767C3C-8ADD-47C8-BD56-392EE11AA0A6}.Debug|Any CPU.Build.0 = Debug|Any CPU
		{9B767C3C-8ADD-47C8-BD56-392EE11AA0A6}.Release|Any CPU.ActiveCfg = Release|Any CPU
		{9B767C3C-8ADD-47C8-BD56-392EE11AA0A6}.Release|Any CPU.Build.0 = Release|Any CPU
		{3A86BA45-EF5E-4B09-A99D-9619262B6688}.Debug|Any CPU.ActiveCfg = Debug|Any CPU
		{3A86BA45-EF5E-4B09-A99D-9619262B6688}.Debug|Any CPU.Build.0 = Debug|Any CPU
		{3A86BA45-EF5E-4B09-A99D-9619262B6688}.Release|Any CPU.ActiveCfg = Release|Any CPU
		{3A86BA45-EF5E-4B09-A99D-9619262B6688}.Release|Any CPU.Build.0 = Release|Any CPU
		{303BDBB3-9F23-4623-BE7D-99A751289770}.Debug|Any CPU.ActiveCfg = Debug|Any CPU
		{303BDBB3-9F23-4623-BE7D-99A751289770}.Debug|Any CPU.Build.0 = Debug|Any CPU
		{303BDBB3-9F23-4623-BE7D-99A751289770}.Release|Any CPU.ActiveCfg = Release|Any CPU
		{303BDBB3-9F23-4623-BE7D-99A751289770}.Release|Any CPU.Build.0 = Release|Any CPU
		{FB8FFA08-9B59-474A-9736-90ED182C3336}.Debug|Any CPU.ActiveCfg = Debug|Any CPU
		{FB8FFA08-9B59-474A-9736-90ED182C3336}.Debug|Any CPU.Build.0 = Debug|Any CPU
		{FB8FFA08-9B59-474A-9736-90ED182C3336}.Release|Any CPU.ActiveCfg = Release|Any CPU
		{FB8FFA08-9B59-474A-9736-90ED182C3336}.Release|Any CPU.Build.0 = Release|Any CPU
		{65478E9F-E3F7-4A41-A36B-E5C45CD7B5B5}.Debug|Any CPU.ActiveCfg = Debug|Any CPU
		{65478E9F-E3F7-4A41-A36B-E5C45CD7B5B5}.Debug|Any CPU.Build.0 = Debug|Any CPU
		{65478E9F-E3F7-4A41-A36B-E5C45CD7B5B5}.Release|Any CPU.ActiveCfg = Release|Any CPU
		{65478E9F-E3F7-4A41-A36B-E5C45CD7B5B5}.Release|Any CPU.Build.0 = Release|Any CPU
		{21E9843F-73BC-468A-9547-56F39859F715}.Debug|Any CPU.ActiveCfg = Debug|Any CPU
		{21E9843F-73BC-468A-9547-56F39859F715}.Debug|Any CPU.Build.0 = Debug|Any CPU
		{21E9843F-73BC-468A-9547-56F39859F715}.Release|Any CPU.ActiveCfg = Release|Any CPU
		{21E9843F-73BC-468A-9547-56F39859F715}.Release|Any CPU.Build.0 = Release|Any CPU
		{375377B6-015D-49BB-9BC7-C2262A93C30B}.Debug|Any CPU.ActiveCfg = Debug|Any CPU
		{375377B6-015D-49BB-9BC7-C2262A93C30B}.Debug|Any CPU.Build.0 = Debug|Any CPU
		{375377B6-015D-49BB-9BC7-C2262A93C30B}.Release|Any CPU.ActiveCfg = Release|Any CPU
		{375377B6-015D-49BB-9BC7-C2262A93C30B}.Release|Any CPU.Build.0 = Release|Any CPU
		{22C61374-DCE0-421A-A104-8E8CDCCAB4FA}.Debug|Any CPU.ActiveCfg = Debug|Any CPU
		{22C61374-DCE0-421A-A104-8E8CDCCAB4FA}.Debug|Any CPU.Build.0 = Debug|Any CPU
		{22C61374-DCE0-421A-A104-8E8CDCCAB4FA}.Release|Any CPU.ActiveCfg = Release|Any CPU
		{22C61374-DCE0-421A-A104-8E8CDCCAB4FA}.Release|Any CPU.Build.0 = Release|Any CPU
	EndGlobalSection
	GlobalSection(SolutionProperties) = preSolution
		HideSolutionNode = FALSE
	EndGlobalSection
	GlobalSection(NestedProjects) = preSolution
		{7D1F7065-BFDC-4AFB-9A30-C85A54EC8DD4} = {12491F0A-1011-48C0-B40D-72FF82CE3F7D}
		{570235F6-9A03-43F1-B512-63DB02CE6FE4} = {12491F0A-1011-48C0-B40D-72FF82CE3F7D}
		{9B767C3C-8ADD-47C8-BD56-392EE11AA0A6} = {12491F0A-1011-48C0-B40D-72FF82CE3F7D}
		{3A86BA45-EF5E-4B09-A99D-9619262B6688} = {12491F0A-1011-48C0-B40D-72FF82CE3F7D}
		{303BDBB3-9F23-4623-BE7D-99A751289770} = {12491F0A-1011-48C0-B40D-72FF82CE3F7D}
		{FB8FFA08-9B59-474A-9736-90ED182C3336} = {12491F0A-1011-48C0-B40D-72FF82CE3F7D}
		{65478E9F-E3F7-4A41-A36B-E5C45CD7B5B5} = {12491F0A-1011-48C0-B40D-72FF82CE3F7D}
		{21E9843F-73BC-468A-9547-56F39859F715} = {12491F0A-1011-48C0-B40D-72FF82CE3F7D}
		{375377B6-015D-49BB-9BC7-C2262A93C30B} = {12491F0A-1011-48C0-B40D-72FF82CE3F7D}
		{22C61374-DCE0-421A-A104-8E8CDCCAB4FA} = {12491F0A-1011-48C0-B40D-72FF82CE3F7D}
	EndGlobalSection
	GlobalSection(ExtensibilityGlobals) = postSolution
		SolutionGuid = {AA6E8E23-8AB6-4AB6-9B31-494CB7CE5E63}
	EndGlobalSection
EndGlobal
