
Microsoft Visual Studio Solution File, Format Version 12.00
# Visual Studio Version 16
VisualStudioVersion = 16.0.29911.84
MinimumVisualStudioVersion = 10.0.40219.1
Project("{9A19103F-16F7-4668-BE54-9A1E7A4F7556}") = "KissU.Modules.Users.Abstractions", "src\KissU.Modules.Users.Abstractions\KissU.Modules.Users.Abstractions.csproj", "{332D6173-8896-43D8-B8D0-2A9084B4A4A2}"
EndProject
Project("{9A19103F-16F7-4668-BE54-9A1E7A4F7556}") = "KissU.Modules.Users.Domain.Shared", "src\KissU.Modules.Users.Domain.Shared\KissU.Modules.Users.Domain.Shared.csproj", "{2DD1EFE0-4D73-4704-AAF6-406BCCE1C025}"
EndProject
Project("{9A19103F-16F7-4668-BE54-9A1E7A4F7556}") = "KissU.Modules.Users.EntityFrameworkCore", "src\KissU.Modules.Users.EntityFrameworkCore\KissU.Modules.Users.EntityFrameworkCore.csproj", "{A234E939-97CF-45D4-852E-3CFE76A6FEF1}"
EndProject
Project("{9A19103F-16F7-4668-BE54-9A1E7A4F7556}") = "KissU.Modules.Users.MongoDB", "src\KissU.Modules.Users.MongoDB\KissU.Modules.Users.MongoDB.csproj", "{9D6942E8-CFF8-4BBA-9877-18DCE25FD20B}"
EndProject
Project("{9A19103F-16F7-4668-BE54-9A1E7A4F7556}") = "KissU.Modules.Users.Domain", "src\KissU.Modules.Users.Domain\KissU.Modules.Users.Domain.csproj", "{C03B064E-ED3B-4540-A5F9-7CAF3AE46AEC}"
EndProject
Project("{2150E333-8FDC-42A3-9474-1A3956D46DE8}") = "src", "src", "{DCA62299-017E-478F-9708-5C8E883987BA}"
EndProject
Project("{2150E333-8FDC-42A3-9474-1A3956D46DE8}") = "test", "test", "{30E58617-1614-4638-B0A9-10F3175F7BCD}"
EndProject
Global
	GlobalSection(SolutionConfigurationPlatforms) = preSolution
		Debug|Any CPU = Debug|Any CPU
		Release|Any CPU = Release|Any CPU
	EndGlobalSection
	GlobalSection(ProjectConfigurationPlatforms) = postSolution
		{332D6173-8896-43D8-B8D0-2A9084B4A4A2}.Debug|Any CPU.ActiveCfg = Debug|Any CPU
		{332D6173-8896-43D8-B8D0-2A9084B4A4A2}.Debug|Any CPU.Build.0 = Debug|Any CPU
		{332D6173-8896-43D8-B8D0-2A9084B4A4A2}.Release|Any CPU.ActiveCfg = Release|Any CPU
		{332D6173-8896-43D8-B8D0-2A9084B4A4A2}.Release|Any CPU.Build.0 = Release|Any CPU
		{2DD1EFE0-4D73-4704-AAF6-406BCCE1C025}.Debug|Any CPU.ActiveCfg = Debug|Any CPU
		{2DD1EFE0-4D73-4704-AAF6-406BCCE1C025}.Debug|Any CPU.Build.0 = Debug|Any CPU
		{2DD1EFE0-4D73-4704-AAF6-406BCCE1C025}.Release|Any CPU.ActiveCfg = Release|Any CPU
		{2DD1EFE0-4D73-4704-AAF6-406BCCE1C025}.Release|Any CPU.Build.0 = Release|Any CPU
		{A234E939-97CF-45D4-852E-3CFE76A6FEF1}.Debug|Any CPU.ActiveCfg = Debug|Any CPU
		{A234E939-97CF-45D4-852E-3CFE76A6FEF1}.Debug|Any CPU.Build.0 = Debug|Any CPU
		{A234E939-97CF-45D4-852E-3CFE76A6FEF1}.Release|Any CPU.ActiveCfg = Release|Any CPU
		{A234E939-97CF-45D4-852E-3CFE76A6FEF1}.Release|Any CPU.Build.0 = Release|Any CPU
		{9D6942E8-CFF8-4BBA-9877-18DCE25FD20B}.Debug|Any CPU.ActiveCfg = Debug|Any CPU
		{9D6942E8-CFF8-4BBA-9877-18DCE25FD20B}.Debug|Any CPU.Build.0 = Debug|Any CPU
		{9D6942E8-CFF8-4BBA-9877-18DCE25FD20B}.Release|Any CPU.ActiveCfg = Release|Any CPU
		{9D6942E8-CFF8-4BBA-9877-18DCE25FD20B}.Release|Any CPU.Build.0 = Release|Any CPU
		{C03B064E-ED3B-4540-A5F9-7CAF3AE46AEC}.Debug|Any CPU.ActiveCfg = Debug|Any CPU
		{C03B064E-ED3B-4540-A5F9-7CAF3AE46AEC}.Debug|Any CPU.Build.0 = Debug|Any CPU
		{C03B064E-ED3B-4540-A5F9-7CAF3AE46AEC}.Release|Any CPU.ActiveCfg = Release|Any CPU
		{C03B064E-ED3B-4540-A5F9-7CAF3AE46AEC}.Release|Any CPU.Build.0 = Release|Any CPU
	EndGlobalSection
	GlobalSection(SolutionProperties) = preSolution
		HideSolutionNode = FALSE
	EndGlobalSection
	GlobalSection(NestedProjects) = preSolution
		{332D6173-8896-43D8-B8D0-2A9084B4A4A2} = {DCA62299-017E-478F-9708-5C8E883987BA}
		{2DD1EFE0-4D73-4704-AAF6-406BCCE1C025} = {DCA62299-017E-478F-9708-5C8E883987BA}
		{A234E939-97CF-45D4-852E-3CFE76A6FEF1} = {DCA62299-017E-478F-9708-5C8E883987BA}
		{9D6942E8-CFF8-4BBA-9877-18DCE25FD20B} = {DCA62299-017E-478F-9708-5C8E883987BA}
		{C03B064E-ED3B-4540-A5F9-7CAF3AE46AEC} = {DCA62299-017E-478F-9708-5C8E883987BA}
	EndGlobalSection
	GlobalSection(ExtensibilityGlobals) = postSolution
		SolutionGuid = {AA6E8E23-8AB6-4AB6-9B31-494CB7CE5E63}
	EndGlobalSection
EndGlobal
