
Microsoft Visual Studio Solution File, Format Version 12.00
# Visual Studio Version 16
VisualStudioVersion = 16.0.29911.84
MinimumVisualStudioVersion = 10.0.40219.1
Project("{2150E333-8FDC-42A3-9474-1A3956D46DE8}") = "src", "src", "{ADA20E4E-4E5F-4407-8869-A767A55A260A}"
EndProject
Project("{2150E333-8FDC-42A3-9474-1A3956D46DE8}") = "test", "test", "{7F32FDDE-BEC4-4BD4-B657-F8B6ACED8F09}"
EndProject
Project("{9A19103F-16F7-4668-BE54-9A1E7A4F7556}") = "KissU.Modules.FeatureManagement.Domain.Shared", "src\KissU.Modules.FeatureManagement.Domain.Shared\KissU.Modules.FeatureManagement.Domain.Shared.csproj", "{3B0FA7BD-F1EE-4E9E-80B4-0AEDCE8B7C39}"
EndProject
Project("{9A19103F-16F7-4668-BE54-9A1E7A4F7556}") = "KissU.Modules.FeatureManagement.Domain", "src\KissU.Modules.FeatureManagement.Domain\KissU.Modules.FeatureManagement.Domain.csproj", "{69A13E24-A6A2-404A-B617-BF9239CF153E}"
EndProject
Project("{9A19103F-16F7-4668-BE54-9A1E7A4F7556}") = "KissU.Modules.FeatureManagement.EntityFrameworkCore", "src\KissU.Modules.FeatureManagement.EntityFrameworkCore\KissU.Modules.FeatureManagement.EntityFrameworkCore.csproj", "{4385A4B5-8396-44F6-B394-2259CA827659}"
EndProject
Project("{9A19103F-16F7-4668-BE54-9A1E7A4F7556}") = "KissU.Modules.FeatureManagement.MongoDB", "src\KissU.Modules.FeatureManagement.MongoDB\KissU.Modules.FeatureManagement.MongoDB.csproj", "{4FE681D7-E36F-4AB7-BEF3-2519ED94EF51}"
EndProject
Project("{9A19103F-16F7-4668-BE54-9A1E7A4F7556}") = "KissU.Modules.FeatureManagement.Application.Contracts", "src\KissU.Modules.FeatureManagement.Application.Contracts\KissU.Modules.FeatureManagement.Application.Contracts.csproj", "{68CCC19F-5269-4F3B-82BF-57FB3658E8DF}"
EndProject
Project("{9A19103F-16F7-4668-BE54-9A1E7A4F7556}") = "KissU.Modules.FeatureManagement.Application", "src\KissU.Modules.FeatureManagement.Application\KissU.Modules.FeatureManagement.Application.csproj", "{0B249D19-252E-4E9D-A03A-E5582BADF5B3}"
EndProject
Project("{9A19103F-16F7-4668-BE54-9A1E7A4F7556}") = "KissU.Modules.FeatureManagement.DbMigrations", "src\KissU.Modules.FeatureManagement.DbMigrations\KissU.Modules.FeatureManagement.DbMigrations.csproj", "{A36391DB-6C73-4185-885D-6681AF5EE30A}"
EndProject
Project("{9A19103F-16F7-4668-BE54-9A1E7A4F7556}") = "KissU.Modules.FeatureManagement.DbMigrator", "src\KissU.Modules.FeatureManagement.DbMigrator\KissU.Modules.FeatureManagement.DbMigrator.csproj", "{D55EBFD7-B3ED-4DC9-B3EA-FDC4196EC81A}"
EndProject
Project("{9A19103F-16F7-4668-BE54-9A1E7A4F7556}") = "KissU.Modules.FeatureManagement.Service", "src\KissU.Modules.FeatureManagement.Service\KissU.Modules.FeatureManagement.Service.csproj", "{5EA4C6D1-BE44-465E-9257-BF328CFB21DC}"
EndProject
Project("{9A19103F-16F7-4668-BE54-9A1E7A4F7556}") = "KissU.Modules.FeatureManagement.Service.Contracts", "src\KissU.Modules.FeatureManagement.Service.Contracts\KissU.Modules.FeatureManagement.Service.Contracts.csproj", "{B14A3458-EC5E-44C8-9EDE-F727C017A172}"
EndProject
Global
	GlobalSection(SolutionConfigurationPlatforms) = preSolution
		Debug|Any CPU = Debug|Any CPU
		Release|Any CPU = Release|Any CPU
	EndGlobalSection
	GlobalSection(ProjectConfigurationPlatforms) = postSolution
		{3B0FA7BD-F1EE-4E9E-80B4-0AEDCE8B7C39}.Debug|Any CPU.ActiveCfg = Debug|Any CPU
		{3B0FA7BD-F1EE-4E9E-80B4-0AEDCE8B7C39}.Debug|Any CPU.Build.0 = Debug|Any CPU
		{3B0FA7BD-F1EE-4E9E-80B4-0AEDCE8B7C39}.Release|Any CPU.ActiveCfg = Release|Any CPU
		{3B0FA7BD-F1EE-4E9E-80B4-0AEDCE8B7C39}.Release|Any CPU.Build.0 = Release|Any CPU
		{69A13E24-A6A2-404A-B617-BF9239CF153E}.Debug|Any CPU.ActiveCfg = Debug|Any CPU
		{69A13E24-A6A2-404A-B617-BF9239CF153E}.Debug|Any CPU.Build.0 = Debug|Any CPU
		{69A13E24-A6A2-404A-B617-BF9239CF153E}.Release|Any CPU.ActiveCfg = Release|Any CPU
		{69A13E24-A6A2-404A-B617-BF9239CF153E}.Release|Any CPU.Build.0 = Release|Any CPU
		{4385A4B5-8396-44F6-B394-2259CA827659}.Debug|Any CPU.ActiveCfg = Debug|Any CPU
		{4385A4B5-8396-44F6-B394-2259CA827659}.Debug|Any CPU.Build.0 = Debug|Any CPU
		{4385A4B5-8396-44F6-B394-2259CA827659}.Release|Any CPU.ActiveCfg = Release|Any CPU
		{4385A4B5-8396-44F6-B394-2259CA827659}.Release|Any CPU.Build.0 = Release|Any CPU
		{4FE681D7-E36F-4AB7-BEF3-2519ED94EF51}.Debug|Any CPU.ActiveCfg = Debug|Any CPU
		{4FE681D7-E36F-4AB7-BEF3-2519ED94EF51}.Debug|Any CPU.Build.0 = Debug|Any CPU
		{4FE681D7-E36F-4AB7-BEF3-2519ED94EF51}.Release|Any CPU.ActiveCfg = Release|Any CPU
		{4FE681D7-E36F-4AB7-BEF3-2519ED94EF51}.Release|Any CPU.Build.0 = Release|Any CPU
		{68CCC19F-5269-4F3B-82BF-57FB3658E8DF}.Debug|Any CPU.ActiveCfg = Debug|Any CPU
		{68CCC19F-5269-4F3B-82BF-57FB3658E8DF}.Debug|Any CPU.Build.0 = Debug|Any CPU
		{68CCC19F-5269-4F3B-82BF-57FB3658E8DF}.Release|Any CPU.ActiveCfg = Release|Any CPU
		{68CCC19F-5269-4F3B-82BF-57FB3658E8DF}.Release|Any CPU.Build.0 = Release|Any CPU
		{0B249D19-252E-4E9D-A03A-E5582BADF5B3}.Debug|Any CPU.ActiveCfg = Debug|Any CPU
		{0B249D19-252E-4E9D-A03A-E5582BADF5B3}.Debug|Any CPU.Build.0 = Debug|Any CPU
		{0B249D19-252E-4E9D-A03A-E5582BADF5B3}.Release|Any CPU.ActiveCfg = Release|Any CPU
		{0B249D19-252E-4E9D-A03A-E5582BADF5B3}.Release|Any CPU.Build.0 = Release|Any CPU
		{A36391DB-6C73-4185-885D-6681AF5EE30A}.Debug|Any CPU.ActiveCfg = Debug|Any CPU
		{A36391DB-6C73-4185-885D-6681AF5EE30A}.Debug|Any CPU.Build.0 = Debug|Any CPU
		{A36391DB-6C73-4185-885D-6681AF5EE30A}.Release|Any CPU.ActiveCfg = Release|Any CPU
		{A36391DB-6C73-4185-885D-6681AF5EE30A}.Release|Any CPU.Build.0 = Release|Any CPU
		{D55EBFD7-B3ED-4DC9-B3EA-FDC4196EC81A}.Debug|Any CPU.ActiveCfg = Debug|Any CPU
		{D55EBFD7-B3ED-4DC9-B3EA-FDC4196EC81A}.Debug|Any CPU.Build.0 = Debug|Any CPU
		{D55EBFD7-B3ED-4DC9-B3EA-FDC4196EC81A}.Release|Any CPU.ActiveCfg = Release|Any CPU
		{D55EBFD7-B3ED-4DC9-B3EA-FDC4196EC81A}.Release|Any CPU.Build.0 = Release|Any CPU
		{5EA4C6D1-BE44-465E-9257-BF328CFB21DC}.Debug|Any CPU.ActiveCfg = Debug|Any CPU
		{5EA4C6D1-BE44-465E-9257-BF328CFB21DC}.Debug|Any CPU.Build.0 = Debug|Any CPU
		{5EA4C6D1-BE44-465E-9257-BF328CFB21DC}.Release|Any CPU.ActiveCfg = Release|Any CPU
		{5EA4C6D1-BE44-465E-9257-BF328CFB21DC}.Release|Any CPU.Build.0 = Release|Any CPU
		{B14A3458-EC5E-44C8-9EDE-F727C017A172}.Debug|Any CPU.ActiveCfg = Debug|Any CPU
		{B14A3458-EC5E-44C8-9EDE-F727C017A172}.Debug|Any CPU.Build.0 = Debug|Any CPU
		{B14A3458-EC5E-44C8-9EDE-F727C017A172}.Release|Any CPU.ActiveCfg = Release|Any CPU
		{B14A3458-EC5E-44C8-9EDE-F727C017A172}.Release|Any CPU.Build.0 = Release|Any CPU
	EndGlobalSection
	GlobalSection(SolutionProperties) = preSolution
		HideSolutionNode = FALSE
	EndGlobalSection
	GlobalSection(NestedProjects) = preSolution
		{3B0FA7BD-F1EE-4E9E-80B4-0AEDCE8B7C39} = {ADA20E4E-4E5F-4407-8869-A767A55A260A}
		{69A13E24-A6A2-404A-B617-BF9239CF153E} = {ADA20E4E-4E5F-4407-8869-A767A55A260A}
		{4385A4B5-8396-44F6-B394-2259CA827659} = {ADA20E4E-4E5F-4407-8869-A767A55A260A}
		{4FE681D7-E36F-4AB7-BEF3-2519ED94EF51} = {ADA20E4E-4E5F-4407-8869-A767A55A260A}
		{68CCC19F-5269-4F3B-82BF-57FB3658E8DF} = {ADA20E4E-4E5F-4407-8869-A767A55A260A}
		{0B249D19-252E-4E9D-A03A-E5582BADF5B3} = {ADA20E4E-4E5F-4407-8869-A767A55A260A}
		{A36391DB-6C73-4185-885D-6681AF5EE30A} = {ADA20E4E-4E5F-4407-8869-A767A55A260A}
		{D55EBFD7-B3ED-4DC9-B3EA-FDC4196EC81A} = {ADA20E4E-4E5F-4407-8869-A767A55A260A}
		{5EA4C6D1-BE44-465E-9257-BF328CFB21DC} = {ADA20E4E-4E5F-4407-8869-A767A55A260A}
		{B14A3458-EC5E-44C8-9EDE-F727C017A172} = {ADA20E4E-4E5F-4407-8869-A767A55A260A}
	EndGlobalSection
	GlobalSection(ExtensibilityGlobals) = postSolution
		SolutionGuid = {AA6E8E23-8AB6-4AB6-9B31-494CB7CE5E63}
	EndGlobalSection
EndGlobal
