
Microsoft Visual Studio Solution File, Format Version 12.00
# Visual Studio Version 16
VisualStudioVersion = 16.0.29911.84
MinimumVisualStudioVersion = 10.0.40219.1
Project("{2150E333-8FDC-42A3-9474-1A3956D46DE8}") = "src", "src", "{F21249E2-FFEF-4FEE-9950-A84199AE6BAE}"
EndProject
Project("{2150E333-8FDC-42A3-9474-1A3956D46DE8}") = "test", "test", "{3F56C75A-1DDE-489C-87D8-FC85E47B0064}"
EndProject
Project("{9A19103F-16F7-4668-BE54-9A1E7A4F7556}") = "KissU.Modules.Configuration.Application.Contracts", "src\KissU.Modules.Configuration.Application.Contracts\KissU.Modules.Configuration.Application.Contracts.csproj", "{DEFE344E-A2B6-463B-9AC3-DE02ED43CD67}"
EndProject
Project("{9A19103F-16F7-4668-BE54-9A1E7A4F7556}") = "KissU.Modules.Configuration.Application", "src\KissU.Modules.Configuration.Application\KissU.Modules.Configuration.Application.csproj", "{F46879C2-8F65-416B-B0F3-63D50A910FCD}"
EndProject
Project("{9A19103F-16F7-4668-BE54-9A1E7A4F7556}") = "KissU.Modules.Configuration.Service", "src\KissU.Modules.Configuration.Service\KissU.Modules.Configuration.Service.csproj", "{B4EF2684-B610-4170-996F-037C938D1B3F}"
EndProject
Project("{9A19103F-16F7-4668-BE54-9A1E7A4F7556}") = "KissU.Modules.Configuration.Service.Contracts", "src\KissU.Modules.Configuration.Service.Contracts\KissU.Modules.Configuration.Service.Contracts.csproj", "{B7D65EF3-CBF3-4F26-8F14-17109764217D}"
EndProject
Global
	GlobalSection(SolutionConfigurationPlatforms) = preSolution
		Debug|Any CPU = Debug|Any CPU
		Release|Any CPU = Release|Any CPU
	EndGlobalSection
	GlobalSection(ProjectConfigurationPlatforms) = postSolution
		{DEFE344E-A2B6-463B-9AC3-DE02ED43CD67}.Debug|Any CPU.ActiveCfg = Debug|Any CPU
		{DEFE344E-A2B6-463B-9AC3-DE02ED43CD67}.Debug|Any CPU.Build.0 = Debug|Any CPU
		{DEFE344E-A2B6-463B-9AC3-DE02ED43CD67}.Release|Any CPU.ActiveCfg = Release|Any CPU
		{DEFE344E-A2B6-463B-9AC3-DE02ED43CD67}.Release|Any CPU.Build.0 = Release|Any CPU
		{F46879C2-8F65-416B-B0F3-63D50A910FCD}.Debug|Any CPU.ActiveCfg = Debug|Any CPU
		{F46879C2-8F65-416B-B0F3-63D50A910FCD}.Debug|Any CPU.Build.0 = Debug|Any CPU
		{F46879C2-8F65-416B-B0F3-63D50A910FCD}.Release|Any CPU.ActiveCfg = Release|Any CPU
		{F46879C2-8F65-416B-B0F3-63D50A910FCD}.Release|Any CPU.Build.0 = Release|Any CPU
		{B4EF2684-B610-4170-996F-037C938D1B3F}.Debug|Any CPU.ActiveCfg = Debug|Any CPU
		{B4EF2684-B610-4170-996F-037C938D1B3F}.Debug|Any CPU.Build.0 = Debug|Any CPU
		{B4EF2684-B610-4170-996F-037C938D1B3F}.Release|Any CPU.ActiveCfg = Release|Any CPU
		{B4EF2684-B610-4170-996F-037C938D1B3F}.Release|Any CPU.Build.0 = Release|Any CPU
		{B7D65EF3-CBF3-4F26-8F14-17109764217D}.Debug|Any CPU.ActiveCfg = Debug|Any CPU
		{B7D65EF3-CBF3-4F26-8F14-17109764217D}.Debug|Any CPU.Build.0 = Debug|Any CPU
		{B7D65EF3-CBF3-4F26-8F14-17109764217D}.Release|Any CPU.ActiveCfg = Release|Any CPU
		{B7D65EF3-CBF3-4F26-8F14-17109764217D}.Release|Any CPU.Build.0 = Release|Any CPU
	EndGlobalSection
	GlobalSection(SolutionProperties) = preSolution
		HideSolutionNode = FALSE
	EndGlobalSection
	GlobalSection(NestedProjects) = preSolution
		{DEFE344E-A2B6-463B-9AC3-DE02ED43CD67} = {F21249E2-FFEF-4FEE-9950-A84199AE6BAE}
		{F46879C2-8F65-416B-B0F3-63D50A910FCD} = {F21249E2-FFEF-4FEE-9950-A84199AE6BAE}
		{B4EF2684-B610-4170-996F-037C938D1B3F} = {F21249E2-FFEF-4FEE-9950-A84199AE6BAE}
		{B7D65EF3-CBF3-4F26-8F14-17109764217D} = {F21249E2-FFEF-4FEE-9950-A84199AE6BAE}
	EndGlobalSection
	GlobalSection(ExtensibilityGlobals) = postSolution
		SolutionGuid = {AA6E8E23-8AB6-4AB6-9B31-494CB7CE5E63}
	EndGlobalSection
EndGlobal
