
Microsoft Visual Studio Solution File, Format Version 12.00
# Visual Studio Version 16
VisualStudioVersion = 16.0.29911.84
MinimumVisualStudioVersion = 10.0.40219.1
Project("{2150E333-8FDC-42A3-9474-1A3956D46DE8}") = "src", "src", "{3FED7E08-D281-419B-964C-B7107D9378CE}"
EndProject
Project("{2150E333-8FDC-42A3-9474-1A3956D46DE8}") = "test", "test", "{1EE85D9F-3EBC-455F-BD5C-20D11BBC31B6}"
EndProject
Project("{9A19103F-16F7-4668-BE54-9A1E7A4F7556}") = "KissU.Modules.IdentityServer.Domain.Shared", "src\KissU.Modules.IdentityServer.Domain.Shared\KissU.Modules.IdentityServer.Domain.Shared.csproj", "{C269D43C-FF3F-4875-8AA7-65F968359912}"
EndProject
Project("{9A19103F-16F7-4668-BE54-9A1E7A4F7556}") = "KissU.Modules.IdentityServer.Domain", "src\KissU.Modules.IdentityServer.Domain\KissU.Modules.IdentityServer.Domain.csproj", "{FAA1563B-E409-459C-A7DA-20794C2F1589}"
EndProject
Project("{9A19103F-16F7-4668-BE54-9A1E7A4F7556}") = "KissU.Modules.IdentityServer.EntityFrameworkCore", "src\KissU.Modules.IdentityServer.EntityFrameworkCore\KissU.Modules.IdentityServer.EntityFrameworkCore.csproj", "{013F67DC-11D6-4A5F-9F3F-8C52FE73816A}"
EndProject
Project("{9A19103F-16F7-4668-BE54-9A1E7A4F7556}") = "KissU.Modules.IdentityServer.MongoDB", "src\KissU.Modules.IdentityServer.MongoDB\KissU.Modules.IdentityServer.MongoDB.csproj", "{452AEBEC-E9E8-4150-90C7-ADE9799870BE}"
EndProject
Project("{9A19103F-16F7-4668-BE54-9A1E7A4F7556}") = "KissU.Modules.IdentityServer.DbMigrations", "src\KissU.Modules.IdentityServer.DbMigrations\KissU.Modules.IdentityServer.DbMigrations.csproj", "{A72FCDB6-7E6B-46E4-9478-F62FF788F722}"
EndProject
Project("{9A19103F-16F7-4668-BE54-9A1E7A4F7556}") = "KissU.Modules.IdentityServer.DbMigrator", "src\KissU.Modules.IdentityServer.DbMigrator\KissU.Modules.IdentityServer.DbMigrator.csproj", "{26D9CEAF-B24C-48F6-B4B8-12463930FF88}"
EndProject
Global
	GlobalSection(SolutionConfigurationPlatforms) = preSolution
		Debug|Any CPU = Debug|Any CPU
		Release|Any CPU = Release|Any CPU
	EndGlobalSection
	GlobalSection(ProjectConfigurationPlatforms) = postSolution
		{C269D43C-FF3F-4875-8AA7-65F968359912}.Debug|Any CPU.ActiveCfg = Debug|Any CPU
		{C269D43C-FF3F-4875-8AA7-65F968359912}.Debug|Any CPU.Build.0 = Debug|Any CPU
		{C269D43C-FF3F-4875-8AA7-65F968359912}.Release|Any CPU.ActiveCfg = Release|Any CPU
		{C269D43C-FF3F-4875-8AA7-65F968359912}.Release|Any CPU.Build.0 = Release|Any CPU
		{FAA1563B-E409-459C-A7DA-20794C2F1589}.Debug|Any CPU.ActiveCfg = Debug|Any CPU
		{FAA1563B-E409-459C-A7DA-20794C2F1589}.Debug|Any CPU.Build.0 = Debug|Any CPU
		{FAA1563B-E409-459C-A7DA-20794C2F1589}.Release|Any CPU.ActiveCfg = Release|Any CPU
		{FAA1563B-E409-459C-A7DA-20794C2F1589}.Release|Any CPU.Build.0 = Release|Any CPU
		{013F67DC-11D6-4A5F-9F3F-8C52FE73816A}.Debug|Any CPU.ActiveCfg = Debug|Any CPU
		{013F67DC-11D6-4A5F-9F3F-8C52FE73816A}.Debug|Any CPU.Build.0 = Debug|Any CPU
		{013F67DC-11D6-4A5F-9F3F-8C52FE73816A}.Release|Any CPU.ActiveCfg = Release|Any CPU
		{013F67DC-11D6-4A5F-9F3F-8C52FE73816A}.Release|Any CPU.Build.0 = Release|Any CPU
		{452AEBEC-E9E8-4150-90C7-ADE9799870BE}.Debug|Any CPU.ActiveCfg = Debug|Any CPU
		{452AEBEC-E9E8-4150-90C7-ADE9799870BE}.Debug|Any CPU.Build.0 = Debug|Any CPU
		{452AEBEC-E9E8-4150-90C7-ADE9799870BE}.Release|Any CPU.ActiveCfg = Release|Any CPU
		{452AEBEC-E9E8-4150-90C7-ADE9799870BE}.Release|Any CPU.Build.0 = Release|Any CPU
		{A72FCDB6-7E6B-46E4-9478-F62FF788F722}.Debug|Any CPU.ActiveCfg = Debug|Any CPU
		{A72FCDB6-7E6B-46E4-9478-F62FF788F722}.Debug|Any CPU.Build.0 = Debug|Any CPU
		{A72FCDB6-7E6B-46E4-9478-F62FF788F722}.Release|Any CPU.ActiveCfg = Release|Any CPU
		{A72FCDB6-7E6B-46E4-9478-F62FF788F722}.Release|Any CPU.Build.0 = Release|Any CPU
		{26D9CEAF-B24C-48F6-B4B8-12463930FF88}.Debug|Any CPU.ActiveCfg = Debug|Any CPU
		{26D9CEAF-B24C-48F6-B4B8-12463930FF88}.Debug|Any CPU.Build.0 = Debug|Any CPU
		{26D9CEAF-B24C-48F6-B4B8-12463930FF88}.Release|Any CPU.ActiveCfg = Release|Any CPU
		{26D9CEAF-B24C-48F6-B4B8-12463930FF88}.Release|Any CPU.Build.0 = Release|Any CPU
	EndGlobalSection
	GlobalSection(SolutionProperties) = preSolution
		HideSolutionNode = FALSE
	EndGlobalSection
	GlobalSection(NestedProjects) = preSolution
		{C269D43C-FF3F-4875-8AA7-65F968359912} = {3FED7E08-D281-419B-964C-B7107D9378CE}
		{FAA1563B-E409-459C-A7DA-20794C2F1589} = {3FED7E08-D281-419B-964C-B7107D9378CE}
		{013F67DC-11D6-4A5F-9F3F-8C52FE73816A} = {3FED7E08-D281-419B-964C-B7107D9378CE}
		{452AEBEC-E9E8-4150-90C7-ADE9799870BE} = {3FED7E08-D281-419B-964C-B7107D9378CE}
		{A72FCDB6-7E6B-46E4-9478-F62FF788F722} = {3FED7E08-D281-419B-964C-B7107D9378CE}
		{26D9CEAF-B24C-48F6-B4B8-12463930FF88} = {3FED7E08-D281-419B-964C-B7107D9378CE}
	EndGlobalSection
	GlobalSection(ExtensibilityGlobals) = postSolution
		SolutionGuid = {AA6E8E23-8AB6-4AB6-9B31-494CB7CE5E63}
	EndGlobalSection
EndGlobal
